// !$*UTF8*$!
{
	archiveVersion = 1;
	classes = {
	};
	objectVersion = 45;
	objects = {

/* Begin PBXBuildFile section */
		1D3623260D0F684500981E51 /* EatWatchAppDelegate.m in Sources */ = {isa = PBXBuildFile; fileRef = 1D3623250D0F684500981E51 /* EatWatchAppDelegate.m */; };
		1D3623EC0D0F72F000981E51 /* CoreGraphics.framework in Frameworks */ = {isa = PBXBuildFile; fileRef = 1D3623EB0D0F72F000981E51 /* CoreGraphics.framework */; };
		1D60589B0D05DD56006BFB54 /* main.m in Sources */ = {isa = PBXBuildFile; fileRef = 29B97316FDCFA39411CA2CEA /* main.m */; };
		1D60589F0D05DD5A006BFB54 /* Foundation.framework in Frameworks */ = {isa = PBXBuildFile; fileRef = 1D30AB110D05D00D00671497 /* Foundation.framework */; };
		1DF5F4E00D08C38300B7A737 /* UIKit.framework in Frameworks */ = {isa = PBXBuildFile; fileRef = 1DF5F4DF0D08C38300B7A737 /* UIKit.framework */; };
		BC0211F70DC15D9800BA97BB /* NewDatabaseViewController.m in Sources */ = {isa = PBXBuildFile; fileRef = BC0211F60DC15D9800BA97BB /* NewDatabaseViewController.m */; };
		BC0212EC0DC1784F00BA97BB /* UnitConvertViewController.m in Sources */ = {isa = PBXBuildFile; fileRef = BC0212EB0DC1784F00BA97BB /* UnitConvertViewController.m */; };
		BC02138E0DC18F3E00BA97BB /* DataViewController.m in Sources */ = {isa = PBXBuildFile; fileRef = BC02138D0DC18F3E00BA97BB /* DataViewController.m */; };
		BC1F83B90DB150B800DA88E6 /* EWDate.m in Sources */ = {isa = PBXBuildFile; fileRef = BC1F83B80DB150B800DA88E6 /* EWDate.m */; };
		BC263C2F0DB56AE9007D03F4 /* Root.plist in CopyFiles */ = {isa = PBXBuildFile; fileRef = BC263C2B0DB56A69007D03F4 /* Root.plist */; };
		BC263C370DB56B9D007D03F4 /* Root.strings in Resources */ = {isa = PBXBuildFile; fileRef = BC263C360DB56B9D007D03F4 /* Root.strings */; };
		BC263C380DB56BA5007D03F4 /* Root.strings in CopyFiles */ = {isa = PBXBuildFile; fileRef = BC263C360DB56B9D007D03F4 /* Root.strings */; };
		BC263E830DB6665E007D03F4 /* GraphView.m in Sources */ = {isa = PBXBuildFile; fileRef = BC263E820DB6665E007D03F4 /* GraphView.m */; };
		BC56D0A30D8C6B96008D939B /* EWWeightLogDataSource.m in Sources */ = {isa = PBXBuildFile; fileRef = BC56D0A20D8C6B96008D939B /* EWWeightLogDataSource.m */; };
		BC5CCFCB0D9F850A00B88515 /* LogEntryViewController.m in Sources */ = {isa = PBXBuildFile; fileRef = BC5CCFCA0D9F850A00B88515 /* LogEntryViewController.m */; };
		BC69B48B0DB86D1300E4A333 /* SlopeComputer.m in Sources */ = {isa = PBXBuildFile; fileRef = BC69B48A0DB86D1300E4A333 /* SlopeComputer.m */; };
		BC8272DD0D9EAF8900A24663 /* LogTableViewCell.m in Sources */ = {isa = PBXBuildFile; fileRef = BC8272DC0D9EAF8900A24663 /* LogTableViewCell.m */; };
		BC9BDE990DA9CB550004E70C /* MonthData.m in Sources */ = {isa = PBXBuildFile; fileRef = BC9BDE980DA9CB550004E70C /* MonthData.m */; };
		BC9BDED10DA9D53F0004E70C /* WeightData.db in Resources */ = {isa = PBXBuildFile; fileRef = BC9BDED00DA9D53F0004E70C /* WeightData.db */; };
		BC9BDEE20DA9D8610004E70C /* Database.m in Sources */ = {isa = PBXBuildFile; fileRef = BC9BDEE10DA9D8610004E70C /* Database.m */; };
		BC9BDF350DA9E3190004E70C /* libsqlite3.0.dylib in Frameworks */ = {isa = PBXBuildFile; fileRef = BC9BDF340DA9E3190004E70C /* libsqlite3.0.dylib */; };
		BCA7D0B60D9DF88200C6B7D9 /* LogViewController.m in Sources */ = {isa = PBXBuildFile; fileRef = BCA7D0B50D9DF88200C6B7D9 /* LogViewController.m */; };
		BCA7D0B90D9DF8D700C6B7D9 /* GraphViewController.m in Sources */ = {isa = PBXBuildFile; fileRef = BCA7D0B80D9DF8D700C6B7D9 /* GraphViewController.m */; };
		BCA7D0BD0D9DF90C00C6B7D9 /* TrendViewController.m in Sources */ = {isa = PBXBuildFile; fileRef = BCA7D0BC0D9DF90C00C6B7D9 /* TrendViewController.m */; };
		BCD44A1F0DBAFC880009A8EC /* Debug.plist in CopyFiles */ = {isa = PBXBuildFile; fileRef = BCD44A1D0DBAFC760009A8EC /* Debug.plist */; };
/* End PBXBuildFile section */

/* Begin PBXCopyFilesBuildPhase section */
		BC263C330DB56AF9007D03F4 /* CopyFiles */ = {
			isa = PBXCopyFilesBuildPhase;
			buildActionMask = 2147483647;
			dstPath = Settings.bundle;
			dstSubfolderSpec = 1;
			files = (
				BC263C2F0DB56AE9007D03F4 /* Root.plist in CopyFiles */,
				BCD44A1F0DBAFC880009A8EC /* Debug.plist in CopyFiles */,
			);
			runOnlyForDeploymentPostprocessing = 0;
		};
		BC263C650DB57671007D03F4 /* CopyFiles */ = {
			isa = PBXCopyFilesBuildPhase;
			buildActionMask = 2147483647;
			dstPath = Settings.bundle/en.lproj;
			dstSubfolderSpec = 1;
			files = (
				BC263C380DB56BA5007D03F4 /* Root.strings in CopyFiles */,
			);
			runOnlyForDeploymentPostprocessing = 0;
		};
/* End PBXCopyFilesBuildPhase section */

/* Begin PBXFileReference section */
		1D30AB110D05D00D00671497 /* Foundation.framework */ = {isa = PBXFileReference; lastKnownFileType = wrapper.framework; name = Foundation.framework; path = System/Library/Frameworks/Foundation.framework; sourceTree = SDKROOT; };
		1D3623240D0F684500981E51 /* EatWatchAppDelegate.h */ = {isa = PBXFileReference; fileEncoding = 4; lastKnownFileType = sourcecode.c.h; path = EatWatchAppDelegate.h; sourceTree = "<group>"; };
		1D3623250D0F684500981E51 /* EatWatchAppDelegate.m */ = {isa = PBXFileReference; fileEncoding = 4; lastKnownFileType = sourcecode.c.objc; path = EatWatchAppDelegate.m; sourceTree = "<group>"; };
		1D3623EB0D0F72F000981E51 /* CoreGraphics.framework */ = {isa = PBXFileReference; lastKnownFileType = wrapper.framework; name = CoreGraphics.framework; path = System/Library/Frameworks/CoreGraphics.framework; sourceTree = SDKROOT; };
		1D6058910D05DD3D006BFB54 /* EatWatch.app */ = {isa = PBXFileReference; explicitFileType = wrapper.application; includeInIndex = 0; path = EatWatch.app; sourceTree = BUILT_PRODUCTS_DIR; };
		1DF5F4DF0D08C38300B7A737 /* UIKit.framework */ = {isa = PBXFileReference; lastKnownFileType = wrapper.framework; name = UIKit.framework; path = System/Library/Frameworks/UIKit.framework; sourceTree = SDKROOT; };
		29B97316FDCFA39411CA2CEA /* main.m */ = {isa = PBXFileReference; fileEncoding = 4; lastKnownFileType = sourcecode.c.objc; path = main.m; sourceTree = "<group>"; };
		32CA4F630368D1EE00C91783 /* EatWatch_Prefix.pch */ = {isa = PBXFileReference; fileEncoding = 4; lastKnownFileType = sourcecode.c.h; path = EatWatch_Prefix.pch; sourceTree = "<group>"; };
		8D1107310486CEB800E47090 /* Info.plist */ = {isa = PBXFileReference; fileEncoding = 4; lastKnownFileType = text.plist.xml; path = Info.plist; sourceTree = "<group>"; };
		BC0211F50DC15D9800BA97BB /* NewDatabaseViewController.h */ = {isa = PBXFileReference; fileEncoding = 4; lastKnownFileType = sourcecode.c.h; path = NewDatabaseViewController.h; sourceTree = "<group>"; };
		BC0211F60DC15D9800BA97BB /* NewDatabaseViewController.m */ = {isa = PBXFileReference; fileEncoding = 4; lastKnownFileType = sourcecode.c.objc; path = NewDatabaseViewController.m; sourceTree = "<group>"; };
		BC0212EA0DC1784F00BA97BB /* UnitConvertViewController.h */ = {isa = PBXFileReference; fileEncoding = 4; lastKnownFileType = sourcecode.c.h; path = UnitConvertViewController.h; sourceTree = "<group>"; };
		BC0212EB0DC1784F00BA97BB /* UnitConvertViewController.m */ = {isa = PBXFileReference; fileEncoding = 4; lastKnownFileType = sourcecode.c.objc; path = UnitConvertViewController.m; sourceTree = "<group>"; };
		BC02138C0DC18F3E00BA97BB /* DataViewController.h */ = {isa = PBXFileReference; fileEncoding = 4; lastKnownFileType = sourcecode.c.h; path = DataViewController.h; sourceTree = "<group>"; };
		BC02138D0DC18F3E00BA97BB /* DataViewController.m */ = {isa = PBXFileReference; fileEncoding = 4; lastKnownFileType = sourcecode.c.objc; path = DataViewController.m; sourceTree = "<group>"; };
		BC1F83B70DB150B800DA88E6 /* EWDate.h */ = {isa = PBXFileReference; fileEncoding = 4; lastKnownFileType = sourcecode.c.h; path = EWDate.h; sourceTree = "<group>"; };
		BC1F83B80DB150B800DA88E6 /* EWDate.m */ = {isa = PBXFileReference; fileEncoding = 4; lastKnownFileType = sourcecode.c.objc; path = EWDate.m; sourceTree = "<group>"; };
		BC263C2B0DB56A69007D03F4 /* Root.plist */ = {isa = PBXFileReference; fileEncoding = 4; lastKnownFileType = text.plist.xml; path = Root.plist; sourceTree = "<group>"; };
		BC263C360DB56B9D007D03F4 /* Root.strings */ = {isa = PBXFileReference; fileEncoding = 10; lastKnownFileType = text.plist.strings; path = Root.strings; sourceTree = "<group>"; };
		BC263E810DB6665E007D03F4 /* GraphView.h */ = {isa = PBXFileReference; fileEncoding = 4; lastKnownFileType = sourcecode.c.h; path = GraphView.h; sourceTree = "<group>"; };
		BC263E820DB6665E007D03F4 /* GraphView.m */ = {isa = PBXFileReference; fileEncoding = 4; lastKnownFileType = sourcecode.c.objc; path = GraphView.m; sourceTree = "<group>"; };
		BC56D0A10D8C6B96008D939B /* EWWeightLogDataSource.h */ = {isa = PBXFileReference; fileEncoding = 4; lastKnownFileType = sourcecode.c.h; path = EWWeightLogDataSource.h; sourceTree = "<group>"; };
		BC56D0A20D8C6B96008D939B /* EWWeightLogDataSource.m */ = {isa = PBXFileReference; fileEncoding = 4; lastKnownFileType = sourcecode.c.objc; path = EWWeightLogDataSource.m; sourceTree = "<group>"; };
		BC5CCFC90D9F850A00B88515 /* LogEntryViewController.h */ = {isa = PBXFileReference; fileEncoding = 4; lastKnownFileType = sourcecode.c.h; path = LogEntryViewController.h; sourceTree = "<group>"; };
		BC5CCFCA0D9F850A00B88515 /* LogEntryViewController.m */ = {isa = PBXFileReference; fileEncoding = 4; lastKnownFileType = sourcecode.c.objc; path = LogEntryViewController.m; sourceTree = "<group>"; };
		BC69B4890DB86D1300E4A333 /* SlopeComputer.h */ = {isa = PBXFileReference; fileEncoding = 4; lastKnownFileType = sourcecode.c.h; path = SlopeComputer.h; sourceTree = "<group>"; };
		BC69B48A0DB86D1300E4A333 /* SlopeComputer.m */ = {isa = PBXFileReference; fileEncoding = 4; lastKnownFileType = sourcecode.c.objc; path = SlopeComputer.m; sourceTree = "<group>"; };
		BC8272DB0D9EAF8900A24663 /* LogTableViewCell.h */ = {isa = PBXFileReference; fileEncoding = 4; lastKnownFileType = sourcecode.c.h; path = LogTableViewCell.h; sourceTree = "<group>"; };
		BC8272DC0D9EAF8900A24663 /* LogTableViewCell.m */ = {isa = PBXFileReference; fileEncoding = 4; lastKnownFileType = sourcecode.c.objc; path = LogTableViewCell.m; sourceTree = "<group>"; };
		BC9BDE970DA9CB550004E70C /* MonthData.h */ = {isa = PBXFileReference; fileEncoding = 4; lastKnownFileType = sourcecode.c.h; path = MonthData.h; sourceTree = "<group>"; };
		BC9BDE980DA9CB550004E70C /* MonthData.m */ = {isa = PBXFileReference; fileEncoding = 4; lastKnownFileType = sourcecode.c.objc; path = MonthData.m; sourceTree = "<group>"; };
		BC9BDEAF0DA9D19D0004E70C /* CreateEmptyDatabase.sql */ = {isa = PBXFileReference; fileEncoding = 4; lastKnownFileType = text; path = CreateEmptyDatabase.sql; sourceTree = "<group>"; };
		BC9BDED00DA9D53F0004E70C /* WeightData.db */ = {isa = PBXFileReference; lastKnownFileType = file; path = WeightData.db; sourceTree = "<group>"; };
		BC9BDEE00DA9D8610004E70C /* Database.h */ = {isa = PBXFileReference; fileEncoding = 4; lastKnownFileType = sourcecode.c.h; path = Database.h; sourceTree = "<group>"; };
		BC9BDEE10DA9D8610004E70C /* Database.m */ = {isa = PBXFileReference; fileEncoding = 4; lastKnownFileType = sourcecode.c.objc; path = Database.m; sourceTree = "<group>"; };
		BC9BDF340DA9E3190004E70C /* libsqlite3.0.dylib */ = {isa = PBXFileReference; lastKnownFileType = "compiled.mach-o.dylib"; name = libsqlite3.0.dylib; path = usr/lib/libsqlite3.0.dylib; sourceTree = SDKROOT; };
		BCA7D0B10D9DF81700C6B7D9 /* Notes.txt */ = {isa = PBXFileReference; fileEncoding = 4; lastKnownFileType = text; path = Notes.txt; sourceTree = "<group>"; wrapsLines = 1; };
		BCA7D0B40D9DF88200C6B7D9 /* LogViewController.h */ = {isa = PBXFileReference; fileEncoding = 4; lastKnownFileType = sourcecode.c.h; path = LogViewController.h; sourceTree = "<group>"; };
		BCA7D0B50D9DF88200C6B7D9 /* LogViewController.m */ = {isa = PBXFileReference; fileEncoding = 4; lastKnownFileType = sourcecode.c.objc; path = LogViewController.m; sourceTree = "<group>"; };
		BCA7D0B70D9DF8D700C6B7D9 /* GraphViewController.h */ = {isa = PBXFileReference; fileEncoding = 4; lastKnownFileType = sourcecode.c.h; path = GraphViewController.h; sourceTree = "<group>"; };
		BCA7D0B80D9DF8D700C6B7D9 /* GraphViewController.m */ = {isa = PBXFileReference; fileEncoding = 4; lastKnownFileType = sourcecode.c.objc; path = GraphViewController.m; sourceTree = "<group>"; };
		BCA7D0BB0D9DF90C00C6B7D9 /* TrendViewController.h */ = {isa = PBXFileReference; fileEncoding = 4; lastKnownFileType = sourcecode.c.h; path = TrendViewController.h; sourceTree = "<group>"; };
		BCA7D0BC0D9DF90C00C6B7D9 /* TrendViewController.m */ = {isa = PBXFileReference; fileEncoding = 4; lastKnownFileType = sourcecode.c.objc; path = TrendViewController.m; sourceTree = "<group>"; };
		BCD44A1D0DBAFC760009A8EC /* Debug.plist */ = {isa = PBXFileReference; fileEncoding = 4; lastKnownFileType = text.plist.xml; path = Debug.plist; sourceTree = "<group>"; };
/* End PBXFileReference section */

/* Begin PBXFrameworksBuildPhase section */
		1D60588F0D05DD3D006BFB54 /* Frameworks */ = {
			isa = PBXFrameworksBuildPhase;
			buildActionMask = 2147483647;
			files = (
				1D60589F0D05DD5A006BFB54 /* Foundation.framework in Frameworks */,
				1DF5F4E00D08C38300B7A737 /* UIKit.framework in Frameworks */,
				1D3623EC0D0F72F000981E51 /* CoreGraphics.framework in Frameworks */,
				BC9BDF350DA9E3190004E70C /* libsqlite3.0.dylib in Frameworks */,
			);
			runOnlyForDeploymentPostprocessing = 0;
		};
/* End PBXFrameworksBuildPhase section */

/* Begin PBXGroup section */
		080E96DDFE201D6D7F000001 /* Classes */ = {
			isa = PBXGroup;
			children = (
				BC9BDEE00DA9D8610004E70C /* Database.h */,
				BC9BDEE10DA9D8610004E70C /* Database.m */,
				BC9BDE970DA9CB550004E70C /* MonthData.h */,
				BC9BDE980DA9CB550004E70C /* MonthData.m */,
				BC8272DB0D9EAF8900A24663 /* LogTableViewCell.h */,
				BC8272DC0D9EAF8900A24663 /* LogTableViewCell.m */,
				BC56D0A10D8C6B96008D939B /* EWWeightLogDataSource.h */,
				BC56D0A20D8C6B96008D939B /* EWWeightLogDataSource.m */,
				1D3623240D0F684500981E51 /* EatWatchAppDelegate.h */,
				1D3623250D0F684500981E51 /* EatWatchAppDelegate.m */,
				BCA7D0B40D9DF88200C6B7D9 /* LogViewController.h */,
				BCA7D0B50D9DF88200C6B7D9 /* LogViewController.m */,
				BCA7D0B70D9DF8D700C6B7D9 /* GraphViewController.h */,
				BCA7D0B80D9DF8D700C6B7D9 /* GraphViewController.m */,
				BCA7D0BB0D9DF90C00C6B7D9 /* TrendViewController.h */,
				BCA7D0BC0D9DF90C00C6B7D9 /* TrendViewController.m */,
				BC5CCFC90D9F850A00B88515 /* LogEntryViewController.h */,
				BC5CCFCA0D9F850A00B88515 /* LogEntryViewController.m */,
				BC263E810DB6665E007D03F4 /* GraphView.h */,
				BC263E820DB6665E007D03F4 /* GraphView.m */,
				BC69B4890DB86D1300E4A333 /* SlopeComputer.h */,
				BC69B48A0DB86D1300E4A333 /* SlopeComputer.m */,
				BC0211F50DC15D9800BA97BB /* NewDatabaseViewController.h */,
				BC0211F60DC15D9800BA97BB /* NewDatabaseViewController.m */,
				BC0212EA0DC1784F00BA97BB /* UnitConvertViewController.h */,
				BC0212EB0DC1784F00BA97BB /* UnitConvertViewController.m */,
				BC02138C0DC18F3E00BA97BB /* DataViewController.h */,
				BC02138D0DC18F3E00BA97BB /* DataViewController.m */,
			);
			path = Classes;
			sourceTree = "<group>";
		};
		1058C7A0FEA54F0111CA2CBB /* Linked Frameworks */ = {
			isa = PBXGroup;
			children = (
				BC9BDF340DA9E3190004E70C /* libsqlite3.0.dylib */,
				1D3623EB0D0F72F000981E51 /* CoreGraphics.framework */,
				1DF5F4DF0D08C38300B7A737 /* UIKit.framework */,
				1D30AB110D05D00D00671497 /* Foundation.framework */,
			);
			name = "Linked Frameworks";
			sourceTree = "<group>";
		};
		1058C7A2FEA54F0111CA2CBB /* Other Frameworks */ = {
			isa = PBXGroup;
			children = (
			);
			name = "Other Frameworks";
			sourceTree = "<group>";
		};
		19C28FACFE9D520D11CA2CBB /* Products */ = {
			isa = PBXGroup;
			children = (
				1D6058910D05DD3D006BFB54 /* EatWatch.app */,
			);
			name = Products;
			sourceTree = "<group>";
		};
		29B97314FDCFA39411CA2CEA /* CustomTemplate */ = {
			isa = PBXGroup;
			children = (
				080E96DDFE201D6D7F000001 /* Classes */,
				29B97315FDCFA39411CA2CEA /* Other Sources */,
				29B97317FDCFA39411CA2CEA /* Resources */,
				BC263C2A0DB56A3B007D03F4 /* Settings */,
				29B97323FDCFA39411CA2CEA /* Frameworks */,
				19C28FACFE9D520D11CA2CBB /* Products */,
				BCA7D0B10D9DF81700C6B7D9 /* Notes.txt */,
			);
			name = CustomTemplate;
			sourceTree = "<group>";
		};
		29B97315FDCFA39411CA2CEA /* Other Sources */ = {
			isa = PBXGroup;
			children = (
				32CA4F630368D1EE00C91783 /* EatWatch_Prefix.pch */,
				BC1F83B70DB150B800DA88E6 /* EWDate.h */,
				BC1F83B80DB150B800DA88E6 /* EWDate.m */,
				29B97316FDCFA39411CA2CEA /* main.m */,
				BC9BDEAF0DA9D19D0004E70C /* CreateEmptyDatabase.sql */,
			);
			name = "Other Sources";
			sourceTree = "<group>";
		};
		29B97317FDCFA39411CA2CEA /* Resources */ = {
			isa = PBXGroup;
			children = (
				8D1107310486CEB800E47090 /* Info.plist */,
				BC9BDED00DA9D53F0004E70C /* WeightData.db */,
			);
			name = Resources;
			sourceTree = "<group>";
		};
		29B97323FDCFA39411CA2CEA /* Frameworks */ = {
			isa = PBXGroup;
			children = (
				1058C7A0FEA54F0111CA2CBB /* Linked Frameworks */,
				1058C7A2FEA54F0111CA2CBB /* Other Frameworks */,
			);
			name = Frameworks;
			sourceTree = "<group>";
		};
		BC263C2A0DB56A3B007D03F4 /* Settings */ = {
			isa = PBXGroup;
			children = (
				BC263C2B0DB56A69007D03F4 /* Root.plist */,
				BC263C360DB56B9D007D03F4 /* Root.strings */,
				BCD44A1D0DBAFC760009A8EC /* Debug.plist */,
			);
			path = Settings;
			sourceTree = "<group>";
		};
/* End PBXGroup section */

/* Begin PBXNativeTarget section */
		1D6058900D05DD3D006BFB54 /* EatWatch */ = {
			isa = PBXNativeTarget;
			buildConfigurationList = 1D6058960D05DD3E006BFB54 /* Build configuration list for PBXNativeTarget "EatWatch" */;
			buildPhases = (
				BC9BDEAE0DA9D16A0004E70C /* ShellScript */,
				1D60588D0D05DD3D006BFB54 /* Resources */,
				1D60588E0D05DD3D006BFB54 /* Sources */,
				1D60588F0D05DD3D006BFB54 /* Frameworks */,
				BC263C330DB56AF9007D03F4 /* CopyFiles */,
				BC263C650DB57671007D03F4 /* CopyFiles */,
			);
			buildRules = (
			);
			dependencies = (
			);
			name = EatWatch;
			productName = EatWatch;
			productReference = 1D6058910D05DD3D006BFB54 /* EatWatch.app */;
			productType = "com.apple.product-type.application";
		};
/* End PBXNativeTarget section */

/* Begin PBXProject section */
		29B97313FDCFA39411CA2CEA /* Project object */ = {
			isa = PBXProject;
			buildConfigurationList = C01FCF4E08A954540054247B /* Build configuration list for PBXProject "EatWatch" */;
			compatibilityVersion = "Xcode 3.1";
			hasScannedForEncodings = 1;
			mainGroup = 29B97314FDCFA39411CA2CEA /* CustomTemplate */;
			projectDirPath = "";
			projectRoot = "";
			targets = (
				1D6058900D05DD3D006BFB54 /* EatWatch */,
			);
		};
/* End PBXProject section */

/* Begin PBXResourcesBuildPhase section */
		1D60588D0D05DD3D006BFB54 /* Resources */ = {
			isa = PBXResourcesBuildPhase;
			buildActionMask = 2147483647;
			files = (
				BC9BDED10DA9D53F0004E70C /* WeightData.db in Resources */,
				BC263C370DB56B9D007D03F4 /* Root.strings in Resources */,
			);
			runOnlyForDeploymentPostprocessing = 0;
		};
/* End PBXResourcesBuildPhase section */

/* Begin PBXShellScriptBuildPhase section */
		BC9BDEAE0DA9D16A0004E70C /* ShellScript */ = {
			isa = PBXShellScriptBuildPhase;
			buildActionMask = 2147483647;
			files = (
			);
			inputPaths = (
				"$(SRCROOT)/CreateEmptyDatabase.sql",
			);
			outputPaths = (
				"$(SRCROOT)/WeightData.db",
			);
			runOnlyForDeploymentPostprocessing = 0;
			shellPath = /bin/sh;
			shellScript = "DATABASE_FILE=$SRCROOT/WeightData.db\n\nif [ -e $DATABASE_FILE ]; then rm $DATABASE_FILE; fi\nsqlite3 -init $SRCROOT/CreateEmptyDatabase.sql $DATABASE_FILE\nexit $?\n";
			showEnvVarsInLog = 0;
		};
/* End PBXShellScriptBuildPhase section */

/* Begin PBXSourcesBuildPhase section */
		1D60588E0D05DD3D006BFB54 /* Sources */ = {
			isa = PBXSourcesBuildPhase;
			buildActionMask = 2147483647;
			files = (
				1D60589B0D05DD56006BFB54 /* main.m in Sources */,
				1D3623260D0F684500981E51 /* EatWatchAppDelegate.m in Sources */,
				BC56D0A30D8C6B96008D939B /* EWWeightLogDataSource.m in Sources */,
				BCA7D0B60D9DF88200C6B7D9 /* LogViewController.m in Sources */,
				BCA7D0B90D9DF8D700C6B7D9 /* GraphViewController.m in Sources */,
				BCA7D0BD0D9DF90C00C6B7D9 /* TrendViewController.m in Sources */,
				BC8272DD0D9EAF8900A24663 /* LogTableViewCell.m in Sources */,
				BC5CCFCB0D9F850A00B88515 /* LogEntryViewController.m in Sources */,
				BC9BDE990DA9CB550004E70C /* MonthData.m in Sources */,
				BC9BDEE20DA9D8610004E70C /* Database.m in Sources */,
				BC1F83B90DB150B800DA88E6 /* EWDate.m in Sources */,
				BC263E830DB6665E007D03F4 /* GraphView.m in Sources */,
				BC69B48B0DB86D1300E4A333 /* SlopeComputer.m in Sources */,
				BC0211F70DC15D9800BA97BB /* NewDatabaseViewController.m in Sources */,
				BC0212EC0DC1784F00BA97BB /* UnitConvertViewController.m in Sources */,
				BC02138E0DC18F3E00BA97BB /* DataViewController.m in Sources */,
			);
			runOnlyForDeploymentPostprocessing = 0;
		};
/* End PBXSourcesBuildPhase section */

/* Begin XCBuildConfiguration section */
		1D6058940D05DD3E006BFB54 /* Debug */ = {
			isa = XCBuildConfiguration;
			buildSettings = {
				COPY_PHASE_STRIP = NO;
				DEBUG_INFORMATION_FORMAT = "dwarf-with-dsym";
				GCC_DYNAMIC_NO_PIC = NO;
				GCC_ENABLE_FIX_AND_CONTINUE = NO;
				GCC_OPTIMIZATION_LEVEL = 0;
				GCC_PRECOMPILE_PREFIX_HEADER = YES;
				GCC_PREFIX_HEADER = EatWatch_Prefix.pch;
				INFOPLIST_FILE = Info.plist;
				PREBINDING = NO;
				PRODUCT_NAME = EatWatch;
			};
			name = Debug;
		};
		1D6058950D05DD3E006BFB54 /* Release */ = {
			isa = XCBuildConfiguration;
			buildSettings = {
				COPY_PHASE_STRIP = YES;
				DEBUG_INFORMATION_FORMAT = "dwarf-with-dsym";
				GCC_ENABLE_FIX_AND_CONTINUE = NO;
				GCC_PRECOMPILE_PREFIX_HEADER = YES;
				GCC_PREFIX_HEADER = EatWatch_Prefix.pch;
				INFOPLIST_FILE = Info.plist;
				PREBINDING = NO;
				PRODUCT_NAME = EatWatch;
				WRAPPER_EXTENSION = app;
			};
			name = Release;
		};
		C01FCF4F08A954540054247B /* Debug */ = {
			isa = XCBuildConfiguration;
			buildSettings = {
				ALWAYS_SEARCH_USER_PATHS = NO;
				ARCHS = "$(ARCHS_STANDARD_32_BIT)";
				"CODE_SIGN_IDENTITY[sdk=iphoneos2.0]" = "Benjamin Ragheb";
				GCC_C_LANGUAGE_STANDARD = c99;
				GCC_WARN_ABOUT_RETURN_TYPE = YES;
				GCC_WARN_UNUSED_VARIABLE = YES;
				ONLY_ACTIVE_ARCH = YES;
				PREBINDING = NO;
				SDKROOT = iphoneos2.0;
			};
			name = Debug;
		};
		C01FCF5008A954540054247B /* Release */ = {
			isa = XCBuildConfiguration;
			buildSettings = {
				ARCHS = "$(ARCHS_STANDARD_32_BIT)";
				PREBINDING = NO;
				SDKROOT = iphoneos2.0;
			};
			name = Release;
		};
/* End XCBuildConfiguration section */

/* Begin XCConfigurationList section */
		1D6058960D05DD3E006BFB54 /* Build configuration list for PBXNativeTarget "EatWatch" */ = {
			isa = XCConfigurationList;
			buildConfigurations = (
				1D6058940D05DD3E006BFB54 /* Debug */,
				1D6058950D05DD3E006BFB54 /* Release */,
			);
			defaultConfigurationIsVisible = 0;
			defaultConfigurationName = Release;
		};
		C01FCF4E08A954540054247B /* Build configuration list for PBXProject "EatWatch" */ = {
			isa = XCConfigurationList;
			buildConfigurations = (
				C01FCF4F08A954540054247B /* Debug */,
				C01FCF5008A954540054247B /* Release */,
			);
			defaultConfigurationIsVisible = 0;
			defaultConfigurationName = Release;
		};
/* End XCConfigurationList section */
	};
	rootObject = 29B97313FDCFA39411CA2CEA /* Project object */;
}
