// !$*UTF8*$!
{
	archiveVersion = 1;
	classes = {
	};
	objectVersion = 45;
	objects = {

/* Begin PBXBuildFile section */
		1D3623260D0F684500981E51 /* EatWatchAppDelegate.m in Sources */ = {isa = PBXBuildFile; fileRef = 1D3623250D0F684500981E51 /* EatWatchAppDelegate.m */; };
		1D3623EC0D0F72F000981E51 /* CoreGraphics.framework in Frameworks */ = {isa = PBXBuildFile; fileRef = 1D3623EB0D0F72F000981E51 /* CoreGraphics.framework */; };
		1D60589B0D05DD56006BFB54 /* main.m in Sources */ = {isa = PBXBuildFile; fileRef = 29B97316FDCFA39411CA2CEA /* main.m */; };
		1D60589F0D05DD5A006BFB54 /* Foundation.framework in Frameworks */ = {isa = PBXBuildFile; fileRef = 1D30AB110D05D00D00671497 /* Foundation.framework */; };
		1DF5F4E00D08C38300B7A737 /* UIKit.framework in Frameworks */ = {isa = PBXBuildFile; fileRef = 1DF5F4DF0D08C38300B7A737 /* UIKit.framework */; };
		BC0211F70DC15D9800BA97BB /* NewDatabaseViewController.m in Sources */ = {isa = PBXBuildFile; fileRef = BC0211F60DC15D9800BA97BB /* NewDatabaseViewController.m */; };
		BC02138E0DC18F3E00BA97BB /* DataViewController.m in Sources */ = {isa = PBXBuildFile; fileRef = BC02138D0DC18F3E00BA97BB /* DataViewController.m */; };
		BC0CE2F90DDB732000AB8899 /* CFNetwork.framework in Frameworks */ = {isa = PBXBuildFile; fileRef = BC0CE2F80DDB732000AB8899 /* CFNetwork.framework */; };
		BC0CE4630DDC0F6300AB8899 /* DataSearch.m in Sources */ = {isa = PBXBuildFile; fileRef = BC0CE4620DDC0F6300AB8899 /* DataSearch.m */; };
		BC1F83B90DB150B800DA88E6 /* EWDate.m in Sources */ = {isa = PBXBuildFile; fileRef = BC1F83B80DB150B800DA88E6 /* EWDate.m */; };
		BC24A4980E2487830074FD4C /* Icon.png in CopyFiles */ = {isa = PBXBuildFile; fileRef = BC24A4970E2487830074FD4C /* Icon.png */; };
		BC24A49A0E24879D0074FD4C /* Icon.png in Resources */ = {isa = PBXBuildFile; fileRef = BC24A4990E24879D0074FD4C /* Icon.png */; };
		BC24A74C0E25DABB0074FD4C /* GoToDateView.xib in Resources */ = {isa = PBXBuildFile; fileRef = BC24A74B0E25DABB0074FD4C /* GoToDateView.xib */; };
		BC263C2F0DB56AE9007D03F4 /* Root.plist in CopyFiles */ = {isa = PBXBuildFile; fileRef = BC263C2B0DB56A69007D03F4 /* Root.plist */; };
		BC263C370DB56B9D007D03F4 /* Root.strings in Resources */ = {isa = PBXBuildFile; fileRef = BC263C360DB56B9D007D03F4 /* Root.strings */; };
		BC263C380DB56BA5007D03F4 /* Root.strings in CopyFiles */ = {isa = PBXBuildFile; fileRef = BC263C360DB56B9D007D03F4 /* Root.strings */; };
		BC263E830DB6665E007D03F4 /* GraphView.m in Sources */ = {isa = PBXBuildFile; fileRef = BC263E820DB6665E007D03F4 /* GraphView.m */; };
		BC3384020DE78303001F1052 /* DatabaseTest.m in Sources */ = {isa = PBXBuildFile; fileRef = BC3384010DE78303001F1052 /* DatabaseTest.m */; };
		BC33840C0DE787D6001F1052 /* MonthData.m in Sources */ = {isa = PBXBuildFile; fileRef = BC9BDE980DA9CB550004E70C /* MonthData.m */; };
		BC33840D0DE787DA001F1052 /* Database.m in Sources */ = {isa = PBXBuildFile; fileRef = BC9BDEE10DA9D8610004E70C /* Database.m */; };
		BC3384220DE78864001F1052 /* libsqlite3.0.dylib in Frameworks */ = {isa = PBXBuildFile; fileRef = BC9BDF340DA9E3190004E70C /* libsqlite3.0.dylib */; };
		BC3384250DE7887C001F1052 /* EWDate.m in Sources */ = {isa = PBXBuildFile; fileRef = BC1F83B80DB150B800DA88E6 /* EWDate.m */; };
		BC47221B0DE368170081F576 /* home.html in Resources */ = {isa = PBXBuildFile; fileRef = BC47221A0DE368170081F576 /* home.html */; };
		BC47222A0DE3692C0081F576 /* importPending.html in Resources */ = {isa = PBXBuildFile; fileRef = BC4722290DE3692C0081F576 /* importPending.html */; };
		BC47222C0DE3692C0081F576 /* importNoData.html in Resources */ = {isa = PBXBuildFile; fileRef = BC47222B0DE3692C0081F576 /* importNoData.html */; };
		BC47222E0DE3692C0081F576 /* importAccepted.html in Resources */ = {isa = PBXBuildFile; fileRef = BC47222D0DE3692C0081F576 /* importAccepted.html */; };
		BC5590EB0DDA41B7001EEF98 /* MicroWebServer.m in Sources */ = {isa = PBXBuildFile; fileRef = BC871F1A0DC7BE5A009312BA /* MicroWebServer.m */; };
		BC5CCFCB0D9F850A00B88515 /* LogEntryViewController.m in Sources */ = {isa = PBXBuildFile; fileRef = BC5CCFCA0D9F850A00B88515 /* LogEntryViewController.m */; };
		BC65E9690DEB3BF20008E677 /* Defaults.plist in Resources */ = {isa = PBXBuildFile; fileRef = BC65E9680DEB3BF20008E677 /* Defaults.plist */; };
		BC65EA730DEB5DEB0008E677 /* WeightFormatter.m in Sources */ = {isa = PBXBuildFile; fileRef = BC65EA720DEB5DEB0008E677 /* WeightFormatter.m */; };
		BC65EBB50DEBA6140008E677 /* Localizable.strings in Resources */ = {isa = PBXBuildFile; fileRef = BC65EBB40DEBA6140008E677 /* Localizable.strings */; };
		BC65EBBD0DEBA9A20008E677 /* TrendSpans.plist in Resources */ = {isa = PBXBuildFile; fileRef = BC65EBBC0DEBA9A20008E677 /* TrendSpans.plist */; };
		BC69B48B0DB86D1300E4A333 /* SlopeComputer.m in Sources */ = {isa = PBXBuildFile; fileRef = BC69B48A0DB86D1300E4A333 /* SlopeComputer.m */; };
		BC8272DD0D9EAF8900A24663 /* LogTableViewCell.m in Sources */ = {isa = PBXBuildFile; fileRef = BC8272DC0D9EAF8900A24663 /* LogTableViewCell.m */; };
		BC8B86090DDF920100045F01 /* CSVWriter.m in Sources */ = {isa = PBXBuildFile; fileRef = BC8B86080DDF920100045F01 /* CSVWriter.m */; };
		BC8B860C0DDF93F500045F01 /* WebServerDelegate.m in Sources */ = {isa = PBXBuildFile; fileRef = BC8B860B0DDF93F500045F01 /* WebServerDelegate.m */; };
		BC8B86140DDF9D5A00045F01 /* CSVReader.m in Sources */ = {isa = PBXBuildFile; fileRef = BC8B86130DDF9D5A00045F01 /* CSVReader.m */; };
		BC9BDE990DA9CB550004E70C /* MonthData.m in Sources */ = {isa = PBXBuildFile; fileRef = BC9BDE980DA9CB550004E70C /* MonthData.m */; };
		BC9BDEE20DA9D8610004E70C /* Database.m in Sources */ = {isa = PBXBuildFile; fileRef = BC9BDEE10DA9D8610004E70C /* Database.m */; };
		BC9BDF350DA9E3190004E70C /* libsqlite3.0.dylib in Frameworks */ = {isa = PBXBuildFile; fileRef = BC9BDF340DA9E3190004E70C /* libsqlite3.0.dylib */; };
		BCA7D0B60D9DF88200C6B7D9 /* LogViewController.m in Sources */ = {isa = PBXBuildFile; fileRef = BCA7D0B50D9DF88200C6B7D9 /* LogViewController.m */; };
		BCA7D0B90D9DF8D700C6B7D9 /* GraphViewController.m in Sources */ = {isa = PBXBuildFile; fileRef = BCA7D0B80D9DF8D700C6B7D9 /* GraphViewController.m */; };
		BCA7D0BD0D9DF90C00C6B7D9 /* TrendViewController.m in Sources */ = {isa = PBXBuildFile; fileRef = BCA7D0BC0D9DF90C00C6B7D9 /* TrendViewController.m */; };
		BCABE0410DD932A100DE580A /* RootViewController.m in Sources */ = {isa = PBXBuildFile; fileRef = BCABE0400DD932A100DE580A /* RootViewController.m */; };
		BCC860670DD6C6360034EE2D /* QuartzCore.framework in Frameworks */ = {isa = PBXBuildFile; fileRef = BCC860660DD6C6360034EE2D /* QuartzCore.framework */; };
		BCD44A1F0DBAFC880009A8EC /* Debug.plist in CopyFiles */ = {isa = PBXBuildFile; fileRef = BCD44A1D0DBAFC760009A8EC /* Debug.plist */; };
		BCEAD9E80DE219710017495E /* SenTestingKit.framework in Frameworks */ = {isa = PBXBuildFile; fileRef = BCEAD9E70DE219710017495E /* SenTestingKit.framework */; };
		BCEADA040DE219E80017495E /* CSVReaderTest.m in Sources */ = {isa = PBXBuildFile; fileRef = BCEADA030DE219E70017495E /* CSVReaderTest.m */; };
		BCEADA3D0DE220640017495E /* CSVReader.m in Sources */ = {isa = PBXBuildFile; fileRef = BC8B86130DDF9D5A00045F01 /* CSVReader.m */; };
		BCEADADC0DE2A3BE0017495E /* FormDataParser.m in Sources */ = {isa = PBXBuildFile; fileRef = BCEADADB0DE2A3BE0017495E /* FormDataParser.m */; };
		BCF31BDF0DF4EDBA00ABEF70 /* GoToDateViewController.m in Sources */ = {isa = PBXBuildFile; fileRef = BCF31BDE0DF4EDBA00ABEF70 /* GoToDateViewController.m */; };
/* End PBXBuildFile section */

/* Begin PBXCopyFilesBuildPhase section */
		BC263C330DB56AF9007D03F4 /* CopyFiles */ = {
			isa = PBXCopyFilesBuildPhase;
			buildActionMask = 2147483647;
			dstPath = Settings.bundle;
			dstSubfolderSpec = 1;
			files = (
				BC24A4980E2487830074FD4C /* Icon.png in CopyFiles */,
				BC263C2F0DB56AE9007D03F4 /* Root.plist in CopyFiles */,
				BCD44A1F0DBAFC880009A8EC /* Debug.plist in CopyFiles */,
			);
			runOnlyForDeploymentPostprocessing = 0;
		};
		BC263C650DB57671007D03F4 /* CopyFiles */ = {
			isa = PBXCopyFilesBuildPhase;
			buildActionMask = 2147483647;
			dstPath = Settings.bundle/en.lproj;
			dstSubfolderSpec = 1;
			files = (
				BC263C380DB56BA5007D03F4 /* Root.strings in CopyFiles */,
			);
			runOnlyForDeploymentPostprocessing = 0;
		};
/* End PBXCopyFilesBuildPhase section */

/* Begin PBXFileReference section */
		1D30AB110D05D00D00671497 /* Foundation.framework */ = {isa = PBXFileReference; lastKnownFileType = wrapper.framework; name = Foundation.framework; path = System/Library/Frameworks/Foundation.framework; sourceTree = SDKROOT; };
		1D3623240D0F684500981E51 /* EatWatchAppDelegate.h */ = {isa = PBXFileReference; fileEncoding = 4; lastKnownFileType = sourcecode.c.h; path = EatWatchAppDelegate.h; sourceTree = "<group>"; };
		1D3623250D0F684500981E51 /* EatWatchAppDelegate.m */ = {isa = PBXFileReference; fileEncoding = 4; lastKnownFileType = sourcecode.c.objc; path = EatWatchAppDelegate.m; sourceTree = "<group>"; };
		1D3623EB0D0F72F000981E51 /* CoreGraphics.framework */ = {isa = PBXFileReference; lastKnownFileType = wrapper.framework; name = CoreGraphics.framework; path = System/Library/Frameworks/CoreGraphics.framework; sourceTree = SDKROOT; };
		1D6058910D05DD3D006BFB54 /* EatWatch.app */ = {isa = PBXFileReference; explicitFileType = wrapper.application; includeInIndex = 0; path = EatWatch.app; sourceTree = BUILT_PRODUCTS_DIR; };
		1DF5F4DF0D08C38300B7A737 /* UIKit.framework */ = {isa = PBXFileReference; lastKnownFileType = wrapper.framework; name = UIKit.framework; path = System/Library/Frameworks/UIKit.framework; sourceTree = SDKROOT; };
		29B97316FDCFA39411CA2CEA /* main.m */ = {isa = PBXFileReference; fileEncoding = 4; lastKnownFileType = sourcecode.c.objc; path = main.m; sourceTree = "<group>"; };
		32CA4F630368D1EE00C91783 /* EatWatch_Prefix.pch */ = {isa = PBXFileReference; fileEncoding = 4; lastKnownFileType = sourcecode.c.h; path = EatWatch_Prefix.pch; sourceTree = "<group>"; };
		8D1107310486CEB800E47090 /* Info.plist */ = {isa = PBXFileReference; fileEncoding = 4; lastKnownFileType = text.plist.xml; path = Info.plist; sourceTree = "<group>"; };
		BC0211F50DC15D9800BA97BB /* NewDatabaseViewController.h */ = {isa = PBXFileReference; fileEncoding = 4; lastKnownFileType = sourcecode.c.h; name = NewDatabaseViewController.h; path = Classes/NewDatabaseViewController.h; sourceTree = "<group>"; };
		BC0211F60DC15D9800BA97BB /* NewDatabaseViewController.m */ = {isa = PBXFileReference; fileEncoding = 4; lastKnownFileType = sourcecode.c.objc; name = NewDatabaseViewController.m; path = Classes/NewDatabaseViewController.m; sourceTree = "<group>"; };
		BC02138C0DC18F3E00BA97BB /* DataViewController.h */ = {isa = PBXFileReference; fileEncoding = 4; lastKnownFileType = sourcecode.c.h; name = DataViewController.h; path = Classes/DataViewController.h; sourceTree = "<group>"; };
		BC02138D0DC18F3E00BA97BB /* DataViewController.m */ = {isa = PBXFileReference; fileEncoding = 4; lastKnownFileType = sourcecode.c.objc; name = DataViewController.m; path = Classes/DataViewController.m; sourceTree = "<group>"; };
		BC0CE2F80DDB732000AB8899 /* CFNetwork.framework */ = {isa = PBXFileReference; lastKnownFileType = wrapper.framework; name = CFNetwork.framework; path = System/Library/Frameworks/CFNetwork.framework; sourceTree = SDKROOT; };
		BC0CE4160DDBE10F00AB8899 /* English */ = {isa = PBXFileReference; fileEncoding = 4; lastKnownFileType = text.html; name = English; path = English.lproj/home.html; sourceTree = "<group>"; };
		BC0CE4610DDC0F6300AB8899 /* DataSearch.h */ = {isa = PBXFileReference; fileEncoding = 4; lastKnownFileType = sourcecode.c.h; name = DataSearch.h; path = Classes/DataSearch.h; sourceTree = "<group>"; };
		BC0CE4620DDC0F6300AB8899 /* DataSearch.m */ = {isa = PBXFileReference; fileEncoding = 4; lastKnownFileType = sourcecode.c.objc; name = DataSearch.m; path = Classes/DataSearch.m; sourceTree = "<group>"; };
		BC1F83B70DB150B800DA88E6 /* EWDate.h */ = {isa = PBXFileReference; fileEncoding = 4; lastKnownFileType = sourcecode.c.h; path = EWDate.h; sourceTree = "<group>"; };
		BC1F83B80DB150B800DA88E6 /* EWDate.m */ = {isa = PBXFileReference; fileEncoding = 4; lastKnownFileType = sourcecode.c.objc; path = EWDate.m; sourceTree = "<group>"; };
		BC24A4970E2487830074FD4C /* Icon.png */ = {isa = PBXFileReference; lastKnownFileType = image.png; path = Icon.png; sourceTree = "<group>"; };
		BC24A4990E24879D0074FD4C /* Icon.png */ = {isa = PBXFileReference; lastKnownFileType = image.png; name = Icon.png; path = Images/Icon.png; sourceTree = "<group>"; };
		BC24A7490E25DAA70074FD4C /* English */ = {isa = PBXFileReference; lastKnownFileType = file.xib; name = English; path = English.lproj/GoToDateView.xib; sourceTree = "<group>"; };
		BC263C2B0DB56A69007D03F4 /* Root.plist */ = {isa = PBXFileReference; fileEncoding = 4; lastKnownFileType = text.plist.xml; path = Root.plist; sourceTree = "<group>"; };
		BC263C360DB56B9D007D03F4 /* Root.strings */ = {isa = PBXFileReference; fileEncoding = 10; lastKnownFileType = text.plist.strings; path = Root.strings; sourceTree = "<group>"; };
		BC263E810DB6665E007D03F4 /* GraphView.h */ = {isa = PBXFileReference; fileEncoding = 4; lastKnownFileType = sourcecode.c.h; name = GraphView.h; path = Classes/GraphView.h; sourceTree = "<group>"; };
		BC263E820DB6665E007D03F4 /* GraphView.m */ = {isa = PBXFileReference; fileEncoding = 4; lastKnownFileType = sourcecode.c.objc; name = GraphView.m; path = Classes/GraphView.m; sourceTree = "<group>"; };
		BC3384010DE78303001F1052 /* DatabaseTest.m */ = {isa = PBXFileReference; fileEncoding = 4; lastKnownFileType = sourcecode.c.objc; name = DatabaseTest.m; path = Classes/DatabaseTest.m; sourceTree = "<group>"; };
		BC4722230DE368C80081F576 /* English */ = {isa = PBXFileReference; fileEncoding = 4; lastKnownFileType = text.html; name = English; path = English.lproj/importAccepted.html; sourceTree = "<group>"; };
		BC4722250DE368E80081F576 /* English */ = {isa = PBXFileReference; fileEncoding = 4; lastKnownFileType = text.html; name = English; path = English.lproj/importPending.html; sourceTree = "<group>"; };
		BC4722270DE369010081F576 /* English */ = {isa = PBXFileReference; fileEncoding = 4; lastKnownFileType = text.html; name = English; path = English.lproj/importNoData.html; sourceTree = "<group>"; };
		BC5CCFC90D9F850A00B88515 /* LogEntryViewController.h */ = {isa = PBXFileReference; fileEncoding = 4; lastKnownFileType = sourcecode.c.h; name = LogEntryViewController.h; path = Classes/LogEntryViewController.h; sourceTree = "<group>"; };
		BC5CCFCA0D9F850A00B88515 /* LogEntryViewController.m */ = {isa = PBXFileReference; fileEncoding = 4; lastKnownFileType = sourcecode.c.objc; name = LogEntryViewController.m; path = Classes/LogEntryViewController.m; sourceTree = "<group>"; };
		BC65E9680DEB3BF20008E677 /* Defaults.plist */ = {isa = PBXFileReference; fileEncoding = 4; lastKnownFileType = text.plist.xml; path = Defaults.plist; sourceTree = "<group>"; };
		BC65EA710DEB5DEB0008E677 /* WeightFormatter.h */ = {isa = PBXFileReference; fileEncoding = 4; lastKnownFileType = sourcecode.c.h; path = WeightFormatter.h; sourceTree = "<group>"; };
		BC65EA720DEB5DEB0008E677 /* WeightFormatter.m */ = {isa = PBXFileReference; fileEncoding = 4; lastKnownFileType = sourcecode.c.objc; path = WeightFormatter.m; sourceTree = "<group>"; };
		BC65EBB10DEBA5F90008E677 /* English */ = {isa = PBXFileReference; fileEncoding = 10; lastKnownFileType = text.plist.strings; name = English; path = English.lproj/Localizable.strings; sourceTree = "<group>"; };
		BC65EBBA0DEBA8FE0008E677 /* English */ = {isa = PBXFileReference; fileEncoding = 4; lastKnownFileType = text.plist.xml; name = English; path = English.lproj/TrendSpans.plist; sourceTree = "<group>"; };
		BC69B4890DB86D1300E4A333 /* SlopeComputer.h */ = {isa = PBXFileReference; fileEncoding = 4; lastKnownFileType = sourcecode.c.h; path = SlopeComputer.h; sourceTree = "<group>"; };
		BC69B48A0DB86D1300E4A333 /* SlopeComputer.m */ = {isa = PBXFileReference; fileEncoding = 4; lastKnownFileType = sourcecode.c.objc; path = SlopeComputer.m; sourceTree = "<group>"; };
		BC8272DB0D9EAF8900A24663 /* LogTableViewCell.h */ = {isa = PBXFileReference; fileEncoding = 4; lastKnownFileType = sourcecode.c.h; name = LogTableViewCell.h; path = Classes/LogTableViewCell.h; sourceTree = "<group>"; };
		BC8272DC0D9EAF8900A24663 /* LogTableViewCell.m */ = {isa = PBXFileReference; fileEncoding = 4; lastKnownFileType = sourcecode.c.objc; name = LogTableViewCell.m; path = Classes/LogTableViewCell.m; sourceTree = "<group>"; };
		BC871F190DC7BE5A009312BA /* MicroWebServer.h */ = {isa = PBXFileReference; fileEncoding = 4; lastKnownFileType = sourcecode.c.h; name = MicroWebServer.h; path = Classes/MicroWebServer.h; sourceTree = "<group>"; };
		BC871F1A0DC7BE5A009312BA /* MicroWebServer.m */ = {isa = PBXFileReference; fileEncoding = 4; lastKnownFileType = sourcecode.c.objc; name = MicroWebServer.m; path = Classes/MicroWebServer.m; sourceTree = "<group>"; };
		BC8B86070DDF920100045F01 /* CSVWriter.h */ = {isa = PBXFileReference; fileEncoding = 4; lastKnownFileType = sourcecode.c.h; name = CSVWriter.h; path = Classes/CSVWriter.h; sourceTree = "<group>"; };
		BC8B86080DDF920100045F01 /* CSVWriter.m */ = {isa = PBXFileReference; fileEncoding = 4; lastKnownFileType = sourcecode.c.objc; name = CSVWriter.m; path = Classes/CSVWriter.m; sourceTree = "<group>"; };
		BC8B860A0DDF93F500045F01 /* WebServerDelegate.h */ = {isa = PBXFileReference; fileEncoding = 4; lastKnownFileType = sourcecode.c.h; name = WebServerDelegate.h; path = Classes/WebServerDelegate.h; sourceTree = "<group>"; };
		BC8B860B0DDF93F500045F01 /* WebServerDelegate.m */ = {isa = PBXFileReference; fileEncoding = 4; lastKnownFileType = sourcecode.c.objc; name = WebServerDelegate.m; path = Classes/WebServerDelegate.m; sourceTree = "<group>"; };
		BC8B86120DDF9D5A00045F01 /* CSVReader.h */ = {isa = PBXFileReference; fileEncoding = 4; lastKnownFileType = sourcecode.c.h; name = CSVReader.h; path = Classes/CSVReader.h; sourceTree = "<group>"; };
		BC8B86130DDF9D5A00045F01 /* CSVReader.m */ = {isa = PBXFileReference; fileEncoding = 4; lastKnownFileType = sourcecode.c.objc; name = CSVReader.m; path = Classes/CSVReader.m; sourceTree = "<group>"; };
		BC9BDE970DA9CB550004E70C /* MonthData.h */ = {isa = PBXFileReference; fileEncoding = 4; lastKnownFileType = sourcecode.c.h; path = MonthData.h; sourceTree = "<group>"; };
		BC9BDE980DA9CB550004E70C /* MonthData.m */ = {isa = PBXFileReference; fileEncoding = 4; lastKnownFileType = sourcecode.c.objc; path = MonthData.m; sourceTree = "<group>"; };
		BC9BDEAF0DA9D19D0004E70C /* CreateEmptyDatabase.sql */ = {isa = PBXFileReference; fileEncoding = 4; lastKnownFileType = text; path = CreateEmptyDatabase.sql; sourceTree = "<group>"; };
		BC9BDEE00DA9D8610004E70C /* Database.h */ = {isa = PBXFileReference; fileEncoding = 4; lastKnownFileType = sourcecode.c.h; path = Database.h; sourceTree = "<group>"; };
		BC9BDEE10DA9D8610004E70C /* Database.m */ = {isa = PBXFileReference; fileEncoding = 4; lastKnownFileType = sourcecode.c.objc; path = Database.m; sourceTree = "<group>"; };
		BC9BDF340DA9E3190004E70C /* libsqlite3.0.dylib */ = {isa = PBXFileReference; lastKnownFileType = "compiled.mach-o.dylib"; name = libsqlite3.0.dylib; path = usr/lib/libsqlite3.0.dylib; sourceTree = SDKROOT; };
		BCA7D0B10D9DF81700C6B7D9 /* Notes.txt */ = {isa = PBXFileReference; fileEncoding = 4; lastKnownFileType = text; path = Notes.txt; sourceTree = "<group>"; wrapsLines = 1; };
		BCA7D0B40D9DF88200C6B7D9 /* LogViewController.h */ = {isa = PBXFileReference; fileEncoding = 4; lastKnownFileType = sourcecode.c.h; name = LogViewController.h; path = Classes/LogViewController.h; sourceTree = "<group>"; };
		BCA7D0B50D9DF88200C6B7D9 /* LogViewController.m */ = {isa = PBXFileReference; fileEncoding = 4; lastKnownFileType = sourcecode.c.objc; name = LogViewController.m; path = Classes/LogViewController.m; sourceTree = "<group>"; };
		BCA7D0B70D9DF8D700C6B7D9 /* GraphViewController.h */ = {isa = PBXFileReference; fileEncoding = 4; lastKnownFileType = sourcecode.c.h; name = GraphViewController.h; path = Classes/GraphViewController.h; sourceTree = "<group>"; };
		BCA7D0B80D9DF8D700C6B7D9 /* GraphViewController.m */ = {isa = PBXFileReference; fileEncoding = 4; lastKnownFileType = sourcecode.c.objc; name = GraphViewController.m; path = Classes/GraphViewController.m; sourceTree = "<group>"; };
		BCA7D0BB0D9DF90C00C6B7D9 /* TrendViewController.h */ = {isa = PBXFileReference; fileEncoding = 4; lastKnownFileType = sourcecode.c.h; name = TrendViewController.h; path = Classes/TrendViewController.h; sourceTree = "<group>"; };
		BCA7D0BC0D9DF90C00C6B7D9 /* TrendViewController.m */ = {isa = PBXFileReference; fileEncoding = 4; lastKnownFileType = sourcecode.c.objc; name = TrendViewController.m; path = Classes/TrendViewController.m; sourceTree = "<group>"; };
		BCABE03F0DD932A100DE580A /* RootViewController.h */ = {isa = PBXFileReference; fileEncoding = 4; lastKnownFileType = sourcecode.c.h; name = RootViewController.h; path = Classes/RootViewController.h; sourceTree = "<group>"; };
		BCABE0400DD932A100DE580A /* RootViewController.m */ = {isa = PBXFileReference; fileEncoding = 4; lastKnownFileType = sourcecode.c.objc; name = RootViewController.m; path = Classes/RootViewController.m; sourceTree = "<group>"; };
		BCC860660DD6C6360034EE2D /* QuartzCore.framework */ = {isa = PBXFileReference; lastKnownFileType = wrapper.framework; name = QuartzCore.framework; path = System/Library/Frameworks/QuartzCore.framework; sourceTree = SDKROOT; };
		BCD44A1D0DBAFC760009A8EC /* Debug.plist */ = {isa = PBXFileReference; fileEncoding = 4; lastKnownFileType = text.plist.xml; path = Debug.plist; sourceTree = "<group>"; };
		BCEAD9E20DE219130017495E /* UnitTests.octest */ = {isa = PBXFileReference; explicitFileType = wrapper.cfbundle; includeInIndex = 0; path = UnitTests.octest; sourceTree = BUILT_PRODUCTS_DIR; };
		BCEAD9E30DE219130017495E /* UnitTests-Info.plist */ = {isa = PBXFileReference; lastKnownFileType = text.plist.xml; path = "UnitTests-Info.plist"; sourceTree = "<group>"; };
		BCEAD9E70DE219710017495E /* SenTestingKit.framework */ = {isa = PBXFileReference; lastKnownFileType = wrapper.framework; name = SenTestingKit.framework; path = Library/Frameworks/SenTestingKit.framework; sourceTree = DEVELOPER_DIR; };
		BCEADA020DE219E70017495E /* CSVReaderTest.h */ = {isa = PBXFileReference; fileEncoding = 4; lastKnownFileType = sourcecode.c.h; name = CSVReaderTest.h; path = Classes/CSVReaderTest.h; sourceTree = "<group>"; };
		BCEADA030DE219E70017495E /* CSVReaderTest.m */ = {isa = PBXFileReference; fileEncoding = 4; lastKnownFileType = sourcecode.c.objc; name = CSVReaderTest.m; path = Classes/CSVReaderTest.m; sourceTree = "<group>"; };
		BCEADADA0DE2A3BE0017495E /* FormDataParser.h */ = {isa = PBXFileReference; fileEncoding = 4; lastKnownFileType = sourcecode.c.h; path = FormDataParser.h; sourceTree = "<group>"; };
		BCEADADB0DE2A3BE0017495E /* FormDataParser.m */ = {isa = PBXFileReference; fileEncoding = 4; lastKnownFileType = sourcecode.c.objc; path = FormDataParser.m; sourceTree = "<group>"; };
		BCF31BDD0DF4EDBA00ABEF70 /* GoToDateViewController.h */ = {isa = PBXFileReference; fileEncoding = 4; lastKnownFileType = sourcecode.c.h; name = GoToDateViewController.h; path = Classes/GoToDateViewController.h; sourceTree = "<group>"; };
		BCF31BDE0DF4EDBA00ABEF70 /* GoToDateViewController.m */ = {isa = PBXFileReference; fileEncoding = 4; lastKnownFileType = sourcecode.c.objc; name = GoToDateViewController.m; path = Classes/GoToDateViewController.m; sourceTree = "<group>"; };
/* End PBXFileReference section */

/* Begin PBXFrameworksBuildPhase section */
		1D60588F0D05DD3D006BFB54 /* Frameworks */ = {
			isa = PBXFrameworksBuildPhase;
			buildActionMask = 2147483647;
			files = (
				1D60589F0D05DD5A006BFB54 /* Foundation.framework in Frameworks */,
				1DF5F4E00D08C38300B7A737 /* UIKit.framework in Frameworks */,
				1D3623EC0D0F72F000981E51 /* CoreGraphics.framework in Frameworks */,
				BC9BDF350DA9E3190004E70C /* libsqlite3.0.dylib in Frameworks */,
				BCC860670DD6C6360034EE2D /* QuartzCore.framework in Frameworks */,
				BC0CE2F90DDB732000AB8899 /* CFNetwork.framework in Frameworks */,
			);
			runOnlyForDeploymentPostprocessing = 0;
		};
		BCEAD9DF0DE219120017495E /* Frameworks */ = {
			isa = PBXFrameworksBuildPhase;
			buildActionMask = 2147483647;
			files = (
				BCEAD9E80DE219710017495E /* SenTestingKit.framework in Frameworks */,
				BC3384220DE78864001F1052 /* libsqlite3.0.dylib in Frameworks */,
			);
			runOnlyForDeploymentPostprocessing = 0;
		};
/* End PBXFrameworksBuildPhase section */

/* Begin PBXGroup section */
		080E96DDFE201D6D7F000001 /* Classes */ = {
			isa = PBXGroup;
			children = (
				1D3623240D0F684500981E51 /* EatWatchAppDelegate.h */,
				1D3623250D0F684500981E51 /* EatWatchAppDelegate.m */,
				BC9BDEE00DA9D8610004E70C /* Database.h */,
				BC9BDEE10DA9D8610004E70C /* Database.m */,
				BC9BDE970DA9CB550004E70C /* MonthData.h */,
				BC9BDE980DA9CB550004E70C /* MonthData.m */,
				BC69B4890DB86D1300E4A333 /* SlopeComputer.h */,
				BC69B48A0DB86D1300E4A333 /* SlopeComputer.m */,
				BC65EA710DEB5DEB0008E677 /* WeightFormatter.h */,
				BC65EA720DEB5DEB0008E677 /* WeightFormatter.m */,
			);
			path = Classes;
			sourceTree = "<group>";
		};
		1058C7A0FEA54F0111CA2CBB /* Linked Frameworks */ = {
			isa = PBXGroup;
			children = (
				BCC860660DD6C6360034EE2D /* QuartzCore.framework */,
				BC9BDF340DA9E3190004E70C /* libsqlite3.0.dylib */,
				1D3623EB0D0F72F000981E51 /* CoreGraphics.framework */,
				1DF5F4DF0D08C38300B7A737 /* UIKit.framework */,
				BC0CE2F80DDB732000AB8899 /* CFNetwork.framework */,
				1D30AB110D05D00D00671497 /* Foundation.framework */,
			);
			name = "Linked Frameworks";
			sourceTree = "<group>";
		};
		1058C7A2FEA54F0111CA2CBB /* Other Frameworks */ = {
			isa = PBXGroup;
			children = (
				BCEAD9E70DE219710017495E /* SenTestingKit.framework */,
			);
			name = "Other Frameworks";
			sourceTree = "<group>";
		};
		19C28FACFE9D520D11CA2CBB /* Products */ = {
			isa = PBXGroup;
			children = (
				1D6058910D05DD3D006BFB54 /* EatWatch.app */,
				BCEAD9E20DE219130017495E /* UnitTests.octest */,
			);
			name = Products;
			sourceTree = "<group>";
		};
		29B97314FDCFA39411CA2CEA /* CustomTemplate */ = {
			isa = PBXGroup;
			children = (
				BCABE0480DD9373B00DE580A /* View Controllers */,
				BCABE0470DD9372000DE580A /* Views */,
				080E96DDFE201D6D7F000001 /* Classes */,
				29B97315FDCFA39411CA2CEA /* Other Sources */,
				BCEADAD60DE29D1B0017495E /* Web */,
				BC7B54E00DDE2C8800B316A1 /* Tests */,
				29B97317FDCFA39411CA2CEA /* Resources */,
				BC263C2A0DB56A3B007D03F4 /* Settings */,
				29B97323FDCFA39411CA2CEA /* Frameworks */,
				19C28FACFE9D520D11CA2CBB /* Products */,
				BCA7D0B10D9DF81700C6B7D9 /* Notes.txt */,
			);
			name = CustomTemplate;
			sourceTree = "<group>";
		};
		29B97315FDCFA39411CA2CEA /* Other Sources */ = {
			isa = PBXGroup;
			children = (
				32CA4F630368D1EE00C91783 /* EatWatch_Prefix.pch */,
				BC1F83B70DB150B800DA88E6 /* EWDate.h */,
				BC1F83B80DB150B800DA88E6 /* EWDate.m */,
				29B97316FDCFA39411CA2CEA /* main.m */,
				BC9BDEAF0DA9D19D0004E70C /* CreateEmptyDatabase.sql */,
			);
			name = "Other Sources";
			sourceTree = "<group>";
		};
		29B97317FDCFA39411CA2CEA /* Resources */ = {
			isa = PBXGroup;
			children = (
				BC24A4990E24879D0074FD4C /* Icon.png */,
				8D1107310486CEB800E47090 /* Info.plist */,
				BC65E9680DEB3BF20008E677 /* Defaults.plist */,
				BC65EBBC0DEBA9A20008E677 /* TrendSpans.plist */,
				BC65EBB40DEBA6140008E677 /* Localizable.strings */,
				BC47221A0DE368170081F576 /* home.html */,
				BC4722290DE3692C0081F576 /* importPending.html */,
				BC47222B0DE3692C0081F576 /* importNoData.html */,
				BC47222D0DE3692C0081F576 /* importAccepted.html */,
				BC24A74B0E25DABB0074FD4C /* GoToDateView.xib */,
			);
			name = Resources;
			sourceTree = "<group>";
		};
		29B97323FDCFA39411CA2CEA /* Frameworks */ = {
			isa = PBXGroup;
			children = (
				1058C7A0FEA54F0111CA2CBB /* Linked Frameworks */,
				1058C7A2FEA54F0111CA2CBB /* Other Frameworks */,
			);
			name = Frameworks;
			sourceTree = "<group>";
		};
		BC263C2A0DB56A3B007D03F4 /* Settings */ = {
			isa = PBXGroup;
			children = (
				BC263C2B0DB56A69007D03F4 /* Root.plist */,
				BC263C360DB56B9D007D03F4 /* Root.strings */,
				BCD44A1D0DBAFC760009A8EC /* Debug.plist */,
				BC24A4970E2487830074FD4C /* Icon.png */,
			);
			path = Settings;
			sourceTree = "<group>";
		};
		BC7B54E00DDE2C8800B316A1 /* Tests */ = {
			isa = PBXGroup;
			children = (
				BCEAD9E30DE219130017495E /* UnitTests-Info.plist */,
				BCEADA020DE219E70017495E /* CSVReaderTest.h */,
				BCEADA030DE219E70017495E /* CSVReaderTest.m */,
				BC3384010DE78303001F1052 /* DatabaseTest.m */,
			);
			name = Tests;
			sourceTree = "<group>";
		};
		BCABE0470DD9372000DE580A /* Views */ = {
			isa = PBXGroup;
			children = (
				BC8272DB0D9EAF8900A24663 /* LogTableViewCell.h */,
				BC8272DC0D9EAF8900A24663 /* LogTableViewCell.m */,
				BC263E810DB6665E007D03F4 /* GraphView.h */,
				BC263E820DB6665E007D03F4 /* GraphView.m */,
			);
			name = Views;
			sourceTree = "<group>";
		};
		BCABE0480DD9373B00DE580A /* View Controllers */ = {
			isa = PBXGroup;
			children = (
				BCABE03F0DD932A100DE580A /* RootViewController.h */,
				BCABE0400DD932A100DE580A /* RootViewController.m */,
				BCA7D0B40D9DF88200C6B7D9 /* LogViewController.h */,
				BCA7D0B50D9DF88200C6B7D9 /* LogViewController.m */,
				BCA7D0B70D9DF8D700C6B7D9 /* GraphViewController.h */,
				BCA7D0B80D9DF8D700C6B7D9 /* GraphViewController.m */,
				BCA7D0BB0D9DF90C00C6B7D9 /* TrendViewController.h */,
				BCA7D0BC0D9DF90C00C6B7D9 /* TrendViewController.m */,
				BC5CCFC90D9F850A00B88515 /* LogEntryViewController.h */,
				BC5CCFCA0D9F850A00B88515 /* LogEntryViewController.m */,
				BC0211F50DC15D9800BA97BB /* NewDatabaseViewController.h */,
				BC0211F60DC15D9800BA97BB /* NewDatabaseViewController.m */,
				BC02138C0DC18F3E00BA97BB /* DataViewController.h */,
				BC02138D0DC18F3E00BA97BB /* DataViewController.m */,
				BCF31BDD0DF4EDBA00ABEF70 /* GoToDateViewController.h */,
				BCF31BDE0DF4EDBA00ABEF70 /* GoToDateViewController.m */,
			);
			name = "View Controllers";
			sourceTree = "<group>";
		};
		BCEADAD60DE29D1B0017495E /* Web */ = {
			isa = PBXGroup;
			children = (
				BC8B860A0DDF93F500045F01 /* WebServerDelegate.h */,
				BC8B860B0DDF93F500045F01 /* WebServerDelegate.m */,
				BC0CE4610DDC0F6300AB8899 /* DataSearch.h */,
				BC0CE4620DDC0F6300AB8899 /* DataSearch.m */,
				BC871F190DC7BE5A009312BA /* MicroWebServer.h */,
				BC871F1A0DC7BE5A009312BA /* MicroWebServer.m */,
				BCEADADA0DE2A3BE0017495E /* FormDataParser.h */,
				BCEADADB0DE2A3BE0017495E /* FormDataParser.m */,
				BC8B86070DDF920100045F01 /* CSVWriter.h */,
				BC8B86080DDF920100045F01 /* CSVWriter.m */,
				BC8B86120DDF9D5A00045F01 /* CSVReader.h */,
				BC8B86130DDF9D5A00045F01 /* CSVReader.m */,
			);
			name = Web;
			sourceTree = "<group>";
		};
/* End PBXGroup section */

/* Begin PBXNativeTarget section */
		1D6058900D05DD3D006BFB54 /* EatWatch */ = {
			isa = PBXNativeTarget;
			buildConfigurationList = 1D6058960D05DD3E006BFB54 /* Build configuration list for PBXNativeTarget "EatWatch" */;
			buildPhases = (
				BC9BDEAE0DA9D16A0004E70C /* ShellScript */,
				1D60588D0D05DD3D006BFB54 /* Resources */,
				BC3384F30DE7C89A001F1052 /* ShellScript */,
				1D60588E0D05DD3D006BFB54 /* Sources */,
				1D60588F0D05DD3D006BFB54 /* Frameworks */,
				BC263C330DB56AF9007D03F4 /* CopyFiles */,
				BC263C650DB57671007D03F4 /* CopyFiles */,
			);
			buildRules = (
			);
			dependencies = (
			);
			name = EatWatch;
			productName = EatWatch;
			productReference = 1D6058910D05DD3D006BFB54 /* EatWatch.app */;
			productType = "com.apple.product-type.application";
		};
		BCEAD9E10DE219120017495E /* UnitTests */ = {
			isa = PBXNativeTarget;
			buildConfigurationList = BCEAD9E60DE219140017495E /* Build configuration list for PBXNativeTarget "UnitTests" */;
			buildPhases = (
				BCEAD9DD0DE219120017495E /* Resources */,
				BCEAD9DE0DE219120017495E /* Sources */,
				BCEAD9DF0DE219120017495E /* Frameworks */,
				BC33862F0DE7F6A4001F1052 /* ShellScript */,
				BCEAD9E00DE219120017495E /* ShellScript */,
			);
			buildRules = (
			);
			dependencies = (
			);
			name = UnitTests;
			productName = CSVTest;
			productReference = BCEAD9E20DE219130017495E /* UnitTests.octest */;
			productType = "com.apple.product-type.bundle";
		};
/* End PBXNativeTarget section */

/* Begin PBXProject section */
		29B97313FDCFA39411CA2CEA /* Project object */ = {
			isa = PBXProject;
			buildConfigurationList = C01FCF4E08A954540054247B /* Build configuration list for PBXProject "EatWatch" */;
			compatibilityVersion = "Xcode 3.1";
			hasScannedForEncodings = 1;
			mainGroup = 29B97314FDCFA39411CA2CEA /* CustomTemplate */;
			projectDirPath = "";
			projectRoot = "";
			targets = (
				1D6058900D05DD3D006BFB54 /* EatWatch */,
				BCEAD9E10DE219120017495E /* UnitTests */,
			);
		};
/* End PBXProject section */

/* Begin PBXResourcesBuildPhase section */
		1D60588D0D05DD3D006BFB54 /* Resources */ = {
			isa = PBXResourcesBuildPhase;
			buildActionMask = 2147483647;
			files = (
				BC263C370DB56B9D007D03F4 /* Root.strings in Resources */,
				BC47221B0DE368170081F576 /* home.html in Resources */,
				BC47222E0DE3692C0081F576 /* importAccepted.html in Resources */,
				BC47222A0DE3692C0081F576 /* importPending.html in Resources */,
				BC47222C0DE3692C0081F576 /* importNoData.html in Resources */,
				BC65E9690DEB3BF20008E677 /* Defaults.plist in Resources */,
				BC65EBB50DEBA6140008E677 /* Localizable.strings in Resources */,
				BC65EBBD0DEBA9A20008E677 /* TrendSpans.plist in Resources */,
				BC24A49A0E24879D0074FD4C /* Icon.png in Resources */,
				BC24A74C0E25DABB0074FD4C /* GoToDateView.xib in Resources */,
			);
			runOnlyForDeploymentPostprocessing = 0;
		};
		BCEAD9DD0DE219120017495E /* Resources */ = {
			isa = PBXResourcesBuildPhase;
			buildActionMask = 2147483647;
			files = (
			);
			runOnlyForDeploymentPostprocessing = 0;
		};
/* End PBXResourcesBuildPhase section */

/* Begin PBXShellScriptBuildPhase section */
		BC3384F30DE7C89A001F1052 /* ShellScript */ = {
			isa = PBXShellScriptBuildPhase;
			buildActionMask = 2147483647;
			files = (
			);
			inputPaths = (
			);
			outputPaths = (
			);
			runOnlyForDeploymentPostprocessing = 0;
			shellPath = /bin/sh;
			shellScript = "echo Tidying HTML\n\nHTML_TIDY_OPTS=\"-modify -quiet -utf8 --doctype strict --hide-comments yes --wrap 0 --tidy-mark no\"\nfind ${BUILT_PRODUCTS_DIR}/${WRAPPER_NAME} -name \"*.html\" -print0 | xargs -0 tidy $HTML_TIDY_OPTS\n";
			showEnvVarsInLog = 0;
		};
		BC33862F0DE7F6A4001F1052 /* ShellScript */ = {
			isa = PBXShellScriptBuildPhase;
			buildActionMask = 2147483647;
			files = (
			);
			inputPaths = (
				"$(SRCROOT)/CreateEmptyDatabase.sql",
			);
			outputPaths = (
				"$(BUILT_PRODUCTS_DIR)/$(WRAPPER_NAME)/WeightData.db",
			);
			runOnlyForDeploymentPostprocessing = 0;
			shellPath = /bin/sh;
			shellScript = "SQL_FILE=$SRCROOT/CreateEmptyDatabase.sql\nDATABASE_FILE=${BUILT_PRODUCTS_DIR}/${WRAPPER_NAME}/WeightData.db\n\necho Generating $DATABASE_FILE\n\nif [ -e $DATABASE_FILE ]; then rm $DATABASE_FILE; fi\nsqlite3 -init $SQL_FILE $DATABASE_FILE\nexit $?\n";
			showEnvVarsInLog = 0;
		};
		BC9BDEAE0DA9D16A0004E70C /* ShellScript */ = {
			isa = PBXShellScriptBuildPhase;
			buildActionMask = 2147483647;
			files = (
			);
			inputPaths = (
				"$(SRCROOT)/CreateEmptyDatabase.sql",
			);
			outputPaths = (
				"$(BUILT_PRODUCTS_DIR)/$(WRAPPER_NAME)/WeightData.db",
			);
			runOnlyForDeploymentPostprocessing = 0;
			shellPath = /bin/sh;
			shellScript = "SQL_FILE=$SRCROOT/CreateEmptyDatabase.sql\nDATABASE_FILE=${BUILT_PRODUCTS_DIR}/${WRAPPER_NAME}/WeightData.db\n\necho Generating $DATABASE_FILE\n\nif [ -e $DATABASE_FILE ]; then rm $DATABASE_FILE; fi\nsqlite3 -init $SQL_FILE $DATABASE_FILE\nexit $?\n";
			showEnvVarsInLog = 0;
		};
		BCEAD9E00DE219120017495E /* ShellScript */ = {
			isa = PBXShellScriptBuildPhase;
			buildActionMask = 2147483647;
			files = (
			);
			inputPaths = (
			);
			outputPaths = (
			);
			runOnlyForDeploymentPostprocessing = 0;
			shellPath = /bin/sh;
			shellScript = "# Run the unit tests in this test bundle.\n\"${SYSTEM_DEVELOPER_DIR}/Tools/RunUnitTests\"\n";
			showEnvVarsInLog = 0;
		};
/* End PBXShellScriptBuildPhase section */

/* Begin PBXSourcesBuildPhase section */
		1D60588E0D05DD3D006BFB54 /* Sources */ = {
			isa = PBXSourcesBuildPhase;
			buildActionMask = 2147483647;
			files = (
				1D60589B0D05DD56006BFB54 /* main.m in Sources */,
				1D3623260D0F684500981E51 /* EatWatchAppDelegate.m in Sources */,
				BCA7D0B60D9DF88200C6B7D9 /* LogViewController.m in Sources */,
				BCA7D0B90D9DF8D700C6B7D9 /* GraphViewController.m in Sources */,
				BCA7D0BD0D9DF90C00C6B7D9 /* TrendViewController.m in Sources */,
				BC8272DD0D9EAF8900A24663 /* LogTableViewCell.m in Sources */,
				BC5CCFCB0D9F850A00B88515 /* LogEntryViewController.m in Sources */,
				BC9BDE990DA9CB550004E70C /* MonthData.m in Sources */,
				BC9BDEE20DA9D8610004E70C /* Database.m in Sources */,
				BC1F83B90DB150B800DA88E6 /* EWDate.m in Sources */,
				BC263E830DB6665E007D03F4 /* GraphView.m in Sources */,
				BC69B48B0DB86D1300E4A333 /* SlopeComputer.m in Sources */,
				BC0211F70DC15D9800BA97BB /* NewDatabaseViewController.m in Sources */,
				BC02138E0DC18F3E00BA97BB /* DataViewController.m in Sources */,
				BCABE0410DD932A100DE580A /* RootViewController.m in Sources */,
				BC5590EB0DDA41B7001EEF98 /* MicroWebServer.m in Sources */,
				BC0CE4630DDC0F6300AB8899 /* DataSearch.m in Sources */,
				BC8B86090DDF920100045F01 /* CSVWriter.m in Sources */,
				BC8B860C0DDF93F500045F01 /* WebServerDelegate.m in Sources */,
				BC8B86140DDF9D5A00045F01 /* CSVReader.m in Sources */,
				BCEADADC0DE2A3BE0017495E /* FormDataParser.m in Sources */,
				BC65EA730DEB5DEB0008E677 /* WeightFormatter.m in Sources */,
				BCF31BDF0DF4EDBA00ABEF70 /* GoToDateViewController.m in Sources */,
			);
			runOnlyForDeploymentPostprocessing = 0;
		};
		BCEAD9DE0DE219120017495E /* Sources */ = {
			isa = PBXSourcesBuildPhase;
			buildActionMask = 2147483647;
			files = (
				BCEADA040DE219E80017495E /* CSVReaderTest.m in Sources */,
				BCEADA3D0DE220640017495E /* CSVReader.m in Sources */,
				BC3384020DE78303001F1052 /* DatabaseTest.m in Sources */,
				BC33840C0DE787D6001F1052 /* MonthData.m in Sources */,
				BC33840D0DE787DA001F1052 /* Database.m in Sources */,
				BC3384250DE7887C001F1052 /* EWDate.m in Sources */,
			);
			runOnlyForDeploymentPostprocessing = 0;
		};
/* End PBXSourcesBuildPhase section */

/* Begin PBXVariantGroup section */
		BC24A74B0E25DABB0074FD4C /* GoToDateView.xib */ = {
			isa = PBXVariantGroup;
			children = (
				BC24A7490E25DAA70074FD4C /* English */,
			);
			name = GoToDateView.xib;
			sourceTree = "<group>";
		};
		BC47221A0DE368170081F576 /* home.html */ = {
			isa = PBXVariantGroup;
			children = (
				BC0CE4160DDBE10F00AB8899 /* English */,
			);
			name = home.html;
			sourceTree = "<group>";
		};
		BC4722290DE3692C0081F576 /* importPending.html */ = {
			isa = PBXVariantGroup;
			children = (
				BC4722250DE368E80081F576 /* English */,
			);
			name = importPending.html;
			sourceTree = "<group>";
		};
		BC47222B0DE3692C0081F576 /* importNoData.html */ = {
			isa = PBXVariantGroup;
			children = (
				BC4722270DE369010081F576 /* English */,
			);
			name = importNoData.html;
			sourceTree = "<group>";
		};
		BC47222D0DE3692C0081F576 /* importAccepted.html */ = {
			isa = PBXVariantGroup;
			children = (
				BC4722230DE368C80081F576 /* English */,
			);
			name = importAccepted.html;
			sourceTree = "<group>";
		};
		BC65EBB40DEBA6140008E677 /* Localizable.strings */ = {
			isa = PBXVariantGroup;
			children = (
				BC65EBB10DEBA5F90008E677 /* English */,
			);
			name = Localizable.strings;
			sourceTree = "<group>";
		};
		BC65EBBC0DEBA9A20008E677 /* TrendSpans.plist */ = {
			isa = PBXVariantGroup;
			children = (
				BC65EBBA0DEBA8FE0008E677 /* English */,
			);
			name = TrendSpans.plist;
			sourceTree = "<group>";
		};
/* End PBXVariantGroup section */

/* Begin XCBuildConfiguration section */
		1D6058940D05DD3E006BFB54 /* Debug */ = {
			isa = XCBuildConfiguration;
			buildSettings = {
				COPY_PHASE_STRIP = NO;
				DEBUG_INFORMATION_FORMAT = "dwarf-with-dsym";
				GCC_DYNAMIC_NO_PIC = NO;
				GCC_ENABLE_FIX_AND_CONTINUE = NO;
				GCC_OPTIMIZATION_LEVEL = 0;
				GCC_PRECOMPILE_PREFIX_HEADER = YES;
				GCC_PREFIX_HEADER = EatWatch_Prefix.pch;
				INFOPLIST_FILE = Info.plist;
				PREBINDING = NO;
				PRODUCT_NAME = EatWatch;
			};
			name = Debug;
		};
		1D6058950D05DD3E006BFB54 /* Release */ = {
			isa = XCBuildConfiguration;
			buildSettings = {
				COPY_PHASE_STRIP = YES;
				DEBUG_INFORMATION_FORMAT = "dwarf-with-dsym";
				GCC_ENABLE_FIX_AND_CONTINUE = NO;
				GCC_PRECOMPILE_PREFIX_HEADER = YES;
				GCC_PREFIX_HEADER = EatWatch_Prefix.pch;
				INFOPLIST_FILE = Info.plist;
				PREBINDING = NO;
				PRODUCT_NAME = EatWatch;
				WRAPPER_EXTENSION = app;
			};
			name = Release;
		};
		BCEAD9E40DE219140017495E /* Debug */ = {
			isa = XCBuildConfiguration;
			buildSettings = {
				ALWAYS_SEARCH_USER_PATHS = NO;
				COPY_PHASE_STRIP = NO;
				FRAMEWORK_SEARCH_PATHS = "$(DEVELOPER_LIBRARY_DIR)/Frameworks";
				GCC_DYNAMIC_NO_PIC = NO;
				GCC_ENABLE_FIX_AND_CONTINUE = NO;
				GCC_ENABLE_OBJC_EXCEPTIONS = YES;
				GCC_MODEL_TUNING = G5;
				GCC_OPTIMIZATION_LEVEL = 0;
				GCC_PRECOMPILE_PREFIX_HEADER = YES;
				INFOPLIST_FILE = "UnitTests-Info.plist";
				INSTALL_PATH = "$(USER_LIBRARY_DIR)/Bundles";
				ONLY_ACTIVE_ARCH = NO;
				OTHER_LDFLAGS = (
					"-framework",
					Foundation,
					"-framework",
					SenTestingKit,
				);
				PREBINDING = NO;
				PRODUCT_NAME = UnitTests;
				SDKROOT = macosx10.5;
				VALID_ARCHS = "i386 ppc";
				WRAPPER_EXTENSION = octest;
			};
			name = Debug;
		};
		BCEAD9E50DE219140017495E /* Release */ = {
			isa = XCBuildConfiguration;
			buildSettings = {
				ALWAYS_SEARCH_USER_PATHS = NO;
				COPY_PHASE_STRIP = YES;
				DEBUG_INFORMATION_FORMAT = "dwarf-with-dsym";
				FRAMEWORK_SEARCH_PATHS = "$(DEVELOPER_LIBRARY_DIR)/Frameworks";
				GCC_ENABLE_FIX_AND_CONTINUE = NO;
				GCC_ENABLE_OBJC_EXCEPTIONS = YES;
				GCC_MODEL_TUNING = G5;
				GCC_PRECOMPILE_PREFIX_HEADER = YES;
				INFOPLIST_FILE = "UnitTests-Info.plist";
				INSTALL_PATH = "$(USER_LIBRARY_DIR)/Bundles";
				ONLY_ACTIVE_ARCH = NO;
				OTHER_LDFLAGS = (
					"-framework",
					Foundation,
					"-framework",
					SenTestingKit,
				);
				PREBINDING = NO;
				PRODUCT_NAME = UnitTests;
				SDKROOT = macosx10.5;
				VALID_ARCHS = "i386 ppc";
				WRAPPER_EXTENSION = octest;
				ZERO_LINK = NO;
			};
			name = Release;
		};
		C01FCF4F08A954540054247B /* Debug */ = {
			isa = XCBuildConfiguration;
			buildSettings = {
				ALWAYS_SEARCH_USER_PATHS = NO;
				ARCHS = "$(ARCHS_STANDARD_32_BIT)";
				"CODE_SIGN_IDENTITY[sdk=iphoneos*]" = "iPhone Developer: Benjamin Ragheb";
				GCC_C_LANGUAGE_STANDARD = c99;
				GCC_WARN_ABOUT_RETURN_TYPE = YES;
				GCC_WARN_UNUSED_VARIABLE = YES;
				ONLY_ACTIVE_ARCH = YES;
				PREBINDING = NO;
				SDKROOT = iphoneos2.0;
			};
			name = Debug;
		};
		C01FCF5008A954540054247B /* Release */ = {
			isa = XCBuildConfiguration;
			buildSettings = {
				ARCHS = "$(ARCHS_STANDARD_32_BIT)";
				"CODE_SIGN_IDENTITY[sdk=iphoneos*]" = "iPhone Developer: Benjamin Ragheb";
				PREBINDING = NO;
				SDKROOT = iphoneos2.0;
			};
			name = Release;
		};
/* End XCBuildConfiguration section */

/* Begin XCConfigurationList section */
		1D6058960D05DD3E006BFB54 /* Build configuration list for PBXNativeTarget "EatWatch" */ = {
			isa = XCConfigurationList;
			buildConfigurations = (
				1D6058940D05DD3E006BFB54 /* Debug */,
				1D6058950D05DD3E006BFB54 /* Release */,
			);
			defaultConfigurationIsVisible = 0;
			defaultConfigurationName = Release;
		};
		BCEAD9E60DE219140017495E /* Build configuration list for PBXNativeTarget "UnitTests" */ = {
			isa = XCConfigurationList;
			buildConfigurations = (
				BCEAD9E40DE219140017495E /* Debug */,
				BCEAD9E50DE219140017495E /* Release */,
			);
			defaultConfigurationIsVisible = 0;
			defaultConfigurationName = Release;
		};
		C01FCF4E08A954540054247B /* Build configuration list for PBXProject "EatWatch" */ = {
			isa = XCConfigurationList;
			buildConfigurations = (
				C01FCF4F08A954540054247B /* Debug */,
				C01FCF5008A954540054247B /* Release */,
			);
			defaultConfigurationIsVisible = 0;
			defaultConfigurationName = Release;
		};
/* End XCConfigurationList section */
	};
	rootObject = 29B97313FDCFA39411CA2CEA /* Project object */;
}
