// !$*UTF8*$!
{
	archiveVersion = 1;
	classes = {
	};
	objectVersion = 45;
	objects = {

/* Begin PBXBuildFile section */
		1D3623260D0F684500981E51 /* EatWatchAppDelegate.m in Sources */ = {isa = PBXBuildFile; fileRef = 1D3623250D0F684500981E51 /* EatWatchAppDelegate.m */; };
		1D3623EC0D0F72F000981E51 /* CoreGraphics.framework in Frameworks */ = {isa = PBXBuildFile; fileRef = 1D3623EB0D0F72F000981E51 /* CoreGraphics.framework */; };
		1D60589B0D05DD56006BFB54 /* main.m in Sources */ = {isa = PBXBuildFile; fileRef = 29B97316FDCFA39411CA2CEA /* main.m */; };
		1D60589F0D05DD5A006BFB54 /* Foundation.framework in Frameworks */ = {isa = PBXBuildFile; fileRef = 1D30AB110D05D00D00671497 /* Foundation.framework */; };
		1DF5F4E00D08C38300B7A737 /* UIKit.framework in Frameworks */ = {isa = PBXBuildFile; fileRef = 1DF5F4DF0D08C38300B7A737 /* UIKit.framework */; };
		BC0211F70DC15D9800BA97BB /* NewDatabaseViewController.m in Sources */ = {isa = PBXBuildFile; fileRef = BC0211F60DC15D9800BA97BB /* NewDatabaseViewController.m */; };
		BC040FE710D99048008FCB11 /* Flag1Button0.png in Resources */ = {isa = PBXBuildFile; fileRef = BC040FDF10D99047008FCB11 /* Flag1Button0.png */; };
		BC040FE810D99048008FCB11 /* Flag1Button1.png in Resources */ = {isa = PBXBuildFile; fileRef = BC040FE010D99047008FCB11 /* Flag1Button1.png */; };
		BC040FE910D99048008FCB11 /* Flag2Button0.png in Resources */ = {isa = PBXBuildFile; fileRef = BC040FE110D99047008FCB11 /* Flag2Button0.png */; };
		BC040FEA10D99048008FCB11 /* Flag2Button1.png in Resources */ = {isa = PBXBuildFile; fileRef = BC040FE210D99047008FCB11 /* Flag2Button1.png */; };
		BC040FEB10D99048008FCB11 /* Flag3Button0.png in Resources */ = {isa = PBXBuildFile; fileRef = BC040FE310D99047008FCB11 /* Flag3Button0.png */; };
		BC040FEC10D99048008FCB11 /* Flag3Button1.png in Resources */ = {isa = PBXBuildFile; fileRef = BC040FE410D99047008FCB11 /* Flag3Button1.png */; };
		BC040FED10D99048008FCB11 /* Flag4Button0.png in Resources */ = {isa = PBXBuildFile; fileRef = BC040FE510D99047008FCB11 /* Flag4Button0.png */; };
		BC040FEE10D99048008FCB11 /* Flag4Button1.png in Resources */ = {isa = PBXBuildFile; fileRef = BC040FE610D99047008FCB11 /* Flag4Button1.png */; };
		BC04130E10DB718C008FCB11 /* BRJSON.m in Sources */ = {isa = PBXBuildFile; fileRef = BC04130D10DB718C008FCB11 /* BRJSON.m */; };
		BC04131210DB7AD9008FCB11 /* WebResources.plist in Resources */ = {isa = PBXBuildFile; fileRef = BC04131110DB7AD9008FCB11 /* WebResources.plist */; };
		BC04131710DB8024008FCB11 /* CSVExporter.m in Sources */ = {isa = PBXBuildFile; fileRef = BC04131610DB8024008FCB11 /* CSVExporter.m */; };
		BC04131A10DB804B008FCB11 /* EWExporter.m in Sources */ = {isa = PBXBuildFile; fileRef = BC04131910DB804B008FCB11 /* EWExporter.m */; };
		BC0413B910DC50E6008FCB11 /* FormDataParser.m in Sources */ = {isa = PBXBuildFile; fileRef = BCEADADB0DE2A3BE0017495E /* FormDataParser.m */; };
		BC0413BA10DC50F0008FCB11 /* FormDataParserTest.m in Sources */ = {isa = PBXBuildFile; fileRef = BC0413B710DC4D52008FCB11 /* FormDataParserTest.m */; };
		BC0413D610DC51AC008FCB11 /* DataSearch.m in Sources */ = {isa = PBXBuildFile; fileRef = BC0CE4620DDC0F6300AB8899 /* DataSearch.m */; };
		BC04150A10DD8AE3008FCB11 /* MoreDefaults.plist in Resources */ = {isa = PBXBuildFile; fileRef = BC04150910DD8AE3008FCB11 /* MoreDefaults.plist */; };
		BC04159A10DE1656008FCB11 /* NSUserDefaults+EWAdditions.m in Sources */ = {isa = PBXBuildFile; fileRef = BC04159910DE1656008FCB11 /* NSUserDefaults+EWAdditions.m */; };
		BC0415B110DE20D7008FCB11 /* EWWeightFormatter.m in Sources */ = {isa = PBXBuildFile; fileRef = BC0415B010DE20D7008FCB11 /* EWWeightFormatter.m */; };
		BC04162E10DE46E4008FCB11 /* EWWeightChangeFormatter.m in Sources */ = {isa = PBXBuildFile; fileRef = BC04162D10DE46E4008FCB11 /* EWWeightChangeFormatter.m */; };
		BC0CE2F90DDB732000AB8899 /* CFNetwork.framework in Frameworks */ = {isa = PBXBuildFile; fileRef = BC0CE2F80DDB732000AB8899 /* CFNetwork.framework */; };
		BC0CE4630DDC0F6300AB8899 /* DataSearch.m in Sources */ = {isa = PBXBuildFile; fileRef = BC0CE4620DDC0F6300AB8899 /* DataSearch.m */; };
		BC1F83B90DB150B800DA88E6 /* EWDate.m in Sources */ = {isa = PBXBuildFile; fileRef = BC1F83B80DB150B800DA88E6 /* EWDate.m */; };
		BC24A4980E2487830074FD4C /* Icon.png in Copy Files into Settings */ = {isa = PBXBuildFile; fileRef = BC24A4970E2487830074FD4C /* Icon.png */; };
		BC24A49A0E24879D0074FD4C /* Icon.png in Resources */ = {isa = PBXBuildFile; fileRef = BC24A4990E24879D0074FD4C /* Icon.png */; };
		BC24A7540E25DEAB0074FD4C /* LogEntryView.xib in Resources */ = {isa = PBXBuildFile; fileRef = BC24A7530E25DEAB0074FD4C /* LogEntryView.xib */; };
		BC263C2F0DB56AE9007D03F4 /* Root.plist in Copy Files into Settings */ = {isa = PBXBuildFile; fileRef = BC263C2B0DB56A69007D03F4 /* Root.plist */; };
		BC263C380DB56BA5007D03F4 /* Root.strings in Copy Files into Settings:en */ = {isa = PBXBuildFile; fileRef = BC263C360DB56B9D007D03F4 /* Root.strings */; };
		BC2806C80E3CF72600986341 /* TabIconGoal.png in Resources */ = {isa = PBXBuildFile; fileRef = BC2806C70E3CF72600986341 /* TabIconGoal.png */; };
		BC4F25FF0EDD333A0010B5BE /* LogViewController.xib in Resources */ = {isa = PBXBuildFile; fileRef = BC4F25FE0EDD333A0010B5BE /* LogViewController.xib */; };
		BC4F267B0EDE67900010B5BE /* BRTextView.m in Sources */ = {isa = PBXBuildFile; fileRef = BC4F267A0EDE67900010B5BE /* BRTextView.m */; };
		BC51B8920E3ACACC00D3B4C1 /* BRTableRow.m in Sources */ = {isa = PBXBuildFile; fileRef = BC51B88D0E3ACACC00D3B4C1 /* BRTableRow.m */; };
		BC51B8930E3ACACC00D3B4C1 /* BRTableSection.m in Sources */ = {isa = PBXBuildFile; fileRef = BC51B88F0E3ACACC00D3B4C1 /* BRTableSection.m */; };
		BC51B8940E3ACACC00D3B4C1 /* BRTableViewController.m in Sources */ = {isa = PBXBuildFile; fileRef = BC51B8910E3ACACC00D3B4C1 /* BRTableViewController.m */; };
		BC51B89A0E3ACB9A00D3B4C1 /* BRTableButtonRow.m in Sources */ = {isa = PBXBuildFile; fileRef = BC51B8990E3ACB9A00D3B4C1 /* BRTableButtonRow.m */; };
		BC51B8E40E3AD5B300D3B4C1 /* BRTableSwitchRow.m in Sources */ = {isa = PBXBuildFile; fileRef = BC51B8E30E3AD5B300D3B4C1 /* BRTableSwitchRow.m */; };
		BC51B9A20E3B023E00D3B4C1 /* GoalViewController.m in Sources */ = {isa = PBXBuildFile; fileRef = BC51B9A10E3B023E00D3B4C1 /* GoalViewController.m */; };
		BC51B9D20E3B08C500D3B4C1 /* BRTableValueRow.m in Sources */ = {isa = PBXBuildFile; fileRef = BC51B9D10E3B08C500D3B4C1 /* BRTableValueRow.m */; };
		BC51B9D50E3B0C0200D3B4C1 /* BRTableDatePickerRow.m in Sources */ = {isa = PBXBuildFile; fileRef = BC51B9D40E3B0C0200D3B4C1 /* BRTableDatePickerRow.m */; };
		BC5590EB0DDA41B7001EEF98 /* MicroWebServer.m in Sources */ = {isa = PBXBuildFile; fileRef = BC871F1A0DC7BE5A009312BA /* MicroWebServer.m */; };
		BC5CB37C0E27E5DA00A3B11C /* TabIconLog.png in Resources */ = {isa = PBXBuildFile; fileRef = BC5CB3790E27E5DA00A3B11C /* TabIconLog.png */; };
		BC5CB37E0E27E5DA00A3B11C /* TabIconTrend.png in Resources */ = {isa = PBXBuildFile; fileRef = BC5CB37B0E27E5DA00A3B11C /* TabIconTrend.png */; };
		BC5CCFCB0D9F850A00B88515 /* LogEntryViewController.m in Sources */ = {isa = PBXBuildFile; fileRef = BC5CCFCA0D9F850A00B88515 /* LogEntryViewController.m */; };
		BC65EBB50DEBA6140008E677 /* Localizable.strings in Resources */ = {isa = PBXBuildFile; fileRef = BC65EBB40DEBA6140008E677 /* Localizable.strings */; };
		BC65EBBD0DEBA9A20008E677 /* TrendSpans.plist in Resources */ = {isa = PBXBuildFile; fileRef = BC65EBBC0DEBA9A20008E677 /* TrendSpans.plist */; };
		BC69B48B0DB86D1300E4A333 /* SlopeComputer.m in Sources */ = {isa = PBXBuildFile; fileRef = BC69B48A0DB86D1300E4A333 /* SlopeComputer.m */; };
		BC6A8E790FEEAAE8002F6BE9 /* EWWiFiAccessViewController.m in Sources */ = {isa = PBXBuildFile; fileRef = BC6A8E780FEEAAE8002F6BE9 /* EWWiFiAccessViewController.m */; };
		BC6A8E7B0FEEAAFE002F6BE9 /* EWWiFiAccessView.xib in Resources */ = {isa = PBXBuildFile; fileRef = BC6A8E7A0FEEAAFE002F6BE9 /* EWWiFiAccessView.xib */; };
		BC6A8EA00FEECB5B002F6BE9 /* BRReachability.m in Sources */ = {isa = PBXBuildFile; fileRef = BC6A8E9F0FEECB5B002F6BE9 /* BRReachability.m */; };
		BC6A8EAE0FEECB6A002F6BE9 /* SystemConfiguration.framework in Frameworks */ = {isa = PBXBuildFile; fileRef = BC6A8EAD0FEECB6A002F6BE9 /* SystemConfiguration.framework */; };
		BC6FF1AF0E774B3C000BABED /* TrendSpan.m in Sources */ = {isa = PBXBuildFile; fileRef = BC6FF1AD0E774B3B000BABED /* TrendSpan.m */; };
		BC749EC110E31425001E8030 /* TrendView.xib in Resources */ = {isa = PBXBuildFile; fileRef = BC749EC010E31425001E8030 /* TrendView.xib */; };
		BC749EC810E31E9D001E8030 /* TriangleDown.png in Resources */ = {isa = PBXBuildFile; fileRef = BC749EC610E31E9D001E8030 /* TriangleDown.png */; };
		BC749EC910E31E9D001E8030 /* TriangleUp.png in Resources */ = {isa = PBXBuildFile; fileRef = BC749EC710E31E9D001E8030 /* TriangleUp.png */; };
		BC749EEC10E33EC8001E8030 /* EWTrendButton.m in Sources */ = {isa = PBXBuildFile; fileRef = BC749EEB10E33EC8001E8030 /* EWTrendButton.m */; };
		BC78DA2E0E51533D0094ECBD /* YAxisView.m in Sources */ = {isa = PBXBuildFile; fileRef = BC78DA2D0E51533D0094ECBD /* YAxisView.m */; };
		BC8272DD0D9EAF8900A24663 /* LogTableViewCell.m in Sources */ = {isa = PBXBuildFile; fileRef = BC8272DC0D9EAF8900A24663 /* LogTableViewCell.m */; };
		BC82AE9A0E6FC77200E2A693 /* GraphDrawingOperation.m in Sources */ = {isa = PBXBuildFile; fileRef = BC82AE990E6FC77200E2A693 /* GraphDrawingOperation.m */; };
		BC82AF330E6FD13A00E2A693 /* GraphView.m in Sources */ = {isa = PBXBuildFile; fileRef = BC263E820DB6665E007D03F4 /* GraphView.m */; };
		BC8B86090DDF920100045F01 /* CSVWriter.m in Sources */ = {isa = PBXBuildFile; fileRef = BC8B86080DDF920100045F01 /* CSVWriter.m */; };
		BC8B86140DDF9D5A00045F01 /* CSVReader.m in Sources */ = {isa = PBXBuildFile; fileRef = BC8B86130DDF9D5A00045F01 /* CSVReader.m */; };
		BC909D670F16F8CC0090472C /* Default.png in Resources */ = {isa = PBXBuildFile; fileRef = BC909D660F16F8CC0090472C /* Default.png */; };
		BC9108EA0E36901E007B7941 /* PasscodeView.xib in Resources */ = {isa = PBXBuildFile; fileRef = BC9108E90E36901E007B7941 /* PasscodeView.xib */; };
		BC9108EF0E36DDBA007B7941 /* PasscodeEntryViewController.m in Sources */ = {isa = PBXBuildFile; fileRef = BC9108EE0E36DDBA007B7941 /* PasscodeEntryViewController.m */; };
		BC9A2E850F15B43E00A284E7 /* BRRoundRectView.m in Sources */ = {isa = PBXBuildFile; fileRef = BC9A2E840F15B43E00A284E7 /* BRRoundRectView.m */; };
		BC9BDF350DA9E3190004E70C /* libsqlite3.0.dylib in Frameworks */ = {isa = PBXBuildFile; fileRef = BC9BDF340DA9E3190004E70C /* libsqlite3.0.dylib */; };
		BCA7D0B60D9DF88200C6B7D9 /* LogViewController.m in Sources */ = {isa = PBXBuildFile; fileRef = BCA7D0B50D9DF88200C6B7D9 /* LogViewController.m */; };
		BCA7D0B90D9DF8D700C6B7D9 /* GraphViewController.m in Sources */ = {isa = PBXBuildFile; fileRef = BCA7D0B80D9DF8D700C6B7D9 /* GraphViewController.m */; };
		BCA7D0BD0D9DF90C00C6B7D9 /* TrendViewController.m in Sources */ = {isa = PBXBuildFile; fileRef = BCA7D0BC0D9DF90C00C6B7D9 /* TrendViewController.m */; };
		BCABE0410DD932A100DE580A /* RootViewController.m in Sources */ = {isa = PBXBuildFile; fileRef = BCABE0400DD932A100DE580A /* RootViewController.m */; };
		BCB18CB10E5A9DD70055F91E /* EWGoal.m in Sources */ = {isa = PBXBuildFile; fileRef = BCB18CB00E5A9DD70055F91E /* EWGoal.m */; };
		BCB36E410ECEE7AC00AAB7DF /* HeightEntryViewController.m in Sources */ = {isa = PBXBuildFile; fileRef = BCB36DFA0ECEDF3F00AAB7DF /* HeightEntryViewController.m */; };
		BCB36E420ECEE7AC00AAB7DF /* HeightEntryView.xib in Resources */ = {isa = PBXBuildFile; fileRef = BCB36E0A0ECEE00D00AAB7DF /* HeightEntryView.xib */; };
		BCC485D610F2700300563776 /* NavButton0.png in Resources */ = {isa = PBXBuildFile; fileRef = BCC485D410F2700300563776 /* NavButton0.png */; };
		BCC485D710F2700300563776 /* NavButton1.png in Resources */ = {isa = PBXBuildFile; fileRef = BCC485D510F2700300563776 /* NavButton1.png */; };
		BCC4E51D10D4CC6D00E4C1A3 /* DBCreate3.sql in Resources */ = {isa = PBXBuildFile; fileRef = BCC4E51B10D4CC6D00E4C1A3 /* DBCreate3.sql */; };
		BCC4E52F10D4CE0700E4C1A3 /* DBCreate2.sql in Resources */ = {isa = PBXBuildFile; fileRef = BC9BDEAF0DA9D19D0004E70C /* DBCreate2.sql */; };
		BCC4E54210D4D07E00E4C1A3 /* DBCreate1.sql in Resources */ = {isa = PBXBuildFile; fileRef = BCC4E54110D4D07E00E4C1A3 /* DBCreate1.sql */; };
		BCC4E54310D4D07E00E4C1A3 /* DBCreate1.sql in Resources */ = {isa = PBXBuildFile; fileRef = BCC4E54110D4D07E00E4C1A3 /* DBCreate1.sql */; };
		BCC4E6CE10D58C9E00E4C1A3 /* BRPopUpViewController.m in Sources */ = {isa = PBXBuildFile; fileRef = BCC4E6CD10D58C9E00E4C1A3 /* BRPopUpViewController.m */; };
		BCC4E6DA10D5934800E4C1A3 /* LogInfoPickerController.m in Sources */ = {isa = PBXBuildFile; fileRef = BCC4E6D910D5934800E4C1A3 /* LogInfoPickerController.m */; };
		BCC4E6DD10D5935E00E4C1A3 /* LogDatePickerController.m in Sources */ = {isa = PBXBuildFile; fileRef = BCC4E6DC10D5935E00E4C1A3 /* LogDatePickerController.m */; };
		BCC4E99110D61FE600E4C1A3 /* ColorPalette.plist in Resources */ = {isa = PBXBuildFile; fileRef = BCC4E99010D61FE600E4C1A3 /* ColorPalette.plist */; };
		BCC4E99A10D6207B00E4C1A3 /* BRColorPalette.m in Sources */ = {isa = PBXBuildFile; fileRef = BCC4E99910D6207B00E4C1A3 /* BRColorPalette.m */; };
		BCC860670DD6C6360034EE2D /* QuartzCore.framework in Frameworks */ = {isa = PBXBuildFile; fileRef = BCC860660DD6C6360034EE2D /* QuartzCore.framework */; };
		BCD2D23710EAADD700C1117F /* MessageUI.framework in Frameworks */ = {isa = PBXBuildFile; fileRef = BCD2D23610EAADD700C1117F /* MessageUI.framework */; };
		BCD8BE430EF081EC005639DD /* Passcode0.png in Resources */ = {isa = PBXBuildFile; fileRef = BCD8BE410EF081EC005639DD /* Passcode0.png */; };
		BCD8BE440EF081EC005639DD /* Passcode1.png in Resources */ = {isa = PBXBuildFile; fileRef = BCD8BE420EF081EC005639DD /* Passcode1.png */; };
		BCD8BE890EF088C3005639DD /* BRMixedNumberFormatter.m in Sources */ = {isa = PBXBuildFile; fileRef = BCD8BE880EF088C3005639DD /* BRMixedNumberFormatter.m */; };
		BCD8BF9D0EF0B76A005639DD /* BRRangeColorFormatter.m in Sources */ = {isa = PBXBuildFile; fileRef = BCD8BF9C0EF0B76A005639DD /* BRRangeColorFormatter.m */; };
		BCE21B200E3BAFCE00E94F6C /* BRTableNumberPickerRow.m in Sources */ = {isa = PBXBuildFile; fileRef = BCE21B1F0E3BAFCE00E94F6C /* BRTableNumberPickerRow.m */; };
		BCE6075210E01C0100819E77 /* RungEntryView.xib in Resources */ = {isa = PBXBuildFile; fileRef = BCE6075110E01C0100819E77 /* RungEntryView.xib */; };
		BCE6075610E0227000819E77 /* RungEntryViewController.m in Sources */ = {isa = PBXBuildFile; fileRef = BCE6075510E0227000819E77 /* RungEntryViewController.m */; };
		BCE6082510E03E7F00819E77 /* EWImporter.m in Sources */ = {isa = PBXBuildFile; fileRef = BCE6082410E03E7F00819E77 /* EWImporter.m */; };
		BCEADADC0DE2A3BE0017495E /* FormDataParser.m in Sources */ = {isa = PBXBuildFile; fileRef = BCEADADB0DE2A3BE0017495E /* FormDataParser.m */; };
		BCF329750EFF629500D31E49 /* GraphView.xib in Resources */ = {isa = PBXBuildFile; fileRef = BCF329740EFF629500D31E49 /* GraphView.xib */; };
		BCF52AD510D066610017C3A1 /* libsqlite3.0.dylib in Frameworks */ = {isa = PBXBuildFile; fileRef = BC9BDF340DA9E3190004E70C /* libsqlite3.0.dylib */; };
		BCF52AD810D066790017C3A1 /* CSVReaderTest.m in Sources */ = {isa = PBXBuildFile; fileRef = BCEADA030DE219E70017495E /* CSVReaderTest.m */; };
		BCF52AD910D066790017C3A1 /* DatabaseTest.m in Sources */ = {isa = PBXBuildFile; fileRef = BC3384010DE78303001F1052 /* DatabaseTest.m */; };
		BCF52ADA10D066790017C3A1 /* EWDateTest.m in Sources */ = {isa = PBXBuildFile; fileRef = BC910BC90E385C0F007B7941 /* EWDateTest.m */; };
		BCF52AE110D066E30017C3A1 /* EWDate.m in Sources */ = {isa = PBXBuildFile; fileRef = BC1F83B80DB150B800DA88E6 /* EWDate.m */; };
		BCF52AE210D066ED0017C3A1 /* CSVReader.m in Sources */ = {isa = PBXBuildFile; fileRef = BC8B86130DDF9D5A00045F01 /* CSVReader.m */; };
		BCF52B4110D068C40017C3A1 /* BRMixedNumberFormatterTest.m in Sources */ = {isa = PBXBuildFile; fileRef = BCF52B4010D068C40017C3A1 /* BRMixedNumberFormatterTest.m */; };
		BCF52B6410D06AAC0017C3A1 /* BRMixedNumberFormatter.m in Sources */ = {isa = PBXBuildFile; fileRef = BCD8BE880EF088C3005639DD /* BRMixedNumberFormatter.m */; };
		BCF52BD610D0762E0017C3A1 /* DBUpgrade2.sql in Resources */ = {isa = PBXBuildFile; fileRef = BCF52BD510D0762E0017C3A1 /* DBUpgrade2.sql */; };
		BCF52C1010D0A1000017C3A1 /* DBUpgrade3.sql in Resources */ = {isa = PBXBuildFile; fileRef = BCF52C0F10D0A1000017C3A1 /* DBUpgrade3.sql */; };
		BCF52C7510D0AE680017C3A1 /* SQLiteDatabase.m in Sources */ = {isa = PBXBuildFile; fileRef = BCF52C7210D0AE680017C3A1 /* SQLiteDatabase.m */; };
		BCF52C7610D0AE680017C3A1 /* SQLiteStatement.m in Sources */ = {isa = PBXBuildFile; fileRef = BCF52C7410D0AE680017C3A1 /* SQLiteStatement.m */; };
		BCF52C7910D0AEA20017C3A1 /* EWDatabase.m in Sources */ = {isa = PBXBuildFile; fileRef = BCF52C7810D0AEA20017C3A1 /* EWDatabase.m */; };
		BCF52C7C10D0AEB70017C3A1 /* EWDBMonth.m in Sources */ = {isa = PBXBuildFile; fileRef = BCF52C7B10D0AEB70017C3A1 /* EWDBMonth.m */; };
		BCF52CAA10D0D0420017C3A1 /* EWDBMonth.m in Sources */ = {isa = PBXBuildFile; fileRef = BCF52C7B10D0AEB70017C3A1 /* EWDBMonth.m */; };
		BCF52CAB10D0D0430017C3A1 /* EWDatabase.m in Sources */ = {isa = PBXBuildFile; fileRef = BCF52C7810D0AEA20017C3A1 /* EWDatabase.m */; };
		BCF52CAE10D0D04F0017C3A1 /* SQLiteDatabase.m in Sources */ = {isa = PBXBuildFile; fileRef = BCF52C7210D0AE680017C3A1 /* SQLiteDatabase.m */; };
		BCF52CAF10D0D0500017C3A1 /* SQLiteStatement.m in Sources */ = {isa = PBXBuildFile; fileRef = BCF52C7410D0AE680017C3A1 /* SQLiteStatement.m */; };
		BCF52CDC10D0D6F70017C3A1 /* DBUpgrade2.sql in Resources */ = {isa = PBXBuildFile; fileRef = BCF52BD510D0762E0017C3A1 /* DBUpgrade2.sql */; };
		BCF52CDD10D0D6F70017C3A1 /* DBUpgrade3.sql in Resources */ = {isa = PBXBuildFile; fileRef = BCF52C0F10D0A1000017C3A1 /* DBUpgrade3.sql */; };
		BCFB11000E26828D0059D732 /* MoreViewController.m in Sources */ = {isa = PBXBuildFile; fileRef = BCFB10FF0E26828D0059D732 /* MoreViewController.m */; };
/* End PBXBuildFile section */

/* Begin PBXContainerItemProxy section */
		BCF52AEB10D067170017C3A1 /* PBXContainerItemProxy */ = {
			isa = PBXContainerItemProxy;
			containerPortal = 29B97313FDCFA39411CA2CEA /* Project object */;
			proxyType = 1;
			remoteGlobalIDString = BCF52ACE10D066540017C3A1;
			remoteInfo = UnitTests;
		};
/* End PBXContainerItemProxy section */

/* Begin PBXCopyFilesBuildPhase section */
		BC263C330DB56AF9007D03F4 /* Copy Files into Settings */ = {
			isa = PBXCopyFilesBuildPhase;
			buildActionMask = 2147483647;
			dstPath = Settings.bundle;
			dstSubfolderSpec = 1;
			files = (
				BC24A4980E2487830074FD4C /* Icon.png in Copy Files into Settings */,
				BC263C2F0DB56AE9007D03F4 /* Root.plist in Copy Files into Settings */,
			);
			name = "Copy Files into Settings";
			runOnlyForDeploymentPostprocessing = 0;
		};
		BC263C650DB57671007D03F4 /* Copy Files into Settings:en */ = {
			isa = PBXCopyFilesBuildPhase;
			buildActionMask = 2147483647;
			dstPath = Settings.bundle/en.lproj;
			dstSubfolderSpec = 1;
			files = (
				BC263C380DB56BA5007D03F4 /* Root.strings in Copy Files into Settings:en */,
			);
			name = "Copy Files into Settings:en";
			runOnlyForDeploymentPostprocessing = 0;
		};
/* End PBXCopyFilesBuildPhase section */

/* Begin PBXFileReference section */
		1D30AB110D05D00D00671497 /* Foundation.framework */ = {isa = PBXFileReference; lastKnownFileType = wrapper.framework; name = Foundation.framework; path = System/Library/Frameworks/Foundation.framework; sourceTree = SDKROOT; };
		1D3623240D0F684500981E51 /* EatWatchAppDelegate.h */ = {isa = PBXFileReference; fileEncoding = 4; lastKnownFileType = sourcecode.c.h; path = EatWatchAppDelegate.h; sourceTree = "<group>"; };
		1D3623250D0F684500981E51 /* EatWatchAppDelegate.m */ = {isa = PBXFileReference; fileEncoding = 4; lastKnownFileType = sourcecode.c.objc; path = EatWatchAppDelegate.m; sourceTree = "<group>"; };
		1D3623EB0D0F72F000981E51 /* CoreGraphics.framework */ = {isa = PBXFileReference; lastKnownFileType = wrapper.framework; name = CoreGraphics.framework; path = System/Library/Frameworks/CoreGraphics.framework; sourceTree = SDKROOT; };
		1D6058910D05DD3D006BFB54 /* FatWatch-Debug.app */ = {isa = PBXFileReference; explicitFileType = wrapper.application; includeInIndex = 0; path = "FatWatch-Debug.app"; sourceTree = BUILT_PRODUCTS_DIR; };
		1DF5F4DF0D08C38300B7A737 /* UIKit.framework */ = {isa = PBXFileReference; lastKnownFileType = wrapper.framework; name = UIKit.framework; path = System/Library/Frameworks/UIKit.framework; sourceTree = SDKROOT; };
		29B97316FDCFA39411CA2CEA /* main.m */ = {isa = PBXFileReference; fileEncoding = 4; lastKnownFileType = sourcecode.c.objc; path = main.m; sourceTree = "<group>"; };
		32CA4F630368D1EE00C91783 /* EatWatch_Prefix.pch */ = {isa = PBXFileReference; fileEncoding = 4; lastKnownFileType = sourcecode.c.h; path = EatWatch_Prefix.pch; sourceTree = "<group>"; };
		8D1107310486CEB800E47090 /* Info.plist */ = {isa = PBXFileReference; fileEncoding = 4; lastKnownFileType = text.plist.xml; path = Info.plist; sourceTree = "<group>"; };
		BC0211F50DC15D9800BA97BB /* NewDatabaseViewController.h */ = {isa = PBXFileReference; fileEncoding = 4; lastKnownFileType = sourcecode.c.h; name = NewDatabaseViewController.h; path = Classes/NewDatabaseViewController.h; sourceTree = "<group>"; };
		BC0211F60DC15D9800BA97BB /* NewDatabaseViewController.m */ = {isa = PBXFileReference; fileEncoding = 4; lastKnownFileType = sourcecode.c.objc; name = NewDatabaseViewController.m; path = Classes/NewDatabaseViewController.m; sourceTree = "<group>"; };
		BC040FDF10D99047008FCB11 /* Flag1Button0.png */ = {isa = PBXFileReference; lastKnownFileType = image.png; path = Flag1Button0.png; sourceTree = "<group>"; };
		BC040FE010D99047008FCB11 /* Flag1Button1.png */ = {isa = PBXFileReference; lastKnownFileType = image.png; path = Flag1Button1.png; sourceTree = "<group>"; };
		BC040FE110D99047008FCB11 /* Flag2Button0.png */ = {isa = PBXFileReference; lastKnownFileType = image.png; path = Flag2Button0.png; sourceTree = "<group>"; };
		BC040FE210D99047008FCB11 /* Flag2Button1.png */ = {isa = PBXFileReference; lastKnownFileType = image.png; path = Flag2Button1.png; sourceTree = "<group>"; };
		BC040FE310D99047008FCB11 /* Flag3Button0.png */ = {isa = PBXFileReference; lastKnownFileType = image.png; path = Flag3Button0.png; sourceTree = "<group>"; };
		BC040FE410D99047008FCB11 /* Flag3Button1.png */ = {isa = PBXFileReference; lastKnownFileType = image.png; path = Flag3Button1.png; sourceTree = "<group>"; };
		BC040FE510D99047008FCB11 /* Flag4Button0.png */ = {isa = PBXFileReference; lastKnownFileType = image.png; path = Flag4Button0.png; sourceTree = "<group>"; };
		BC040FE610D99047008FCB11 /* Flag4Button1.png */ = {isa = PBXFileReference; lastKnownFileType = image.png; path = Flag4Button1.png; sourceTree = "<group>"; };
		BC0410F010D9D532008FCB11 /* FakeValues.js */ = {isa = PBXFileReference; fileEncoding = 4; lastKnownFileType = sourcecode.javascript; path = FakeValues.js; sourceTree = "<group>"; };
		BC04125E10DA0D2E008FCB11 /* en */ = {isa = PBXFileReference; fileEncoding = 4; lastKnownFileType = text.html; name = en; path = en.lproj/import.html; sourceTree = SOURCE_ROOT; };
		BC04126910DA0DD3008FCB11 /* fatwatch.js */ = {isa = PBXFileReference; fileEncoding = 4; lastKnownFileType = sourcecode.javascript; path = fatwatch.js; sourceTree = "<group>"; };
		BC04126E10DA12DB008FCB11 /* FakeImport.js */ = {isa = PBXFileReference; fileEncoding = 4; lastKnownFileType = sourcecode.javascript; path = FakeImport.js; sourceTree = "<group>"; };
		BC04130C10DB718C008FCB11 /* BRJSON.h */ = {isa = PBXFileReference; fileEncoding = 4; lastKnownFileType = sourcecode.c.h; path = BRJSON.h; sourceTree = "<group>"; };
		BC04130D10DB718C008FCB11 /* BRJSON.m */ = {isa = PBXFileReference; fileEncoding = 4; lastKnownFileType = sourcecode.c.objc; path = BRJSON.m; sourceTree = "<group>"; };
		BC04131110DB7AD9008FCB11 /* WebResources.plist */ = {isa = PBXFileReference; fileEncoding = 4; lastKnownFileType = text.plist.xml; path = WebResources.plist; sourceTree = "<group>"; };
		BC04131510DB8024008FCB11 /* CSVExporter.h */ = {isa = PBXFileReference; fileEncoding = 4; lastKnownFileType = sourcecode.c.h; name = CSVExporter.h; path = Classes/CSVExporter.h; sourceTree = "<group>"; };
		BC04131610DB8024008FCB11 /* CSVExporter.m */ = {isa = PBXFileReference; fileEncoding = 4; lastKnownFileType = sourcecode.c.objc; name = CSVExporter.m; path = Classes/CSVExporter.m; sourceTree = "<group>"; };
		BC04131810DB804B008FCB11 /* EWExporter.h */ = {isa = PBXFileReference; fileEncoding = 4; lastKnownFileType = sourcecode.c.h; name = EWExporter.h; path = Classes/EWExporter.h; sourceTree = "<group>"; };
		BC04131910DB804B008FCB11 /* EWExporter.m */ = {isa = PBXFileReference; fileEncoding = 4; lastKnownFileType = sourcecode.c.objc; name = EWExporter.m; path = Classes/EWExporter.m; sourceTree = "<group>"; };
		BC0413B710DC4D52008FCB11 /* FormDataParserTest.m */ = {isa = PBXFileReference; fileEncoding = 4; lastKnownFileType = sourcecode.c.objc; path = FormDataParserTest.m; sourceTree = "<group>"; };
		BC04150910DD8AE3008FCB11 /* MoreDefaults.plist */ = {isa = PBXFileReference; fileEncoding = 4; lastKnownFileType = text.plist.xml; path = MoreDefaults.plist; sourceTree = "<group>"; };
		BC04159810DE1656008FCB11 /* NSUserDefaults+EWAdditions.h */ = {isa = PBXFileReference; fileEncoding = 4; lastKnownFileType = sourcecode.c.h; path = "NSUserDefaults+EWAdditions.h"; sourceTree = "<group>"; };
		BC04159910DE1656008FCB11 /* NSUserDefaults+EWAdditions.m */ = {isa = PBXFileReference; fileEncoding = 4; lastKnownFileType = sourcecode.c.objc; path = "NSUserDefaults+EWAdditions.m"; sourceTree = "<group>"; };
		BC0415AF10DE20D7008FCB11 /* EWWeightFormatter.h */ = {isa = PBXFileReference; fileEncoding = 4; lastKnownFileType = sourcecode.c.h; path = EWWeightFormatter.h; sourceTree = "<group>"; };
		BC0415B010DE20D7008FCB11 /* EWWeightFormatter.m */ = {isa = PBXFileReference; fileEncoding = 4; lastKnownFileType = sourcecode.c.objc; path = EWWeightFormatter.m; sourceTree = "<group>"; };
		BC04162C10DE46E4008FCB11 /* EWWeightChangeFormatter.h */ = {isa = PBXFileReference; fileEncoding = 4; lastKnownFileType = sourcecode.c.h; path = EWWeightChangeFormatter.h; sourceTree = "<group>"; };
		BC04162D10DE46E4008FCB11 /* EWWeightChangeFormatter.m */ = {isa = PBXFileReference; fileEncoding = 4; lastKnownFileType = sourcecode.c.objc; path = EWWeightChangeFormatter.m; sourceTree = "<group>"; };
		BC0CE2F80DDB732000AB8899 /* CFNetwork.framework */ = {isa = PBXFileReference; lastKnownFileType = wrapper.framework; name = CFNetwork.framework; path = System/Library/Frameworks/CFNetwork.framework; sourceTree = SDKROOT; };
		BC0CE4160DDBE10F00AB8899 /* en */ = {isa = PBXFileReference; fileEncoding = 4; lastKnownFileType = text.html; name = en; path = en.lproj/home.html; sourceTree = "<group>"; };
		BC0CE4610DDC0F6300AB8899 /* DataSearch.h */ = {isa = PBXFileReference; fileEncoding = 4; lastKnownFileType = sourcecode.c.h; name = DataSearch.h; path = Classes/DataSearch.h; sourceTree = "<group>"; };
		BC0CE4620DDC0F6300AB8899 /* DataSearch.m */ = {isa = PBXFileReference; fileEncoding = 4; lastKnownFileType = sourcecode.c.objc; name = DataSearch.m; path = Classes/DataSearch.m; sourceTree = "<group>"; };
		BC1DE01D0E91FC6C002684E7 /* Release Notes.txt */ = {isa = PBXFileReference; fileEncoding = 4; lastKnownFileType = text; path = "Release Notes.txt"; sourceTree = "<group>"; };
		BC1F83B70DB150B800DA88E6 /* EWDate.h */ = {isa = PBXFileReference; fileEncoding = 4; lastKnownFileType = sourcecode.c.h; path = EWDate.h; sourceTree = "<group>"; };
		BC1F83B80DB150B800DA88E6 /* EWDate.m */ = {isa = PBXFileReference; fileEncoding = 4; lastKnownFileType = sourcecode.c.objc; path = EWDate.m; sourceTree = "<group>"; };
		BC24A4970E2487830074FD4C /* Icon.png */ = {isa = PBXFileReference; lastKnownFileType = image.png; path = Icon.png; sourceTree = "<group>"; };
		BC24A4990E24879D0074FD4C /* Icon.png */ = {isa = PBXFileReference; lastKnownFileType = image.png; path = Icon.png; sourceTree = "<group>"; };
		BC24A7510E25DEA60074FD4C /* en */ = {isa = PBXFileReference; lastKnownFileType = file.xib; name = en; path = en.lproj/LogEntryView.xib; sourceTree = "<group>"; };
		BC263C2B0DB56A69007D03F4 /* Root.plist */ = {isa = PBXFileReference; explicitFileType = text.plist.xml; fileEncoding = 4; path = Root.plist; plistStructureDefinitionIdentifier = "com.apple.xcode.plist.structure-definition.iphone.settings"; sourceTree = "<group>"; };
		BC263C360DB56B9D007D03F4 /* Root.strings */ = {isa = PBXFileReference; fileEncoding = 10; lastKnownFileType = text.plist.strings; path = Root.strings; sourceTree = "<group>"; };
		BC263E810DB6665E007D03F4 /* GraphView.h */ = {isa = PBXFileReference; fileEncoding = 4; lastKnownFileType = sourcecode.c.h; name = GraphView.h; path = Classes/GraphView.h; sourceTree = "<group>"; };
		BC263E820DB6665E007D03F4 /* GraphView.m */ = {isa = PBXFileReference; fileEncoding = 4; lastKnownFileType = sourcecode.c.objc; name = GraphView.m; path = Classes/GraphView.m; sourceTree = "<group>"; };
		BC2806C70E3CF72600986341 /* TabIconGoal.png */ = {isa = PBXFileReference; lastKnownFileType = image.png; path = TabIconGoal.png; sourceTree = "<group>"; };
		BC2CBA860EC989DA002087B7 /* Entitlements.plist */ = {isa = PBXFileReference; fileEncoding = 4; lastKnownFileType = text.plist.xml; path = Entitlements.plist; sourceTree = "<group>"; };
		BC3384010DE78303001F1052 /* DatabaseTest.m */ = {isa = PBXFileReference; fileEncoding = 4; lastKnownFileType = sourcecode.c.objc; path = DatabaseTest.m; sourceTree = "<group>"; };
		BC4722230DE368C80081F576 /* en */ = {isa = PBXFileReference; fileEncoding = 4; lastKnownFileType = text.html; name = en; path = en.lproj/importAccepted.html; sourceTree = "<group>"; };
		BC4722250DE368E80081F576 /* en */ = {isa = PBXFileReference; fileEncoding = 4; lastKnownFileType = text.html; name = en; path = en.lproj/importPending.html; sourceTree = "<group>"; };
		BC4722270DE369010081F576 /* en */ = {isa = PBXFileReference; fileEncoding = 4; lastKnownFileType = text.html; name = en; path = en.lproj/importNoData.html; sourceTree = "<group>"; };
		BC4F25FE0EDD333A0010B5BE /* LogViewController.xib */ = {isa = PBXFileReference; lastKnownFileType = file.xib; name = LogViewController.xib; path = Interfaces/LogViewController.xib; sourceTree = "<group>"; };
		BC4F26790EDE67900010B5BE /* BRTextView.h */ = {isa = PBXFileReference; fileEncoding = 4; lastKnownFileType = sourcecode.c.h; name = BRTextView.h; path = Classes/BRTextView.h; sourceTree = "<group>"; };
		BC4F267A0EDE67900010B5BE /* BRTextView.m */ = {isa = PBXFileReference; fileEncoding = 4; lastKnownFileType = sourcecode.c.objc; name = BRTextView.m; path = Classes/BRTextView.m; sourceTree = "<group>"; };
		BC51B88C0E3ACACC00D3B4C1 /* BRTableRow.h */ = {isa = PBXFileReference; fileEncoding = 4; lastKnownFileType = sourcecode.c.h; path = BRTableRow.h; sourceTree = "<group>"; };
		BC51B88D0E3ACACC00D3B4C1 /* BRTableRow.m */ = {isa = PBXFileReference; fileEncoding = 4; lastKnownFileType = sourcecode.c.objc; path = BRTableRow.m; sourceTree = "<group>"; };
		BC51B88E0E3ACACC00D3B4C1 /* BRTableSection.h */ = {isa = PBXFileReference; fileEncoding = 4; lastKnownFileType = sourcecode.c.h; path = BRTableSection.h; sourceTree = "<group>"; };
		BC51B88F0E3ACACC00D3B4C1 /* BRTableSection.m */ = {isa = PBXFileReference; fileEncoding = 4; lastKnownFileType = sourcecode.c.objc; path = BRTableSection.m; sourceTree = "<group>"; };
		BC51B8900E3ACACC00D3B4C1 /* BRTableViewController.h */ = {isa = PBXFileReference; fileEncoding = 4; lastKnownFileType = sourcecode.c.h; path = BRTableViewController.h; sourceTree = "<group>"; };
		BC51B8910E3ACACC00D3B4C1 /* BRTableViewController.m */ = {isa = PBXFileReference; fileEncoding = 4; lastKnownFileType = sourcecode.c.objc; path = BRTableViewController.m; sourceTree = "<group>"; };
		BC51B8980E3ACB9A00D3B4C1 /* BRTableButtonRow.h */ = {isa = PBXFileReference; fileEncoding = 4; lastKnownFileType = sourcecode.c.h; path = BRTableButtonRow.h; sourceTree = "<group>"; };
		BC51B8990E3ACB9A00D3B4C1 /* BRTableButtonRow.m */ = {isa = PBXFileReference; fileEncoding = 4; lastKnownFileType = sourcecode.c.objc; path = BRTableButtonRow.m; sourceTree = "<group>"; };
		BC51B8E20E3AD5B300D3B4C1 /* BRTableSwitchRow.h */ = {isa = PBXFileReference; fileEncoding = 4; lastKnownFileType = sourcecode.c.h; path = BRTableSwitchRow.h; sourceTree = "<group>"; };
		BC51B8E30E3AD5B300D3B4C1 /* BRTableSwitchRow.m */ = {isa = PBXFileReference; fileEncoding = 4; lastKnownFileType = sourcecode.c.objc; path = BRTableSwitchRow.m; sourceTree = "<group>"; };
		BC51B9A00E3B023E00D3B4C1 /* GoalViewController.h */ = {isa = PBXFileReference; fileEncoding = 4; lastKnownFileType = sourcecode.c.h; name = GoalViewController.h; path = Classes/GoalViewController.h; sourceTree = "<group>"; };
		BC51B9A10E3B023E00D3B4C1 /* GoalViewController.m */ = {isa = PBXFileReference; fileEncoding = 4; lastKnownFileType = sourcecode.c.objc; name = GoalViewController.m; path = Classes/GoalViewController.m; sourceTree = "<group>"; };
		BC51B9D00E3B08C500D3B4C1 /* BRTableValueRow.h */ = {isa = PBXFileReference; fileEncoding = 4; lastKnownFileType = sourcecode.c.h; path = BRTableValueRow.h; sourceTree = "<group>"; };
		BC51B9D10E3B08C500D3B4C1 /* BRTableValueRow.m */ = {isa = PBXFileReference; fileEncoding = 4; lastKnownFileType = sourcecode.c.objc; path = BRTableValueRow.m; sourceTree = "<group>"; };
		BC51B9D30E3B0C0200D3B4C1 /* BRTableDatePickerRow.h */ = {isa = PBXFileReference; fileEncoding = 4; lastKnownFileType = sourcecode.c.h; path = BRTableDatePickerRow.h; sourceTree = "<group>"; };
		BC51B9D40E3B0C0200D3B4C1 /* BRTableDatePickerRow.m */ = {isa = PBXFileReference; fileEncoding = 4; lastKnownFileType = sourcecode.c.objc; path = BRTableDatePickerRow.m; sourceTree = "<group>"; };
		BC5CB3790E27E5DA00A3B11C /* TabIconLog.png */ = {isa = PBXFileReference; lastKnownFileType = image.png; path = TabIconLog.png; sourceTree = "<group>"; };
		BC5CB37B0E27E5DA00A3B11C /* TabIconTrend.png */ = {isa = PBXFileReference; lastKnownFileType = image.png; path = TabIconTrend.png; sourceTree = "<group>"; };
		BC5CCFC90D9F850A00B88515 /* LogEntryViewController.h */ = {isa = PBXFileReference; fileEncoding = 4; lastKnownFileType = sourcecode.c.h; name = LogEntryViewController.h; path = Classes/LogEntryViewController.h; sourceTree = "<group>"; };
		BC5CCFCA0D9F850A00B88515 /* LogEntryViewController.m */ = {isa = PBXFileReference; fileEncoding = 4; lastKnownFileType = sourcecode.c.objc; name = LogEntryViewController.m; path = Classes/LogEntryViewController.m; sourceTree = "<group>"; };
		BC65EBB10DEBA5F90008E677 /* en */ = {isa = PBXFileReference; fileEncoding = 10; lastKnownFileType = text.plist.strings; name = en; path = en.lproj/Localizable.strings; sourceTree = "<group>"; };
		BC65EBBA0DEBA8FE0008E677 /* en */ = {isa = PBXFileReference; fileEncoding = 4; lastKnownFileType = text.plist.xml; name = en; path = en.lproj/TrendSpans.plist; sourceTree = "<group>"; };
		BC69B4890DB86D1300E4A333 /* SlopeComputer.h */ = {isa = PBXFileReference; fileEncoding = 4; lastKnownFileType = sourcecode.c.h; name = SlopeComputer.h; path = Classes/SlopeComputer.h; sourceTree = "<group>"; };
		BC69B48A0DB86D1300E4A333 /* SlopeComputer.m */ = {isa = PBXFileReference; fileEncoding = 4; lastKnownFileType = sourcecode.c.objc; name = SlopeComputer.m; path = Classes/SlopeComputer.m; sourceTree = "<group>"; };
		BC6A8E770FEEAAE8002F6BE9 /* EWWiFiAccessViewController.h */ = {isa = PBXFileReference; fileEncoding = 4; lastKnownFileType = sourcecode.c.h; name = EWWiFiAccessViewController.h; path = Classes/EWWiFiAccessViewController.h; sourceTree = "<group>"; };
		BC6A8E780FEEAAE8002F6BE9 /* EWWiFiAccessViewController.m */ = {isa = PBXFileReference; fileEncoding = 4; lastKnownFileType = sourcecode.c.objc; name = EWWiFiAccessViewController.m; path = Classes/EWWiFiAccessViewController.m; sourceTree = "<group>"; };
		BC6A8E7A0FEEAAFE002F6BE9 /* EWWiFiAccessView.xib */ = {isa = PBXFileReference; lastKnownFileType = file.xib; name = EWWiFiAccessView.xib; path = Interfaces/EWWiFiAccessView.xib; sourceTree = "<group>"; };
		BC6A8E9E0FEECB5B002F6BE9 /* BRReachability.h */ = {isa = PBXFileReference; fileEncoding = 4; lastKnownFileType = sourcecode.c.h; name = BRReachability.h; path = Classes/BRReachability.h; sourceTree = "<group>"; };
		BC6A8E9F0FEECB5B002F6BE9 /* BRReachability.m */ = {isa = PBXFileReference; fileEncoding = 4; lastKnownFileType = sourcecode.c.objc; name = BRReachability.m; path = Classes/BRReachability.m; sourceTree = "<group>"; };
		BC6A8EAD0FEECB6A002F6BE9 /* SystemConfiguration.framework */ = {isa = PBXFileReference; lastKnownFileType = wrapper.framework; name = SystemConfiguration.framework; path = System/Library/Frameworks/SystemConfiguration.framework; sourceTree = SDKROOT; };
		BC6FF1AC0E774B3B000BABED /* TrendSpan.h */ = {isa = PBXFileReference; fileEncoding = 4; lastKnownFileType = sourcecode.c.h; name = TrendSpan.h; path = Classes/TrendSpan.h; sourceTree = "<group>"; };
		BC6FF1AD0E774B3B000BABED /* TrendSpan.m */ = {isa = PBXFileReference; fileEncoding = 4; lastKnownFileType = sourcecode.c.objc; name = TrendSpan.m; path = Classes/TrendSpan.m; sourceTree = "<group>"; };
		BC749EC010E31425001E8030 /* TrendView.xib */ = {isa = PBXFileReference; lastKnownFileType = file.xib; name = TrendView.xib; path = Interfaces/TrendView.xib; sourceTree = "<group>"; };
		BC749EC610E31E9D001E8030 /* TriangleDown.png */ = {isa = PBXFileReference; lastKnownFileType = image.png; path = TriangleDown.png; sourceTree = "<group>"; };
		BC749EC710E31E9D001E8030 /* TriangleUp.png */ = {isa = PBXFileReference; lastKnownFileType = image.png; path = TriangleUp.png; sourceTree = "<group>"; };
		BC749EEA10E33EC8001E8030 /* EWTrendButton.h */ = {isa = PBXFileReference; fileEncoding = 4; lastKnownFileType = sourcecode.c.h; name = EWTrendButton.h; path = Classes/EWTrendButton.h; sourceTree = "<group>"; };
		BC749EEB10E33EC8001E8030 /* EWTrendButton.m */ = {isa = PBXFileReference; fileEncoding = 4; lastKnownFileType = sourcecode.c.objc; name = EWTrendButton.m; path = Classes/EWTrendButton.m; sourceTree = "<group>"; };
		BC78DA2C0E51533D0094ECBD /* YAxisView.h */ = {isa = PBXFileReference; fileEncoding = 4; lastKnownFileType = sourcecode.c.h; name = YAxisView.h; path = Classes/YAxisView.h; sourceTree = "<group>"; };
		BC78DA2D0E51533D0094ECBD /* YAxisView.m */ = {isa = PBXFileReference; fileEncoding = 4; lastKnownFileType = sourcecode.c.objc; name = YAxisView.m; path = Classes/YAxisView.m; sourceTree = "<group>"; };
		BC8272DB0D9EAF8900A24663 /* LogTableViewCell.h */ = {isa = PBXFileReference; fileEncoding = 4; lastKnownFileType = sourcecode.c.h; name = LogTableViewCell.h; path = Classes/LogTableViewCell.h; sourceTree = "<group>"; };
		BC8272DC0D9EAF8900A24663 /* LogTableViewCell.m */ = {isa = PBXFileReference; fileEncoding = 4; lastKnownFileType = sourcecode.c.objc; name = LogTableViewCell.m; path = Classes/LogTableViewCell.m; sourceTree = "<group>"; };
		BC82AE980E6FC77200E2A693 /* GraphDrawingOperation.h */ = {isa = PBXFileReference; fileEncoding = 4; lastKnownFileType = sourcecode.c.h; name = GraphDrawingOperation.h; path = Classes/GraphDrawingOperation.h; sourceTree = "<group>"; };
		BC82AE990E6FC77200E2A693 /* GraphDrawingOperation.m */ = {isa = PBXFileReference; fileEncoding = 4; lastKnownFileType = sourcecode.c.objc; name = GraphDrawingOperation.m; path = Classes/GraphDrawingOperation.m; sourceTree = "<group>"; };
		BC871F190DC7BE5A009312BA /* MicroWebServer.h */ = {isa = PBXFileReference; fileEncoding = 4; lastKnownFileType = sourcecode.c.h; name = MicroWebServer.h; path = Classes/MicroWebServer.h; sourceTree = "<group>"; };
		BC871F1A0DC7BE5A009312BA /* MicroWebServer.m */ = {isa = PBXFileReference; fileEncoding = 4; lastKnownFileType = sourcecode.c.objc; name = MicroWebServer.m; path = Classes/MicroWebServer.m; sourceTree = "<group>"; };
		BC8B86070DDF920100045F01 /* CSVWriter.h */ = {isa = PBXFileReference; fileEncoding = 4; lastKnownFileType = sourcecode.c.h; name = CSVWriter.h; path = Classes/CSVWriter.h; sourceTree = "<group>"; };
		BC8B86080DDF920100045F01 /* CSVWriter.m */ = {isa = PBXFileReference; fileEncoding = 4; lastKnownFileType = sourcecode.c.objc; name = CSVWriter.m; path = Classes/CSVWriter.m; sourceTree = "<group>"; };
		BC8B86120DDF9D5A00045F01 /* CSVReader.h */ = {isa = PBXFileReference; fileEncoding = 4; lastKnownFileType = sourcecode.c.h; name = CSVReader.h; path = Classes/CSVReader.h; sourceTree = "<group>"; };
		BC8B86130DDF9D5A00045F01 /* CSVReader.m */ = {isa = PBXFileReference; fileEncoding = 4; lastKnownFileType = sourcecode.c.objc; name = CSVReader.m; path = Classes/CSVReader.m; sourceTree = "<group>"; };
		BC909D660F16F8CC0090472C /* Default.png */ = {isa = PBXFileReference; lastKnownFileType = image.png; path = Default.png; sourceTree = "<group>"; };
		BC9108E90E36901E007B7941 /* PasscodeView.xib */ = {isa = PBXFileReference; lastKnownFileType = file.xib; name = PasscodeView.xib; path = Interfaces/PasscodeView.xib; sourceTree = "<group>"; };
		BC9108ED0E36DDBA007B7941 /* PasscodeEntryViewController.h */ = {isa = PBXFileReference; fileEncoding = 4; lastKnownFileType = sourcecode.c.h; name = PasscodeEntryViewController.h; path = Classes/PasscodeEntryViewController.h; sourceTree = "<group>"; };
		BC9108EE0E36DDBA007B7941 /* PasscodeEntryViewController.m */ = {isa = PBXFileReference; fileEncoding = 4; lastKnownFileType = sourcecode.c.objc; name = PasscodeEntryViewController.m; path = Classes/PasscodeEntryViewController.m; sourceTree = "<group>"; };
		BC910BC90E385C0F007B7941 /* EWDateTest.m */ = {isa = PBXFileReference; fileEncoding = 4; lastKnownFileType = sourcecode.c.objc; path = EWDateTest.m; sourceTree = "<group>"; };
		BC9A2E830F15B43E00A284E7 /* BRRoundRectView.h */ = {isa = PBXFileReference; fileEncoding = 4; lastKnownFileType = sourcecode.c.h; path = BRRoundRectView.h; sourceTree = "<group>"; };
		BC9A2E840F15B43E00A284E7 /* BRRoundRectView.m */ = {isa = PBXFileReference; fileEncoding = 4; lastKnownFileType = sourcecode.c.objc; path = BRRoundRectView.m; sourceTree = "<group>"; };
		BC9BDEAF0DA9D19D0004E70C /* DBCreate2.sql */ = {isa = PBXFileReference; fileEncoding = 4; lastKnownFileType = text; path = DBCreate2.sql; sourceTree = "<group>"; };
		BC9BDF340DA9E3190004E70C /* libsqlite3.0.dylib */ = {isa = PBXFileReference; lastKnownFileType = "compiled.mach-o.dylib"; name = libsqlite3.0.dylib; path = usr/lib/libsqlite3.0.dylib; sourceTree = SDKROOT; };
		BCA7D0B10D9DF81700C6B7D9 /* Notes.txt */ = {isa = PBXFileReference; fileEncoding = 4; lastKnownFileType = text; path = Notes.txt; sourceTree = "<group>"; wrapsLines = 1; };
		BCA7D0B40D9DF88200C6B7D9 /* LogViewController.h */ = {isa = PBXFileReference; fileEncoding = 4; lastKnownFileType = sourcecode.c.h; name = LogViewController.h; path = Classes/LogViewController.h; sourceTree = "<group>"; };
		BCA7D0B50D9DF88200C6B7D9 /* LogViewController.m */ = {isa = PBXFileReference; fileEncoding = 4; lastKnownFileType = sourcecode.c.objc; name = LogViewController.m; path = Classes/LogViewController.m; sourceTree = "<group>"; };
		BCA7D0B70D9DF8D700C6B7D9 /* GraphViewController.h */ = {isa = PBXFileReference; fileEncoding = 4; lastKnownFileType = sourcecode.c.h; name = GraphViewController.h; path = Classes/GraphViewController.h; sourceTree = "<group>"; };
		BCA7D0B80D9DF8D700C6B7D9 /* GraphViewController.m */ = {isa = PBXFileReference; fileEncoding = 4; lastKnownFileType = sourcecode.c.objc; name = GraphViewController.m; path = Classes/GraphViewController.m; sourceTree = "<group>"; };
		BCA7D0BB0D9DF90C00C6B7D9 /* TrendViewController.h */ = {isa = PBXFileReference; fileEncoding = 4; lastKnownFileType = sourcecode.c.h; name = TrendViewController.h; path = Classes/TrendViewController.h; sourceTree = "<group>"; };
		BCA7D0BC0D9DF90C00C6B7D9 /* TrendViewController.m */ = {isa = PBXFileReference; fileEncoding = 4; lastKnownFileType = sourcecode.c.objc; name = TrendViewController.m; path = Classes/TrendViewController.m; sourceTree = "<group>"; };
		BCABE03F0DD932A100DE580A /* RootViewController.h */ = {isa = PBXFileReference; fileEncoding = 4; lastKnownFileType = sourcecode.c.h; name = RootViewController.h; path = Classes/RootViewController.h; sourceTree = "<group>"; };
		BCABE0400DD932A100DE580A /* RootViewController.m */ = {isa = PBXFileReference; fileEncoding = 4; lastKnownFileType = sourcecode.c.objc; name = RootViewController.m; path = Classes/RootViewController.m; sourceTree = "<group>"; };
		BCB18CAF0E5A9DD70055F91E /* EWGoal.h */ = {isa = PBXFileReference; fileEncoding = 4; lastKnownFileType = sourcecode.c.h; name = EWGoal.h; path = Classes/EWGoal.h; sourceTree = "<group>"; };
		BCB18CB00E5A9DD70055F91E /* EWGoal.m */ = {isa = PBXFileReference; fileEncoding = 4; lastKnownFileType = sourcecode.c.objc; name = EWGoal.m; path = Classes/EWGoal.m; sourceTree = "<group>"; };
		BCB36DF90ECEDF3F00AAB7DF /* HeightEntryViewController.h */ = {isa = PBXFileReference; fileEncoding = 4; lastKnownFileType = sourcecode.c.h; name = HeightEntryViewController.h; path = Classes/HeightEntryViewController.h; sourceTree = "<group>"; };
		BCB36DFA0ECEDF3F00AAB7DF /* HeightEntryViewController.m */ = {isa = PBXFileReference; fileEncoding = 4; lastKnownFileType = sourcecode.c.objc; name = HeightEntryViewController.m; path = Classes/HeightEntryViewController.m; sourceTree = "<group>"; };
		BCB36E0A0ECEE00D00AAB7DF /* HeightEntryView.xib */ = {isa = PBXFileReference; lastKnownFileType = file.xib; name = HeightEntryView.xib; path = Interfaces/HeightEntryView.xib; sourceTree = "<group>"; };
		BCBA50760FE49B7300EAD2F3 /* build.xml */ = {isa = PBXFileReference; fileEncoding = 4; lastKnownFileType = text.xml; path = build.xml; sourceTree = "<group>"; };
		BCC485D410F2700300563776 /* NavButton0.png */ = {isa = PBXFileReference; lastKnownFileType = image.png; path = NavButton0.png; sourceTree = "<group>"; };
		BCC485D510F2700300563776 /* NavButton1.png */ = {isa = PBXFileReference; lastKnownFileType = image.png; path = NavButton1.png; sourceTree = "<group>"; };
		BCC4E51B10D4CC6D00E4C1A3 /* DBCreate3.sql */ = {isa = PBXFileReference; fileEncoding = 4; lastKnownFileType = text; path = DBCreate3.sql; sourceTree = "<group>"; };
		BCC4E54110D4D07E00E4C1A3 /* DBCreate1.sql */ = {isa = PBXFileReference; fileEncoding = 4; lastKnownFileType = text; path = DBCreate1.sql; sourceTree = "<group>"; };
		BCC4E6CC10D58C9E00E4C1A3 /* BRPopUpViewController.h */ = {isa = PBXFileReference; fileEncoding = 4; lastKnownFileType = sourcecode.c.h; path = BRPopUpViewController.h; sourceTree = "<group>"; };
		BCC4E6CD10D58C9E00E4C1A3 /* BRPopUpViewController.m */ = {isa = PBXFileReference; fileEncoding = 4; lastKnownFileType = sourcecode.c.objc; path = BRPopUpViewController.m; sourceTree = "<group>"; };
		BCC4E6D810D5934800E4C1A3 /* LogInfoPickerController.h */ = {isa = PBXFileReference; fileEncoding = 4; lastKnownFileType = sourcecode.c.h; name = LogInfoPickerController.h; path = Classes/LogInfoPickerController.h; sourceTree = "<group>"; };
		BCC4E6D910D5934800E4C1A3 /* LogInfoPickerController.m */ = {isa = PBXFileReference; fileEncoding = 4; lastKnownFileType = sourcecode.c.objc; name = LogInfoPickerController.m; path = Classes/LogInfoPickerController.m; sourceTree = "<group>"; };
		BCC4E6DB10D5935E00E4C1A3 /* LogDatePickerController.h */ = {isa = PBXFileReference; fileEncoding = 4; lastKnownFileType = sourcecode.c.h; name = LogDatePickerController.h; path = Classes/LogDatePickerController.h; sourceTree = "<group>"; };
		BCC4E6DC10D5935E00E4C1A3 /* LogDatePickerController.m */ = {isa = PBXFileReference; fileEncoding = 4; lastKnownFileType = sourcecode.c.objc; name = LogDatePickerController.m; path = Classes/LogDatePickerController.m; sourceTree = "<group>"; };
		BCC4E99010D61FE600E4C1A3 /* ColorPalette.plist */ = {isa = PBXFileReference; fileEncoding = 4; lastKnownFileType = text.plist.xml; path = ColorPalette.plist; sourceTree = "<group>"; };
		BCC4E99810D6207B00E4C1A3 /* BRColorPalette.h */ = {isa = PBXFileReference; fileEncoding = 4; lastKnownFileType = sourcecode.c.h; path = BRColorPalette.h; sourceTree = "<group>"; };
		BCC4E99910D6207B00E4C1A3 /* BRColorPalette.m */ = {isa = PBXFileReference; fileEncoding = 4; lastKnownFileType = sourcecode.c.objc; path = BRColorPalette.m; sourceTree = "<group>"; };
		BCC860660DD6C6360034EE2D /* QuartzCore.framework */ = {isa = PBXFileReference; lastKnownFileType = wrapper.framework; name = QuartzCore.framework; path = System/Library/Frameworks/QuartzCore.framework; sourceTree = SDKROOT; };
		BCC943F80EEA634700D267A7 /* Roadmap.txt */ = {isa = PBXFileReference; fileEncoding = 4; lastKnownFileType = text; path = Roadmap.txt; sourceTree = "<group>"; };
		BCC9C1190F140547006367AE /* ExtractDefaults.xsl */ = {isa = PBXFileReference; fileEncoding = 4; lastKnownFileType = text.xml; path = ExtractDefaults.xsl; sourceTree = "<group>"; };
		BCD2D23610EAADD700C1117F /* MessageUI.framework */ = {isa = PBXFileReference; lastKnownFileType = wrapper.framework; name = MessageUI.framework; path = System/Library/Frameworks/MessageUI.framework; sourceTree = SDKROOT; };
		BCD44A1D0DBAFC760009A8EC /* Debug.plist */ = {isa = PBXFileReference; fileEncoding = 4; lastKnownFileType = text.plist.xml; path = Debug.plist; plistStructureDefinitionIdentifier = "com.apple.xcode.plist.structure-definition.iphone.settings"; sourceTree = "<group>"; };
		BCD4C0A00FEFFF9F00E770B7 /* fatwatch.css */ = {isa = PBXFileReference; fileEncoding = 4; lastKnownFileType = text.css; path = fatwatch.css; sourceTree = "<group>"; };
		BCD8BE410EF081EC005639DD /* Passcode0.png */ = {isa = PBXFileReference; lastKnownFileType = image.png; path = Passcode0.png; sourceTree = "<group>"; };
		BCD8BE420EF081EC005639DD /* Passcode1.png */ = {isa = PBXFileReference; lastKnownFileType = image.png; path = Passcode1.png; sourceTree = "<group>"; };
		BCD8BE870EF088C3005639DD /* BRMixedNumberFormatter.h */ = {isa = PBXFileReference; fileEncoding = 4; lastKnownFileType = sourcecode.c.h; path = BRMixedNumberFormatter.h; sourceTree = "<group>"; };
		BCD8BE880EF088C3005639DD /* BRMixedNumberFormatter.m */ = {isa = PBXFileReference; fileEncoding = 4; lastKnownFileType = sourcecode.c.objc; path = BRMixedNumberFormatter.m; sourceTree = "<group>"; };
		BCD8BF9B0EF0B76A005639DD /* BRRangeColorFormatter.h */ = {isa = PBXFileReference; fileEncoding = 4; lastKnownFileType = sourcecode.c.h; name = BRRangeColorFormatter.h; path = Classes/BRRangeColorFormatter.h; sourceTree = SOURCE_ROOT; };
		BCD8BF9C0EF0B76A005639DD /* BRRangeColorFormatter.m */ = {isa = PBXFileReference; fileEncoding = 4; lastKnownFileType = sourcecode.c.objc; name = BRRangeColorFormatter.m; path = Classes/BRRangeColorFormatter.m; sourceTree = SOURCE_ROOT; };
		BCE21B1E0E3BAFCE00E94F6C /* BRTableNumberPickerRow.h */ = {isa = PBXFileReference; fileEncoding = 4; lastKnownFileType = sourcecode.c.h; path = BRTableNumberPickerRow.h; sourceTree = "<group>"; };
		BCE21B1F0E3BAFCE00E94F6C /* BRTableNumberPickerRow.m */ = {isa = PBXFileReference; fileEncoding = 4; lastKnownFileType = sourcecode.c.objc; path = BRTableNumberPickerRow.m; sourceTree = "<group>"; };
		BCE6074F10E01BFC00819E77 /* en */ = {isa = PBXFileReference; lastKnownFileType = file.xib; name = en; path = en.lproj/RungEntryView.xib; sourceTree = "<group>"; };
		BCE6075410E0227000819E77 /* RungEntryViewController.h */ = {isa = PBXFileReference; fileEncoding = 4; lastKnownFileType = sourcecode.c.h; name = RungEntryViewController.h; path = Classes/RungEntryViewController.h; sourceTree = "<group>"; };
		BCE6075510E0227000819E77 /* RungEntryViewController.m */ = {isa = PBXFileReference; fileEncoding = 4; lastKnownFileType = sourcecode.c.objc; name = RungEntryViewController.m; path = Classes/RungEntryViewController.m; sourceTree = "<group>"; };
		BCE6082310E03E7F00819E77 /* EWImporter.h */ = {isa = PBXFileReference; fileEncoding = 4; lastKnownFileType = sourcecode.c.h; name = EWImporter.h; path = Classes/EWImporter.h; sourceTree = "<group>"; };
		BCE6082410E03E7F00819E77 /* EWImporter.m */ = {isa = PBXFileReference; fileEncoding = 4; lastKnownFileType = sourcecode.c.objc; name = EWImporter.m; path = Classes/EWImporter.m; sourceTree = "<group>"; };
		BCEAD9E70DE219710017495E /* SenTestingKit.framework */ = {isa = PBXFileReference; lastKnownFileType = wrapper.framework; name = SenTestingKit.framework; path = Library/Frameworks/SenTestingKit.framework; sourceTree = DEVELOPER_DIR; };
		BCEADA030DE219E70017495E /* CSVReaderTest.m */ = {isa = PBXFileReference; fileEncoding = 4; lastKnownFileType = sourcecode.c.objc; path = CSVReaderTest.m; sourceTree = "<group>"; };
		BCEADADA0DE2A3BE0017495E /* FormDataParser.h */ = {isa = PBXFileReference; fileEncoding = 4; lastKnownFileType = sourcecode.c.h; name = FormDataParser.h; path = Classes/FormDataParser.h; sourceTree = "<group>"; };
		BCEADADB0DE2A3BE0017495E /* FormDataParser.m */ = {isa = PBXFileReference; fileEncoding = 4; lastKnownFileType = sourcecode.c.objc; name = FormDataParser.m; path = Classes/FormDataParser.m; sourceTree = "<group>"; };
		BCF329740EFF629500D31E49 /* GraphView.xib */ = {isa = PBXFileReference; lastKnownFileType = file.xib; name = GraphView.xib; path = Interfaces/GraphView.xib; sourceTree = "<group>"; };
		BCF387020E693F7100816C14 /* Test Plan.txt */ = {isa = PBXFileReference; fileEncoding = 4; lastKnownFileType = text; path = "Test Plan.txt"; sourceTree = "<group>"; };
		BCF52ACF10D066540017C3A1 /* UnitTests.octest */ = {isa = PBXFileReference; explicitFileType = wrapper.cfbundle; includeInIndex = 0; path = UnitTests.octest; sourceTree = BUILT_PRODUCTS_DIR; };
		BCF52AD010D066540017C3A1 /* UnitTests-Info.plist */ = {isa = PBXFileReference; lastKnownFileType = text.plist.xml; path = "UnitTests-Info.plist"; sourceTree = "<group>"; };
		BCF52B4010D068C40017C3A1 /* BRMixedNumberFormatterTest.m */ = {isa = PBXFileReference; fileEncoding = 4; lastKnownFileType = sourcecode.c.objc; path = BRMixedNumberFormatterTest.m; sourceTree = "<group>"; };
		BCF52BD510D0762E0017C3A1 /* DBUpgrade2.sql */ = {isa = PBXFileReference; explicitFileType = text; fileEncoding = 4; path = DBUpgrade2.sql; sourceTree = "<group>"; };
		BCF52C0F10D0A1000017C3A1 /* DBUpgrade3.sql */ = {isa = PBXFileReference; lastKnownFileType = text; path = DBUpgrade3.sql; sourceTree = "<group>"; };
		BCF52C7110D0AE680017C3A1 /* SQLiteDatabase.h */ = {isa = PBXFileReference; fileEncoding = 4; lastKnownFileType = sourcecode.c.h; path = SQLiteDatabase.h; sourceTree = "<group>"; };
		BCF52C7210D0AE680017C3A1 /* SQLiteDatabase.m */ = {isa = PBXFileReference; fileEncoding = 4; lastKnownFileType = sourcecode.c.objc; path = SQLiteDatabase.m; sourceTree = "<group>"; };
		BCF52C7310D0AE680017C3A1 /* SQLiteStatement.h */ = {isa = PBXFileReference; fileEncoding = 4; lastKnownFileType = sourcecode.c.h; path = SQLiteStatement.h; sourceTree = "<group>"; };
		BCF52C7410D0AE680017C3A1 /* SQLiteStatement.m */ = {isa = PBXFileReference; fileEncoding = 4; lastKnownFileType = sourcecode.c.objc; path = SQLiteStatement.m; sourceTree = "<group>"; };
		BCF52C7710D0AEA20017C3A1 /* EWDatabase.h */ = {isa = PBXFileReference; fileEncoding = 4; lastKnownFileType = sourcecode.c.h; path = EWDatabase.h; sourceTree = "<group>"; };
		BCF52C7810D0AEA20017C3A1 /* EWDatabase.m */ = {isa = PBXFileReference; fileEncoding = 4; lastKnownFileType = sourcecode.c.objc; path = EWDatabase.m; sourceTree = "<group>"; };
		BCF52C7A10D0AEB70017C3A1 /* EWDBMonth.h */ = {isa = PBXFileReference; fileEncoding = 4; lastKnownFileType = sourcecode.c.h; path = EWDBMonth.h; sourceTree = "<group>"; };
		BCF52C7B10D0AEB70017C3A1 /* EWDBMonth.m */ = {isa = PBXFileReference; fileEncoding = 4; lastKnownFileType = sourcecode.c.objc; path = EWDBMonth.m; sourceTree = "<group>"; };
		BCFB10FE0E26828D0059D732 /* MoreViewController.h */ = {isa = PBXFileReference; fileEncoding = 4; lastKnownFileType = sourcecode.c.h; name = MoreViewController.h; path = Classes/MoreViewController.h; sourceTree = "<group>"; };
		BCFB10FF0E26828D0059D732 /* MoreViewController.m */ = {isa = PBXFileReference; fileEncoding = 4; lastKnownFileType = sourcecode.c.objc; name = MoreViewController.m; path = Classes/MoreViewController.m; sourceTree = "<group>"; };
/* End PBXFileReference section */

/* Begin PBXFrameworksBuildPhase section */
		1D60588F0D05DD3D006BFB54 /* Frameworks */ = {
			isa = PBXFrameworksBuildPhase;
			buildActionMask = 2147483647;
			files = (
				1D60589F0D05DD5A006BFB54 /* Foundation.framework in Frameworks */,
				1DF5F4E00D08C38300B7A737 /* UIKit.framework in Frameworks */,
				1D3623EC0D0F72F000981E51 /* CoreGraphics.framework in Frameworks */,
				BC9BDF350DA9E3190004E70C /* libsqlite3.0.dylib in Frameworks */,
				BCC860670DD6C6360034EE2D /* QuartzCore.framework in Frameworks */,
				BC0CE2F90DDB732000AB8899 /* CFNetwork.framework in Frameworks */,
				BC6A8EAE0FEECB6A002F6BE9 /* SystemConfiguration.framework in Frameworks */,
				BCD2D23710EAADD700C1117F /* MessageUI.framework in Frameworks */,
			);
			runOnlyForDeploymentPostprocessing = 0;
		};
		BCF52ACC10D066540017C3A1 /* Frameworks */ = {
			isa = PBXFrameworksBuildPhase;
			buildActionMask = 2147483647;
			files = (
				BCF52AD510D066610017C3A1 /* libsqlite3.0.dylib in Frameworks */,
			);
			runOnlyForDeploymentPostprocessing = 0;
		};
/* End PBXFrameworksBuildPhase section */

/* Begin PBXGroup section */
		080E96DDFE201D6D7F000001 /* Classes */ = {
			isa = PBXGroup;
			children = (
				1D3623240D0F684500981E51 /* EatWatchAppDelegate.h */,
				1D3623250D0F684500981E51 /* EatWatchAppDelegate.m */,
				BC04159810DE1656008FCB11 /* NSUserDefaults+EWAdditions.h */,
				BC04159910DE1656008FCB11 /* NSUserDefaults+EWAdditions.m */,
				BC0415AF10DE20D7008FCB11 /* EWWeightFormatter.h */,
				BC0415B010DE20D7008FCB11 /* EWWeightFormatter.m */,
				BC04162C10DE46E4008FCB11 /* EWWeightChangeFormatter.h */,
				BC04162D10DE46E4008FCB11 /* EWWeightChangeFormatter.m */,
				BCD8BE870EF088C3005639DD /* BRMixedNumberFormatter.h */,
				BCD8BE880EF088C3005639DD /* BRMixedNumberFormatter.m */,
			);
			path = Classes;
			sourceTree = "<group>";
		};
		1058C7A0FEA54F0111CA2CBB /* Linked Frameworks */ = {
			isa = PBXGroup;
			children = (
				BCD2D23610EAADD700C1117F /* MessageUI.framework */,
				BCC860660DD6C6360034EE2D /* QuartzCore.framework */,
				BC9BDF340DA9E3190004E70C /* libsqlite3.0.dylib */,
				1D3623EB0D0F72F000981E51 /* CoreGraphics.framework */,
				1DF5F4DF0D08C38300B7A737 /* UIKit.framework */,
				BC0CE2F80DDB732000AB8899 /* CFNetwork.framework */,
				BC6A8EAD0FEECB6A002F6BE9 /* SystemConfiguration.framework */,
				1D30AB110D05D00D00671497 /* Foundation.framework */,
			);
			name = "Linked Frameworks";
			sourceTree = "<group>";
		};
		1058C7A2FEA54F0111CA2CBB /* Other Frameworks */ = {
			isa = PBXGroup;
			children = (
				BCEAD9E70DE219710017495E /* SenTestingKit.framework */,
			);
			name = "Other Frameworks";
			sourceTree = "<group>";
		};
		19C28FACFE9D520D11CA2CBB /* Products */ = {
			isa = PBXGroup;
			children = (
				1D6058910D05DD3D006BFB54 /* FatWatch-Debug.app */,
				BCF52ACF10D066540017C3A1 /* UnitTests.octest */,
			);
			name = Products;
			sourceTree = "<group>";
		};
		29B97314FDCFA39411CA2CEA /* CustomTemplate */ = {
			isa = PBXGroup;
			children = (
				BCBA50760FE49B7300EAD2F3 /* build.xml */,
				BC9A2E820F15B41B00A284E7 /* BRViews */,
				BC51B88B0E3ACACC00D3B4C1 /* BRTables */,
				080E96DDFE201D6D7F000001 /* Classes */,
				BCABE0480DD9373B00DE580A /* View Controllers */,
				BCABE0470DD9372000DE580A /* Log */,
				BCB36E090ECEDFAB00AAB7DF /* Weigh-in */,
				BCB3498F0E6FE8B6000DF454 /* Trends */,
				BCB349900E6FE8C5000DF454 /* Goal */,
				BCB349910E6FE8CE000DF454 /* More */,
				BC82AEA70E6FC7F900E2A693 /* Chart */,
				BCEADAD60DE29D1B0017495E /* Web */,
				BCF52C7010D0AE590017C3A1 /* Data */,
				29B97315FDCFA39411CA2CEA /* Other Sources */,
				8D1107310486CEB800E47090 /* Info.plist */,
				BC2CBA860EC989DA002087B7 /* Entitlements.plist */,
				BC0410F010D9D532008FCB11 /* FakeValues.js */,
				BC04126E10DA12DB008FCB11 /* FakeImport.js */,
				BCF52BD110D075BC0017C3A1 /* Resources */,
				BCF52BCF10D075930017C3A1 /* Localizables */,
				29B97317FDCFA39411CA2CEA /* Images */,
				BC263C2A0DB56A3B007D03F4 /* Settings */,
				29B97323FDCFA39411CA2CEA /* Frameworks */,
				19C28FACFE9D520D11CA2CBB /* Products */,
				BCA7D0B10D9DF81700C6B7D9 /* Notes.txt */,
				BCC943F80EEA634700D267A7 /* Roadmap.txt */,
				BC1DE01D0E91FC6C002684E7 /* Release Notes.txt */,
				BCF387020E693F7100816C14 /* Test Plan.txt */,
				BC7B54E00DDE2C8800B316A1 /* UnitTests */,
			);
			name = CustomTemplate;
			sourceTree = "<group>";
		};
		29B97315FDCFA39411CA2CEA /* Other Sources */ = {
			isa = PBXGroup;
			children = (
				32CA4F630368D1EE00C91783 /* EatWatch_Prefix.pch */,
				BC1F83B70DB150B800DA88E6 /* EWDate.h */,
				BC1F83B80DB150B800DA88E6 /* EWDate.m */,
				29B97316FDCFA39411CA2CEA /* main.m */,
			);
			name = "Other Sources";
			sourceTree = "<group>";
		};
		29B97317FDCFA39411CA2CEA /* Images */ = {
			isa = PBXGroup;
			children = (
				BCC485D410F2700300563776 /* NavButton0.png */,
				BCC485D510F2700300563776 /* NavButton1.png */,
				BCD8BE410EF081EC005639DD /* Passcode0.png */,
				BCD8BE420EF081EC005639DD /* Passcode1.png */,
				BC5CB3790E27E5DA00A3B11C /* TabIconLog.png */,
				BC5CB37B0E27E5DA00A3B11C /* TabIconTrend.png */,
				BC2806C70E3CF72600986341 /* TabIconGoal.png */,
				BC909D660F16F8CC0090472C /* Default.png */,
				BC24A4990E24879D0074FD4C /* Icon.png */,
				BC040FDF10D99047008FCB11 /* Flag1Button0.png */,
				BC040FE010D99047008FCB11 /* Flag1Button1.png */,
				BC040FE110D99047008FCB11 /* Flag2Button0.png */,
				BC040FE210D99047008FCB11 /* Flag2Button1.png */,
				BC040FE310D99047008FCB11 /* Flag3Button0.png */,
				BC040FE410D99047008FCB11 /* Flag3Button1.png */,
				BC040FE510D99047008FCB11 /* Flag4Button0.png */,
				BC040FE610D99047008FCB11 /* Flag4Button1.png */,
				BC749EC610E31E9D001E8030 /* TriangleDown.png */,
				BC749EC710E31E9D001E8030 /* TriangleUp.png */,
			);
			path = Images;
			sourceTree = "<group>";
		};
		29B97323FDCFA39411CA2CEA /* Frameworks */ = {
			isa = PBXGroup;
			children = (
				1058C7A0FEA54F0111CA2CBB /* Linked Frameworks */,
				1058C7A2FEA54F0111CA2CBB /* Other Frameworks */,
			);
			name = Frameworks;
			sourceTree = "<group>";
		};
		BC263C2A0DB56A3B007D03F4 /* Settings */ = {
			isa = PBXGroup;
			children = (
				BC263C2B0DB56A69007D03F4 /* Root.plist */,
				BC263C360DB56B9D007D03F4 /* Root.strings */,
				BCD44A1D0DBAFC760009A8EC /* Debug.plist */,
				BC24A4970E2487830074FD4C /* Icon.png */,
				BCC9C1190F140547006367AE /* ExtractDefaults.xsl */,
			);
			path = Settings;
			sourceTree = "<group>";
		};
		BC51B88B0E3ACACC00D3B4C1 /* BRTables */ = {
			isa = PBXGroup;
			children = (
				BCD8BF9B0EF0B76A005639DD /* BRRangeColorFormatter.h */,
				BCD8BF9C0EF0B76A005639DD /* BRRangeColorFormatter.m */,
				BC51B8900E3ACACC00D3B4C1 /* BRTableViewController.h */,
				BC51B8910E3ACACC00D3B4C1 /* BRTableViewController.m */,
				BC51B88E0E3ACACC00D3B4C1 /* BRTableSection.h */,
				BC51B88F0E3ACACC00D3B4C1 /* BRTableSection.m */,
				BC51B88C0E3ACACC00D3B4C1 /* BRTableRow.h */,
				BC51B88D0E3ACACC00D3B4C1 /* BRTableRow.m */,
				BC51B8980E3ACB9A00D3B4C1 /* BRTableButtonRow.h */,
				BC51B8990E3ACB9A00D3B4C1 /* BRTableButtonRow.m */,
				BC51B8E20E3AD5B300D3B4C1 /* BRTableSwitchRow.h */,
				BC51B8E30E3AD5B300D3B4C1 /* BRTableSwitchRow.m */,
				BC51B9D00E3B08C500D3B4C1 /* BRTableValueRow.h */,
				BC51B9D10E3B08C500D3B4C1 /* BRTableValueRow.m */,
				BC51B9D30E3B0C0200D3B4C1 /* BRTableDatePickerRow.h */,
				BC51B9D40E3B0C0200D3B4C1 /* BRTableDatePickerRow.m */,
				BCE21B1E0E3BAFCE00E94F6C /* BRTableNumberPickerRow.h */,
				BCE21B1F0E3BAFCE00E94F6C /* BRTableNumberPickerRow.m */,
			);
			path = BRTables;
			sourceTree = "<group>";
		};
		BC7B54E00DDE2C8800B316A1 /* UnitTests */ = {
			isa = PBXGroup;
			children = (
				BCF52AD010D066540017C3A1 /* UnitTests-Info.plist */,
				BCF52B4010D068C40017C3A1 /* BRMixedNumberFormatterTest.m */,
				BCEADA030DE219E70017495E /* CSVReaderTest.m */,
				BC3384010DE78303001F1052 /* DatabaseTest.m */,
				BC910BC90E385C0F007B7941 /* EWDateTest.m */,
				BC0413B710DC4D52008FCB11 /* FormDataParserTest.m */,
			);
			path = UnitTests;
			sourceTree = "<group>";
		};
		BC82AEA70E6FC7F900E2A693 /* Chart */ = {
			isa = PBXGroup;
			children = (
				BCA7D0B70D9DF8D700C6B7D9 /* GraphViewController.h */,
				BCA7D0B80D9DF8D700C6B7D9 /* GraphViewController.m */,
				BC263E810DB6665E007D03F4 /* GraphView.h */,
				BC263E820DB6665E007D03F4 /* GraphView.m */,
				BC82AE980E6FC77200E2A693 /* GraphDrawingOperation.h */,
				BC82AE990E6FC77200E2A693 /* GraphDrawingOperation.m */,
				BC78DA2C0E51533D0094ECBD /* YAxisView.h */,
				BC78DA2D0E51533D0094ECBD /* YAxisView.m */,
				BCF329740EFF629500D31E49 /* GraphView.xib */,
			);
			name = Chart;
			sourceTree = "<group>";
		};
		BC9A2E820F15B41B00A284E7 /* BRViews */ = {
			isa = PBXGroup;
			children = (
				BC9A2E830F15B43E00A284E7 /* BRRoundRectView.h */,
				BC9A2E840F15B43E00A284E7 /* BRRoundRectView.m */,
				BCC4E6CC10D58C9E00E4C1A3 /* BRPopUpViewController.h */,
				BCC4E6CD10D58C9E00E4C1A3 /* BRPopUpViewController.m */,
				BCC4E99810D6207B00E4C1A3 /* BRColorPalette.h */,
				BCC4E99910D6207B00E4C1A3 /* BRColorPalette.m */,
				BC04130C10DB718C008FCB11 /* BRJSON.h */,
				BC04130D10DB718C008FCB11 /* BRJSON.m */,
			);
			path = BRViews;
			sourceTree = "<group>";
		};
		BCABE0470DD9372000DE580A /* Log */ = {
			isa = PBXGroup;
			children = (
				BC4F25FE0EDD333A0010B5BE /* LogViewController.xib */,
				BCA7D0B40D9DF88200C6B7D9 /* LogViewController.h */,
				BCA7D0B50D9DF88200C6B7D9 /* LogViewController.m */,
				BC8272DB0D9EAF8900A24663 /* LogTableViewCell.h */,
				BC8272DC0D9EAF8900A24663 /* LogTableViewCell.m */,
				BCC4E6D810D5934800E4C1A3 /* LogInfoPickerController.h */,
				BCC4E6D910D5934800E4C1A3 /* LogInfoPickerController.m */,
				BCC4E6DB10D5935E00E4C1A3 /* LogDatePickerController.h */,
				BCC4E6DC10D5935E00E4C1A3 /* LogDatePickerController.m */,
			);
			name = Log;
			sourceTree = "<group>";
		};
		BCABE0480DD9373B00DE580A /* View Controllers */ = {
			isa = PBXGroup;
			children = (
				BCABE03F0DD932A100DE580A /* RootViewController.h */,
				BCABE0400DD932A100DE580A /* RootViewController.m */,
				BC0211F50DC15D9800BA97BB /* NewDatabaseViewController.h */,
				BC0211F60DC15D9800BA97BB /* NewDatabaseViewController.m */,
			);
			name = "View Controllers";
			sourceTree = "<group>";
		};
		BCB3498F0E6FE8B6000DF454 /* Trends */ = {
			isa = PBXGroup;
			children = (
				BC749EEA10E33EC8001E8030 /* EWTrendButton.h */,
				BC749EEB10E33EC8001E8030 /* EWTrendButton.m */,
				BCA7D0BB0D9DF90C00C6B7D9 /* TrendViewController.h */,
				BCA7D0BC0D9DF90C00C6B7D9 /* TrendViewController.m */,
				BC6FF1AC0E774B3B000BABED /* TrendSpan.h */,
				BC6FF1AD0E774B3B000BABED /* TrendSpan.m */,
				BC69B4890DB86D1300E4A333 /* SlopeComputer.h */,
				BC69B48A0DB86D1300E4A333 /* SlopeComputer.m */,
				BC749EC010E31425001E8030 /* TrendView.xib */,
			);
			name = Trends;
			sourceTree = "<group>";
		};
		BCB349900E6FE8C5000DF454 /* Goal */ = {
			isa = PBXGroup;
			children = (
				BCB18CAF0E5A9DD70055F91E /* EWGoal.h */,
				BCB18CB00E5A9DD70055F91E /* EWGoal.m */,
				BC51B9A00E3B023E00D3B4C1 /* GoalViewController.h */,
				BC51B9A10E3B023E00D3B4C1 /* GoalViewController.m */,
			);
			name = Goal;
			sourceTree = "<group>";
		};
		BCB349910E6FE8CE000DF454 /* More */ = {
			isa = PBXGroup;
			children = (
				BCFB10FE0E26828D0059D732 /* MoreViewController.h */,
				BCFB10FF0E26828D0059D732 /* MoreViewController.m */,
				BC9108ED0E36DDBA007B7941 /* PasscodeEntryViewController.h */,
				BC9108EE0E36DDBA007B7941 /* PasscodeEntryViewController.m */,
				BC9108E90E36901E007B7941 /* PasscodeView.xib */,
				BCB36DF90ECEDF3F00AAB7DF /* HeightEntryViewController.h */,
				BCB36DFA0ECEDF3F00AAB7DF /* HeightEntryViewController.m */,
				BCB36E0A0ECEE00D00AAB7DF /* HeightEntryView.xib */,
			);
			name = More;
			sourceTree = "<group>";
		};
		BCB36E090ECEDFAB00AAB7DF /* Weigh-in */ = {
			isa = PBXGroup;
			children = (
				BC24A7530E25DEAB0074FD4C /* LogEntryView.xib */,
				BC5CCFC90D9F850A00B88515 /* LogEntryViewController.h */,
				BC5CCFCA0D9F850A00B88515 /* LogEntryViewController.m */,
				BC4F26790EDE67900010B5BE /* BRTextView.h */,
				BC4F267A0EDE67900010B5BE /* BRTextView.m */,
				BCE6075110E01C0100819E77 /* RungEntryView.xib */,
				BCE6075410E0227000819E77 /* RungEntryViewController.h */,
				BCE6075510E0227000819E77 /* RungEntryViewController.m */,
			);
			name = "Weigh-in";
			sourceTree = "<group>";
		};
		BCEADAD60DE29D1B0017495E /* Web */ = {
			isa = PBXGroup;
			children = (
				BC6A8E9E0FEECB5B002F6BE9 /* BRReachability.h */,
				BC6A8E9F0FEECB5B002F6BE9 /* BRReachability.m */,
				BC6A8E770FEEAAE8002F6BE9 /* EWWiFiAccessViewController.h */,
				BC6A8E780FEEAAE8002F6BE9 /* EWWiFiAccessViewController.m */,
				BC6A8E7A0FEEAAFE002F6BE9 /* EWWiFiAccessView.xib */,
				BC04131510DB8024008FCB11 /* CSVExporter.h */,
				BC04131610DB8024008FCB11 /* CSVExporter.m */,
				BC04131810DB804B008FCB11 /* EWExporter.h */,
				BC04131910DB804B008FCB11 /* EWExporter.m */,
				BCE6082310E03E7F00819E77 /* EWImporter.h */,
				BCE6082410E03E7F00819E77 /* EWImporter.m */,
				BC0CE4610DDC0F6300AB8899 /* DataSearch.h */,
				BC0CE4620DDC0F6300AB8899 /* DataSearch.m */,
				BC871F190DC7BE5A009312BA /* MicroWebServer.h */,
				BC871F1A0DC7BE5A009312BA /* MicroWebServer.m */,
				BCEADADA0DE2A3BE0017495E /* FormDataParser.h */,
				BCEADADB0DE2A3BE0017495E /* FormDataParser.m */,
				BC8B86070DDF920100045F01 /* CSVWriter.h */,
				BC8B86080DDF920100045F01 /* CSVWriter.m */,
				BC8B86120DDF9D5A00045F01 /* CSVReader.h */,
				BC8B86130DDF9D5A00045F01 /* CSVReader.m */,
			);
			name = Web;
			sourceTree = "<group>";
		};
		BCF52BCF10D075930017C3A1 /* Localizables */ = {
			isa = PBXGroup;
			children = (
				BC65EBB40DEBA6140008E677 /* Localizable.strings */,
				BC65EBBC0DEBA9A20008E677 /* TrendSpans.plist */,
				BC47221A0DE368170081F576 /* home.html */,
				BC4722290DE3692C0081F576 /* importPending.html */,
				BC47222B0DE3692C0081F576 /* importNoData.html */,
				BC47222D0DE3692C0081F576 /* importAccepted.html */,
				BC04126110DA0D32008FCB11 /* import.html */,
			);
			name = Localizables;
			path = Images;
			sourceTree = "<group>";
		};
		BCF52BD110D075BC0017C3A1 /* Resources */ = {
			isa = PBXGroup;
			children = (
				BCD4C0A00FEFFF9F00E770B7 /* fatwatch.css */,
				BC04126910DA0DD3008FCB11 /* fatwatch.js */,
				BCC4E54110D4D07E00E4C1A3 /* DBCreate1.sql */,
				BC9BDEAF0DA9D19D0004E70C /* DBCreate2.sql */,
				BCC4E51B10D4CC6D00E4C1A3 /* DBCreate3.sql */,
				BCF52BD510D0762E0017C3A1 /* DBUpgrade2.sql */,
				BCF52C0F10D0A1000017C3A1 /* DBUpgrade3.sql */,
				BCC4E99010D61FE600E4C1A3 /* ColorPalette.plist */,
				BC04131110DB7AD9008FCB11 /* WebResources.plist */,
				BC04150910DD8AE3008FCB11 /* MoreDefaults.plist */,
			);
			path = Resources;
			sourceTree = "<group>";
		};
		BCF52C7010D0AE590017C3A1 /* Data */ = {
			isa = PBXGroup;
			children = (
				BCF52C7110D0AE680017C3A1 /* SQLiteDatabase.h */,
				BCF52C7210D0AE680017C3A1 /* SQLiteDatabase.m */,
				BCF52C7310D0AE680017C3A1 /* SQLiteStatement.h */,
				BCF52C7410D0AE680017C3A1 /* SQLiteStatement.m */,
				BCF52C7710D0AEA20017C3A1 /* EWDatabase.h */,
				BCF52C7810D0AEA20017C3A1 /* EWDatabase.m */,
				BCF52C7A10D0AEB70017C3A1 /* EWDBMonth.h */,
				BCF52C7B10D0AEB70017C3A1 /* EWDBMonth.m */,
			);
			name = Data;
			path = Classes;
			sourceTree = "<group>";
		};
/* End PBXGroup section */

/* Begin PBXNativeTarget section */
		1D6058900D05DD3D006BFB54 /* FatWatch */ = {
			isa = PBXNativeTarget;
			buildConfigurationList = 1D6058960D05DD3E006BFB54 /* Build configuration list for PBXNativeTarget "FatWatch" */;
			buildPhases = (
				1D60588D0D05DD3D006BFB54 /* Resources */,
				BC263C330DB56AF9007D03F4 /* Copy Files into Settings */,
				BC263C650DB57671007D03F4 /* Copy Files into Settings:en */,
				BC3384F30DE7C89A001F1052 /* Run Script (Prepare HTML) */,
				BC04110A10D9D720008FCB11 /* Run Script (gzip resources) */,
				BC9BDEAE0DA9D16A0004E70C /* Run Script (Create DB) */,
				BCC9C1740F14115F006367AE /* Run Script (Defaults.plist) */,
				BCEBA8060E691F6F0078D7B5 /* Run Script (cp Icon._png) */,
				1D60588E0D05DD3D006BFB54 /* Sources */,
				1D60588F0D05DD3D006BFB54 /* Frameworks */,
			);
			buildRules = (
			);
			dependencies = (
				BCF52AEC10D067170017C3A1 /* PBXTargetDependency */,
			);
			name = FatWatch;
			productName = EatWatch;
			productReference = 1D6058910D05DD3D006BFB54 /* FatWatch-Debug.app */;
			productType = "com.apple.product-type.application";
		};
		BCF52ACE10D066540017C3A1 /* UnitTests */ = {
			isa = PBXNativeTarget;
			buildConfigurationList = BCF52AD410D066550017C3A1 /* Build configuration list for PBXNativeTarget "UnitTests" */;
			buildPhases = (
				BCF6ED5D10E09B5600139F20 /* ShellScript */,
				BCF52ACA10D066540017C3A1 /* Resources */,
				BCF52ACB10D066540017C3A1 /* Sources */,
				BCF52ACC10D066540017C3A1 /* Frameworks */,
				BCF52ACD10D066540017C3A1 /* ShellScript */,
			);
			buildRules = (
			);
			dependencies = (
			);
			name = UnitTests;
			productName = UnitTests;
			productReference = BCF52ACF10D066540017C3A1 /* UnitTests.octest */;
			productType = "com.apple.product-type.bundle";
		};
/* End PBXNativeTarget section */

/* Begin PBXProject section */
		29B97313FDCFA39411CA2CEA /* Project object */ = {
			isa = PBXProject;
			buildConfigurationList = C01FCF4E08A954540054247B /* Build configuration list for PBXProject "EatWatch" */;
			compatibilityVersion = "Xcode 3.1";
			developmentRegion = en;
			hasScannedForEncodings = 1;
			knownRegions = (
				de,
				en,
				es,
				fr,
				jp,
			);
			mainGroup = 29B97314FDCFA39411CA2CEA /* CustomTemplate */;
			projectDirPath = "";
			projectRoot = "";
			targets = (
				BCF52ACE10D066540017C3A1 /* UnitTests */,
				1D6058900D05DD3D006BFB54 /* FatWatch */,
			);
		};
/* End PBXProject section */

/* Begin PBXResourcesBuildPhase section */
		1D60588D0D05DD3D006BFB54 /* Resources */ = {
			isa = PBXResourcesBuildPhase;
			buildActionMask = 2147483647;
			files = (
				BC65EBB50DEBA6140008E677 /* Localizable.strings in Resources */,
				BC65EBBD0DEBA9A20008E677 /* TrendSpans.plist in Resources */,
				BC24A49A0E24879D0074FD4C /* Icon.png in Resources */,
				BC24A7540E25DEAB0074FD4C /* LogEntryView.xib in Resources */,
				BC5CB37C0E27E5DA00A3B11C /* TabIconLog.png in Resources */,
				BC5CB37E0E27E5DA00A3B11C /* TabIconTrend.png in Resources */,
				BC9108EA0E36901E007B7941 /* PasscodeView.xib in Resources */,
				BC2806C80E3CF72600986341 /* TabIconGoal.png in Resources */,
				BCB36E420ECEE7AC00AAB7DF /* HeightEntryView.xib in Resources */,
				BC4F25FF0EDD333A0010B5BE /* LogViewController.xib in Resources */,
				BCD8BE430EF081EC005639DD /* Passcode0.png in Resources */,
				BCD8BE440EF081EC005639DD /* Passcode1.png in Resources */,
				BCF329750EFF629500D31E49 /* GraphView.xib in Resources */,
				BC909D670F16F8CC0090472C /* Default.png in Resources */,
				BC6A8E7B0FEEAAFE002F6BE9 /* EWWiFiAccessView.xib in Resources */,
				BCF52BD610D0762E0017C3A1 /* DBUpgrade2.sql in Resources */,
				BCF52C1010D0A1000017C3A1 /* DBUpgrade3.sql in Resources */,
				BCC4E54210D4D07E00E4C1A3 /* DBCreate1.sql in Resources */,
				BCC4E99110D61FE600E4C1A3 /* ColorPalette.plist in Resources */,
				BC040FE710D99048008FCB11 /* Flag1Button0.png in Resources */,
				BC040FE810D99048008FCB11 /* Flag1Button1.png in Resources */,
				BC040FE910D99048008FCB11 /* Flag2Button0.png in Resources */,
				BC040FEA10D99048008FCB11 /* Flag2Button1.png in Resources */,
				BC040FEB10D99048008FCB11 /* Flag3Button0.png in Resources */,
				BC040FEC10D99048008FCB11 /* Flag3Button1.png in Resources */,
				BC040FED10D99048008FCB11 /* Flag4Button0.png in Resources */,
				BC040FEE10D99048008FCB11 /* Flag4Button1.png in Resources */,
				BC04131210DB7AD9008FCB11 /* WebResources.plist in Resources */,
				BC04150A10DD8AE3008FCB11 /* MoreDefaults.plist in Resources */,
				BCE6075210E01C0100819E77 /* RungEntryView.xib in Resources */,
				BC749EC110E31425001E8030 /* TrendView.xib in Resources */,
				BC749EC810E31E9D001E8030 /* TriangleDown.png in Resources */,
				BC749EC910E31E9D001E8030 /* TriangleUp.png in Resources */,
				BCC485D610F2700300563776 /* NavButton0.png in Resources */,
				BCC485D710F2700300563776 /* NavButton1.png in Resources */,
			);
			runOnlyForDeploymentPostprocessing = 0;
		};
		BCF52ACA10D066540017C3A1 /* Resources */ = {
			isa = PBXResourcesBuildPhase;
			buildActionMask = 2147483647;
			files = (
				BCF52CDC10D0D6F70017C3A1 /* DBUpgrade2.sql in Resources */,
				BCF52CDD10D0D6F70017C3A1 /* DBUpgrade3.sql in Resources */,
				BCC4E51D10D4CC6D00E4C1A3 /* DBCreate3.sql in Resources */,
				BCC4E52F10D4CE0700E4C1A3 /* DBCreate2.sql in Resources */,
				BCC4E54310D4D07E00E4C1A3 /* DBCreate1.sql in Resources */,
			);
			runOnlyForDeploymentPostprocessing = 0;
		};
/* End PBXResourcesBuildPhase section */

/* Begin PBXShellScriptBuildPhase section */
		BC04110A10D9D720008FCB11 /* Run Script (gzip resources) */ = {
			isa = PBXShellScriptBuildPhase;
			buildActionMask = 2147483647;
			files = (
			);
			inputPaths = (
				"$(SRCROOT)/Resources/fatwatch.css",
				"$(SRCROOT)/jQuery/jquery-1.3.2.min.js",
				"$(SRCROOT)/Resources/fatwatch.js",
			);
			name = "Run Script (gzip resources)";
			outputPaths = (
				"$(BUILT_PRODUCTS_DIR)/$(WRAPPER_NAME)/fatwatch.css.gz",
				"$(BUILT_PRODUCTS_DIR)/$(WRAPPER_NAME)/jquery.js.gz",
				"$(BUILT_PRODUCTS_DIR)/$(WRAPPER_NAME)/fatwatch.js.gz",
			);
			runOnlyForDeploymentPostprocessing = 0;
			shellPath = /bin/sh;
			shellScript = "GZIP_CMD=\"gzip -c -9\"\n\nif [ \"$ACTION\" == \"build\" ]; then\n\tfor (( i = 0; i < $SCRIPT_INPUT_FILE_COUNT; i++ )); do\n\t\tSIF_NAME=\"SCRIPT_INPUT_FILE_$i\"\n\t\tSOF_NAME=\"SCRIPT_OUTPUT_FILE_$i\"\n\t\tSIF=${!SIF_NAME}\n\t\tSOF=${!SOF_NAME}\n\t\t$GZIP_CMD $SIF > $SOF\n\t\tdu -h $SIF $SOF\n\tdone\nfi\n\nif [ \"$ACTION\" == \"clean\" ]; then\n\tfor (( i = 0; i < $SCRIPT_OUTPUT_FILE_COUNT; i++ )); do\n\t\tSOF_NAME=\"SCRIPT_OUTPUT_FILE_$i\"\n\t\tSOF=${!SOF_NAME}\n\t\tif [ -e $SOF ]; then\n\t\t\techo \"Removing $SOF\"\n\t\tfi\n\tdone\nfi\n";
		};
		BC3384F30DE7C89A001F1052 /* Run Script (Prepare HTML) */ = {
			isa = PBXShellScriptBuildPhase;
			buildActionMask = 2147483647;
			files = (
			);
			inputPaths = (
				"$(SRCROOT)/*.html",
				"$(SRCROOT)/en.lproj/*.html",
			);
			name = "Run Script (Prepare HTML)";
			outputPaths = (
				"$(BUILT_PRODUCTS_DIR)/$(WRAPPER_NAME)/*.html.gz",
				"$(BUILT_PRODUCTS_DIR)/$(WRAPPER_NAME)/en.lproj/*.html.gz",
			);
			runOnlyForDeploymentPostprocessing = 0;
			shellPath = /bin/sh;
			shellScript = "TIDY_CMD=\"tidy -quiet -utf8 --doctype strict --hide-comments yes --wrap 0 --tidy-mark no\"\nGZIP_CMD=\"gzip -c -9\"\n\nif [ \"$ACTION\" == \"build\" ]; then\n\tfor PATTERN in ${!SCRIPT_INPUT_FILE_*}; do\n\t\techo \"Searching ${!PATTERN}\"\n\t\tfor SRC_FILE in ${!PATTERN}; do\n\t\t\tif [ -e $SRC_FILE ]; then\n\t\t\t\techo Processing $SRC_FILE\n\t\t\t\tSRC_BASENAME=${SRC_FILE#$SRCROOT/}\n\t\t\t\tDST_FILE=${BUILT_PRODUCTS_DIR}/${WRAPPER_NAME}/${SRC_BASENAME}.gz\n\t\t\t\t$TIDY_CMD $SRC_FILE | $GZIP_CMD - > $DST_FILE\n\t\t\t\techo Writing $DST_FILE\n\t\t\tfi\n\t\tdone\n\tdone\nfi\n\nif [ \"$ACTION\" == \"clean\" ]; then\n\tfor PATTERN in ${!SCRIPT_OUTPUT_FILE_*}; do\n\t\techo \"Searching ${!PATTERN}\"\n\t\tfor DST_FILE in ${!PATTERN}; do\n\t\t\tif [ -e $DST_FILE ]; then\n\t\t\t\techo \"Removing $DST_FILE\"\n\t\t\t\trm $DST_FILE\n\t\t\tfi\n\t\tdone\n\tdone\nfi\n";
			showEnvVarsInLog = 0;
		};
		BC9BDEAE0DA9D16A0004E70C /* Run Script (Create DB) */ = {
			isa = PBXShellScriptBuildPhase;
			buildActionMask = 2147483647;
			files = (
			);
			inputPaths = (
				"$(SRCROOT)/Resources/DBCreate3.sql",
			);
			name = "Run Script (Create DB)";
			outputPaths = (
				"$(BUILT_PRODUCTS_DIR)/$(WRAPPER_NAME)/WeightData.db",
			);
			runOnlyForDeploymentPostprocessing = 0;
			shellPath = /bin/sh;
			shellScript = "SQL_FILE=$SCRIPT_INPUT_FILE_0\nDATABASE_FILE=$SCRIPT_OUTPUT_FILE_0\n\necho Reading $SQL_FILE\necho Generating $DATABASE_FILE\n\nif [ -e $DATABASE_FILE ]; then rm $DATABASE_FILE; fi\nsqlite3 $DATABASE_FILE < $SQL_FILE\nexit $?\n";
			showEnvVarsInLog = 0;
		};
		BCC9C1740F14115F006367AE /* Run Script (Defaults.plist) */ = {
			isa = PBXShellScriptBuildPhase;
			buildActionMask = 12;
			files = (
			);
			inputPaths = (
				"$(SRCROOT)/Settings/ExtractDefaults.xsl",
				"$(SRCROOT)/Settings/Root.plist",
			);
			name = "Run Script (Defaults.plist)";
			outputPaths = (
				"$(BUILT_PRODUCTS_DIR)/$(WRAPPER_NAME)/Defaults.plist",
			);
			runOnlyForDeploymentPostprocessing = 0;
			shellPath = /bin/sh;
			shellScript = "XSL=$SCRIPT_INPUT_FILE_0\nSETTINGS_PLIST=$SCRIPT_INPUT_FILE_1\nDEFAULTS_PLIST=$SCRIPT_OUTPUT_FILE_0\n\n# --novalid prevents DTD loading, which will fail off the Internet\n\nxsltproc --novalid -o $DEFAULTS_PLIST $XSL $SETTINGS_PLIST\nplutil -convert binary1 $DEFAULTS_PLIST\n";
			showEnvVarsInLog = 0;
		};
		BCEBA8060E691F6F0078D7B5 /* Run Script (cp Icon._png) */ = {
			isa = PBXShellScriptBuildPhase;
			buildActionMask = 2147483647;
			files = (
			);
			inputPaths = (
				"$(SRCROOT)/Images/Icon.png",
			);
			name = "Run Script (cp Icon._png)";
			outputPaths = (
				"$(BUILT_PRODUCTS_DIR)/$(WRAPPER_NAME)/Icon._png",
			);
			runOnlyForDeploymentPostprocessing = 0;
			shellPath = /bin/sh;
			shellScript = "cp ${SRCROOT}/Images/Icon.png ${BUILT_PRODUCTS_DIR}/${WRAPPER_NAME}/Icon._png\n";
			showEnvVarsInLog = 0;
		};
		BCF52ACD10D066540017C3A1 /* ShellScript */ = {
			isa = PBXShellScriptBuildPhase;
			buildActionMask = 2147483647;
			files = (
			);
			inputPaths = (
			);
			outputPaths = (
			);
			runOnlyForDeploymentPostprocessing = 0;
			shellPath = /bin/sh;
			shellScript = "# Run the unit tests in this test bundle.\n\"${SYSTEM_DEVELOPER_DIR}/Tools/RunUnitTests\"\n";
		};
		BCF6ED5D10E09B5600139F20 /* ShellScript */ = {
			isa = PBXShellScriptBuildPhase;
			buildActionMask = 2147483647;
			files = (
			);
			inputPaths = (
			);
			outputPaths = (
			);
			runOnlyForDeploymentPostprocessing = 0;
			shellPath = /bin/sh;
			shellScript = "find $SRCROOT \\\n\t-type f \\\n\t-name \"*.js\" \\\n\t-not -name \"*jquery*\" \\\n\t-exec /Users/benzado/bin/jslint/jslint.sh \"{}\" \\;\n";
			showEnvVarsInLog = 0;
		};
/* End PBXShellScriptBuildPhase section */

/* Begin PBXSourcesBuildPhase section */
		1D60588E0D05DD3D006BFB54 /* Sources */ = {
			isa = PBXSourcesBuildPhase;
			buildActionMask = 2147483647;
			files = (
				1D60589B0D05DD56006BFB54 /* main.m in Sources */,
				1D3623260D0F684500981E51 /* EatWatchAppDelegate.m in Sources */,
				BCA7D0B60D9DF88200C6B7D9 /* LogViewController.m in Sources */,
				BCA7D0B90D9DF8D700C6B7D9 /* GraphViewController.m in Sources */,
				BCA7D0BD0D9DF90C00C6B7D9 /* TrendViewController.m in Sources */,
				BC8272DD0D9EAF8900A24663 /* LogTableViewCell.m in Sources */,
				BC5CCFCB0D9F850A00B88515 /* LogEntryViewController.m in Sources */,
				BC1F83B90DB150B800DA88E6 /* EWDate.m in Sources */,
				BC69B48B0DB86D1300E4A333 /* SlopeComputer.m in Sources */,
				BC0211F70DC15D9800BA97BB /* NewDatabaseViewController.m in Sources */,
				BCABE0410DD932A100DE580A /* RootViewController.m in Sources */,
				BC5590EB0DDA41B7001EEF98 /* MicroWebServer.m in Sources */,
				BC0CE4630DDC0F6300AB8899 /* DataSearch.m in Sources */,
				BC8B86090DDF920100045F01 /* CSVWriter.m in Sources */,
				BC8B86140DDF9D5A00045F01 /* CSVReader.m in Sources */,
				BCEADADC0DE2A3BE0017495E /* FormDataParser.m in Sources */,
				BCFB11000E26828D0059D732 /* MoreViewController.m in Sources */,
				BC9108EF0E36DDBA007B7941 /* PasscodeEntryViewController.m in Sources */,
				BC51B8920E3ACACC00D3B4C1 /* BRTableRow.m in Sources */,
				BC51B8930E3ACACC00D3B4C1 /* BRTableSection.m in Sources */,
				BC51B8940E3ACACC00D3B4C1 /* BRTableViewController.m in Sources */,
				BC51B89A0E3ACB9A00D3B4C1 /* BRTableButtonRow.m in Sources */,
				BC51B8E40E3AD5B300D3B4C1 /* BRTableSwitchRow.m in Sources */,
				BC51B9A20E3B023E00D3B4C1 /* GoalViewController.m in Sources */,
				BC51B9D20E3B08C500D3B4C1 /* BRTableValueRow.m in Sources */,
				BC51B9D50E3B0C0200D3B4C1 /* BRTableDatePickerRow.m in Sources */,
				BCE21B200E3BAFCE00E94F6C /* BRTableNumberPickerRow.m in Sources */,
				BC78DA2E0E51533D0094ECBD /* YAxisView.m in Sources */,
				BCB18CB10E5A9DD70055F91E /* EWGoal.m in Sources */,
				BC82AE9A0E6FC77200E2A693 /* GraphDrawingOperation.m in Sources */,
				BC82AF330E6FD13A00E2A693 /* GraphView.m in Sources */,
				BC6FF1AF0E774B3C000BABED /* TrendSpan.m in Sources */,
				BCB36E410ECEE7AC00AAB7DF /* HeightEntryViewController.m in Sources */,
				BC4F267B0EDE67900010B5BE /* BRTextView.m in Sources */,
				BCD8BE890EF088C3005639DD /* BRMixedNumberFormatter.m in Sources */,
				BCD8BF9D0EF0B76A005639DD /* BRRangeColorFormatter.m in Sources */,
				BC9A2E850F15B43E00A284E7 /* BRRoundRectView.m in Sources */,
				BC6A8E790FEEAAE8002F6BE9 /* EWWiFiAccessViewController.m in Sources */,
				BC6A8EA00FEECB5B002F6BE9 /* BRReachability.m in Sources */,
				BCF52C7510D0AE680017C3A1 /* SQLiteDatabase.m in Sources */,
				BCF52C7610D0AE680017C3A1 /* SQLiteStatement.m in Sources */,
				BCF52C7910D0AEA20017C3A1 /* EWDatabase.m in Sources */,
				BCF52C7C10D0AEB70017C3A1 /* EWDBMonth.m in Sources */,
				BCC4E6CE10D58C9E00E4C1A3 /* BRPopUpViewController.m in Sources */,
				BCC4E6DA10D5934800E4C1A3 /* LogInfoPickerController.m in Sources */,
				BCC4E6DD10D5935E00E4C1A3 /* LogDatePickerController.m in Sources */,
				BCC4E99A10D6207B00E4C1A3 /* BRColorPalette.m in Sources */,
				BC04130E10DB718C008FCB11 /* BRJSON.m in Sources */,
				BC04131710DB8024008FCB11 /* CSVExporter.m in Sources */,
				BC04131A10DB804B008FCB11 /* EWExporter.m in Sources */,
				BC04159A10DE1656008FCB11 /* NSUserDefaults+EWAdditions.m in Sources */,
				BC0415B110DE20D7008FCB11 /* EWWeightFormatter.m in Sources */,
				BC04162E10DE46E4008FCB11 /* EWWeightChangeFormatter.m in Sources */,
				BCE6075610E0227000819E77 /* RungEntryViewController.m in Sources */,
				BCE6082510E03E7F00819E77 /* EWImporter.m in Sources */,
				BC749EEC10E33EC8001E8030 /* EWTrendButton.m in Sources */,
			);
			runOnlyForDeploymentPostprocessing = 0;
		};
		BCF52ACB10D066540017C3A1 /* Sources */ = {
			isa = PBXSourcesBuildPhase;
			buildActionMask = 2147483647;
			files = (
				BCF52AD810D066790017C3A1 /* CSVReaderTest.m in Sources */,
				BCF52AD910D066790017C3A1 /* DatabaseTest.m in Sources */,
				BCF52ADA10D066790017C3A1 /* EWDateTest.m in Sources */,
				BCF52AE110D066E30017C3A1 /* EWDate.m in Sources */,
				BCF52AE210D066ED0017C3A1 /* CSVReader.m in Sources */,
				BCF52B4110D068C40017C3A1 /* BRMixedNumberFormatterTest.m in Sources */,
				BCF52B6410D06AAC0017C3A1 /* BRMixedNumberFormatter.m in Sources */,
				BCF52CAA10D0D0420017C3A1 /* EWDBMonth.m in Sources */,
				BCF52CAB10D0D0430017C3A1 /* EWDatabase.m in Sources */,
				BCF52CAE10D0D04F0017C3A1 /* SQLiteDatabase.m in Sources */,
				BCF52CAF10D0D0500017C3A1 /* SQLiteStatement.m in Sources */,
				BC0413B910DC50E6008FCB11 /* FormDataParser.m in Sources */,
				BC0413BA10DC50F0008FCB11 /* FormDataParserTest.m in Sources */,
				BC0413D610DC51AC008FCB11 /* DataSearch.m in Sources */,
			);
			runOnlyForDeploymentPostprocessing = 0;
		};
/* End PBXSourcesBuildPhase section */

/* Begin PBXTargetDependency section */
		BCF52AEC10D067170017C3A1 /* PBXTargetDependency */ = {
			isa = PBXTargetDependency;
			target = BCF52ACE10D066540017C3A1 /* UnitTests */;
			targetProxy = BCF52AEB10D067170017C3A1 /* PBXContainerItemProxy */;
		};
/* End PBXTargetDependency section */

/* Begin PBXVariantGroup section */
		BC04126110DA0D32008FCB11 /* import.html */ = {
			isa = PBXVariantGroup;
			children = (
				BC04125E10DA0D2E008FCB11 /* en */,
			);
			name = import.html;
			sourceTree = "<group>";
		};
		BC24A7530E25DEAB0074FD4C /* LogEntryView.xib */ = {
			isa = PBXVariantGroup;
			children = (
				BC24A7510E25DEA60074FD4C /* en */,
			);
			name = LogEntryView.xib;
			sourceTree = "<group>";
		};
		BC47221A0DE368170081F576 /* home.html */ = {
			isa = PBXVariantGroup;
			children = (
				BC0CE4160DDBE10F00AB8899 /* en */,
			);
			name = home.html;
			path = ..;
			sourceTree = "<group>";
		};
		BC4722290DE3692C0081F576 /* importPending.html */ = {
			isa = PBXVariantGroup;
			children = (
				BC4722250DE368E80081F576 /* en */,
			);
			name = importPending.html;
			path = ..;
			sourceTree = "<group>";
		};
		BC47222B0DE3692C0081F576 /* importNoData.html */ = {
			isa = PBXVariantGroup;
			children = (
				BC4722270DE369010081F576 /* en */,
			);
			name = importNoData.html;
			path = ..;
			sourceTree = "<group>";
		};
		BC47222D0DE3692C0081F576 /* importAccepted.html */ = {
			isa = PBXVariantGroup;
			children = (
				BC4722230DE368C80081F576 /* en */,
			);
			name = importAccepted.html;
			path = ..;
			sourceTree = "<group>";
		};
		BC65EBB40DEBA6140008E677 /* Localizable.strings */ = {
			isa = PBXVariantGroup;
			children = (
				BC65EBB10DEBA5F90008E677 /* en */,
			);
			name = Localizable.strings;
			path = ..;
			sourceTree = "<group>";
		};
		BC65EBBC0DEBA9A20008E677 /* TrendSpans.plist */ = {
			isa = PBXVariantGroup;
			children = (
				BC65EBBA0DEBA8FE0008E677 /* en */,
			);
			name = TrendSpans.plist;
			path = ..;
			sourceTree = "<group>";
		};
		BCE6075110E01C0100819E77 /* RungEntryView.xib */ = {
			isa = PBXVariantGroup;
			children = (
				BCE6074F10E01BFC00819E77 /* en */,
			);
			name = RungEntryView.xib;
			sourceTree = "<group>";
		};
/* End PBXVariantGroup section */

/* Begin XCBuildConfiguration section */
		1D6058940D05DD3E006BFB54 /* Debug */ = {
			isa = XCBuildConfiguration;
			buildSettings = {
				BUNDLE_DISPLAY_NAME = "FatWatch ∂";
				BUNDLE_IDENTIFIER = com.benzado.FatWatch.debug;
				COPY_PHASE_STRIP = NO;
				GCC_DYNAMIC_NO_PIC = NO;
				GCC_ENABLE_FIX_AND_CONTINUE = NO;
				GCC_OPTIMIZATION_LEVEL = 0;
				GCC_PRECOMPILE_PREFIX_HEADER = YES;
				GCC_PREFIX_HEADER = EatWatch_Prefix.pch;
				INFOPLIST_FILE = Info.plist;
				PREBINDING = NO;
				PRODUCT_NAME = "FatWatch-Debug";
			};
			name = Debug;
		};
		BC2CBA700EC988A8002087B7 /* AdHoc */ = {
			isa = XCBuildConfiguration;
			buildSettings = {
				ARCHS = "$(ARCHS_STANDARD_32_BIT)";
				BUILD_NUMBER = 0;
				"CODE_SIGN_ENTITLEMENTS[sdk=iphoneos*]" = Entitlements.plist;
				"CODE_SIGN_IDENTITY[sdk=iphoneos*]" = "iPhone Distribution: Benjamin Ragheb";
				PREBINDING = NO;
				"PROVISIONING_PROFILE[sdk=iphoneos*]" = "BD269AEC-3E91-4F92-9D54-A6D313E9BB68";
				SDKROOT = iphoneos3.0;
			};
			name = AdHoc;
		};
		BC2CBA710EC988A8002087B7 /* AdHoc */ = {
			isa = XCBuildConfiguration;
			buildSettings = {
				BUNDLE_DISPLAY_NAME = "FatWatch β";
				BUNDLE_IDENTIFIER = com.benzado.FatWatch.beta;
				COPY_PHASE_STRIP = YES;
				GCC_ENABLE_FIX_AND_CONTINUE = NO;
				GCC_PRECOMPILE_PREFIX_HEADER = YES;
				GCC_PREFIX_HEADER = EatWatch_Prefix.pch;
				INFOPLIST_FILE = Info.plist;
				PREBINDING = NO;
				PRODUCT_NAME = "FatWatch-Beta";
			};
			name = AdHoc;
		};
		BCDCEB7F0E28150A00185857 /* AppStore */ = {
			isa = XCBuildConfiguration;
			buildSettings = {
				ARCHS = "$(ARCHS_STANDARD_32_BIT)";
				BUILD_NUMBER = 0;
				"CODE_SIGN_IDENTITY[sdk=iphoneos*]" = "iPhone Distribution: Benjamin Ragheb";
				PREBINDING = NO;
				"PROVISIONING_PROFILE[sdk=iphoneos*]" = "1EE480A3-9698-45DA-9D06-109F575D0FD5";
				SDKROOT = iphoneos3.0;
			};
			name = AppStore;
		};
		BCDCEB800E28150A00185857 /* AppStore */ = {
			isa = XCBuildConfiguration;
			buildSettings = {
				BUNDLE_DISPLAY_NAME = FatWatch;
				BUNDLE_IDENTIFIER = com.benzado.FatWatch;
				COPY_PHASE_STRIP = YES;
				GCC_ENABLE_FIX_AND_CONTINUE = NO;
				GCC_PRECOMPILE_PREFIX_HEADER = YES;
				GCC_PREFIX_HEADER = EatWatch_Prefix.pch;
				INFOPLIST_FILE = Info.plist;
				PREBINDING = NO;
				PRODUCT_NAME = FatWatch;
			};
			name = AppStore;
		};
		BCF52AD110D066550017C3A1 /* Debug */ = {
			isa = XCBuildConfiguration;
			buildSettings = {
				ALWAYS_SEARCH_USER_PATHS = NO;
				COPY_PHASE_STRIP = NO;
				FRAMEWORK_SEARCH_PATHS = (
					"\"$(SDKROOT)/Developer/Library/Frameworks\"",
					"\"$(DEVELOPER_LIBRARY_DIR)/Frameworks\"",
				);
				GCC_DYNAMIC_NO_PIC = NO;
				GCC_ENABLE_FIX_AND_CONTINUE = NO;
				GCC_ENABLE_OBJC_EXCEPTIONS = YES;
				GCC_OPTIMIZATION_LEVEL = 0;
				INFOPLIST_FILE = "UnitTests/UnitTests-Info.plist";
				OTHER_LDFLAGS = (
					"-framework",
					Foundation,
					"-framework",
					SenTestingKit,
					"-framework",
					UIKit,
				);
				PREBINDING = NO;
				PRODUCT_NAME = UnitTests;
				WRAPPER_EXTENSION = octest;
			};
			name = Debug;
		};
		BCF52AD210D066550017C3A1 /* AdHoc */ = {
			isa = XCBuildConfiguration;
			buildSettings = {
				ALWAYS_SEARCH_USER_PATHS = NO;
				FRAMEWORK_SEARCH_PATHS = (
					"\"$(SDKROOT)/Developer/Library/Frameworks\"",
					"\"$(DEVELOPER_LIBRARY_DIR)/Frameworks\"",
				);
				GCC_ENABLE_FIX_AND_CONTINUE = NO;
				GCC_ENABLE_OBJC_EXCEPTIONS = YES;
				INFOPLIST_FILE = "UnitTests/UnitTests-Info.plist";
				OTHER_LDFLAGS = (
					"-framework",
					Foundation,
					"-framework",
					SenTestingKit,
					"-framework",
					UIKit,
				);
				PREBINDING = NO;
				PRODUCT_NAME = UnitTests;
				WRAPPER_EXTENSION = octest;
			};
			name = AdHoc;
		};
		BCF52AD310D066550017C3A1 /* AppStore */ = {
			isa = XCBuildConfiguration;
			buildSettings = {
				ALWAYS_SEARCH_USER_PATHS = NO;
				FRAMEWORK_SEARCH_PATHS = (
					"\"$(SDKROOT)/Developer/Library/Frameworks\"",
					"\"$(DEVELOPER_LIBRARY_DIR)/Frameworks\"",
				);
				GCC_ENABLE_FIX_AND_CONTINUE = NO;
				GCC_ENABLE_OBJC_EXCEPTIONS = YES;
				INFOPLIST_FILE = "UnitTests/UnitTests-Info.plist";
				OTHER_LDFLAGS = (
					"-framework",
					Foundation,
					"-framework",
					SenTestingKit,
					"-framework",
					UIKit,
				);
				PREBINDING = NO;
				PRODUCT_NAME = UnitTests;
				WRAPPER_EXTENSION = octest;
			};
			name = AppStore;
		};
		C01FCF4F08A954540054247B /* Debug */ = {
			isa = XCBuildConfiguration;
			buildSettings = {
				ALWAYS_SEARCH_USER_PATHS = NO;
				ARCHS = "$(ARCHS_STANDARD_32_BIT)";
				BUILD_NUMBER = 0;
				"CODE_SIGN_IDENTITY[sdk=iphoneos*]" = "iPhone Developer";
				GCC_C_LANGUAGE_STANDARD = c99;
				GCC_WARN_ABOUT_RETURN_TYPE = YES;
				GCC_WARN_UNUSED_VARIABLE = YES;
				ONLY_ACTIVE_ARCH = YES;
				PREBINDING = NO;
				SDKROOT = iphoneos3.0;
			};
			name = Debug;
		};
/* End XCBuildConfiguration section */

/* Begin XCConfigurationList section */
		1D6058960D05DD3E006BFB54 /* Build configuration list for PBXNativeTarget "FatWatch" */ = {
			isa = XCConfigurationList;
			buildConfigurations = (
				1D6058940D05DD3E006BFB54 /* Debug */,
				BC2CBA710EC988A8002087B7 /* AdHoc */,
				BCDCEB800E28150A00185857 /* AppStore */,
			);
			defaultConfigurationIsVisible = 0;
			defaultConfigurationName = AppStore;
		};
		BCF52AD410D066550017C3A1 /* Build configuration list for PBXNativeTarget "UnitTests" */ = {
			isa = XCConfigurationList;
			buildConfigurations = (
				BCF52AD110D066550017C3A1 /* Debug */,
				BCF52AD210D066550017C3A1 /* AdHoc */,
				BCF52AD310D066550017C3A1 /* AppStore */,
			);
			defaultConfigurationIsVisible = 0;
			defaultConfigurationName = AppStore;
		};
		C01FCF4E08A954540054247B /* Build configuration list for PBXProject "EatWatch" */ = {
			isa = XCConfigurationList;
			buildConfigurations = (
				C01FCF4F08A954540054247B /* Debug */,
				BC2CBA700EC988A8002087B7 /* AdHoc */,
				BCDCEB7F0E28150A00185857 /* AppStore */,
			);
			defaultConfigurationIsVisible = 0;
			defaultConfigurationName = AppStore;
		};
/* End XCConfigurationList section */
	};
	rootObject = 29B97313FDCFA39411CA2CEA /* Project object */;
}
